<?xml version="1.0" encoding="utf-8"?>
<Project ToolsVersion="4.0" xmlns="http://schemas.microsoft.com/developer/msbuild/2003">
  <ItemGroup>
    <Filter Include="连接管理">
      <UniqueIdentifier>{527c04ce-6b52-4a73-82a5-bc11c199a7a0}</UniqueIdentifier>
    </Filter>
    <Filter Include="框架">
      <UniqueIdentifier>{835337ce-e5ab-441b-9cf3-e1ba710a1dfb}</UniqueIdentifier>
    </Filter>
    <Filter Include="对象">
      <UniqueIdentifier>{5f192a53-a63c-45c3-8666-74a2823bd849}</UniqueIdentifier>
    </Filter>
    <Filter Include="时间">
      <UniqueIdentifier>{ab6a20b9-c1f1-4959-b2ba-e95da6ca0c28}</UniqueIdentifier>
    </Filter>
  </ItemGroup>
  <ItemGroup>
    <ClCompile Include="CConnMgrStress.cpp">
      <Filter>连接管理</Filter>
    </ClCompile>
    <ClCompile Include="CConnStress.cpp">
      <Filter>连接管理</Filter>
    </ClCompile>
    <ClCompile Include="CAppConfigStress.cpp">
      <Filter>框架</Filter>
    </ClCompile>
    <ClCompile Include="CAppStress.cpp">
      <Filter>框架</Filter>
    </ClCompile>
    <ClCompile Include="CTraitsStress.cpp">
      <Filter>框架</Filter>
    </ClCompile>
    <ClCompile Include="stdafx.cpp">
      <Filter>框架</Filter>
    </ClCompile>
    <ClCompile Include="CCoreObjectStress.cpp">
      <Filter>对象</Filter>
    </ClCompile>
    <ClCompile Include="CTimeSystemStress.cpp">
      <Filter>时间</Filter>
    </ClCompile>
  </ItemGroup>
  <ItemGroup>
    <ClInclude Include="..\..\sdk\inc\CConnMgrStress.h">
      <Filter>连接管理</Filter>
    </ClInclude>
    <ClInclude Include="..\..\sdk\inc\CConnStress.h">
      <Filter>连接管理</Filter>
    </ClInclude>
    <ClInclude Include="..\..\sdk\inc\IConnMgrStressHandler.h">
      <Filter>连接管理</Filter>
    </ClInclude>
    <ClInclude Include="..\..\sdk\inc\CAppConfigStress.h">
      <Filter>框架</Filter>
    </ClInclude>
    <ClInclude Include="..\..\sdk\inc\CAppStress.h">
      <Filter>框架</Filter>
    </ClInclude>
    <ClInclude Include="..\..\sdk\inc\CTraitsStress.h">
      <Filter>框架</Filter>
    </ClInclude>
    <ClInclude Include="..\..\sdk\inc\IAppStressHandler.h">
      <Filter>框架</Filter>
    </ClInclude>
    <ClInclude Include="stdafx.h">
      <Filter>框架</Filter>
    </ClInclude>
    <ClInclude Include="..\..\sdk\inc\CCoreObjectStress.h">
      <Filter>对象</Filter>
    </ClInclude>
    <ClInclude Include="CTimeSystemStress.h">
      <Filter>时间</Filter>
    </ClInclude>
  </ItemGroup>
  <ItemGroup>
    <None Include="CConnStress.inl">
      <Filter>连接管理</Filter>
    </None>
  </ItemGroup>
</Project>