<?xml version="1.0" encoding="utf-8"?>
<Project ToolsVersion="4.0" xmlns="http://schemas.microsoft.com/developer/msbuild/2003">
  <ItemGroup>
    <Filter Include="Engine">
      <UniqueIdentifier>{608ac1e1-18c2-4991-bc9b-d79801337e2b}</UniqueIdentifier>
    </Filter>
    <Filter Include="Engine\Foundation">
      <UniqueIdentifier>{2a3d8b24-056b-4f06-bd11-f226fd8f3609}</UniqueIdentifier>
    </Filter>
    <Filter Include="Engine\Foundation\Math">
      <UniqueIdentifier>{6c8f7522-fa7c-4c00-8cbf-6052edbc2fd8}</UniqueIdentifier>
    </Filter>
    <Filter Include="Engine\Foundation\IO">
      <UniqueIdentifier>{f932de9b-a0ed-47dc-bba0-207be1c36e5e}</UniqueIdentifier>
    </Filter>
    <Filter Include="Engine\Foundation\Log">
      <UniqueIdentifier>{5b281673-6612-41d1-a941-5f87ea315ac6}</UniqueIdentifier>
    </Filter>
    <Filter Include="Engine\Render">
      <UniqueIdentifier>{b56c02c3-b8a7-4901-9f0a-7a47defd1ef9}</UniqueIdentifier>
    </Filter>
    <Filter Include="Engine\Render\SceneNode">
      <UniqueIdentifier>{ab391a1c-abca-4eaf-8386-1098685dc156}</UniqueIdentifier>
    </Filter>
    <Filter Include="Engine\Render\SceneNode\MapObject">
      <UniqueIdentifier>{702bb071-2b3c-4d2f-ac2b-a206aa00e5bf}</UniqueIdentifier>
    </Filter>
    <Filter Include="Engine\Render\SceneNode\MapObjectDialog">
      <UniqueIdentifier>{29e103ce-efd9-422f-81c2-9664783b8fa9}</UniqueIdentifier>
    </Filter>
    <Filter Include="Engine\Render\SceneNode\Water">
      <UniqueIdentifier>{e4f38b0f-e4ec-4511-b36f-8ad4fc263411}</UniqueIdentifier>
    </Filter>
    <Filter Include="Engine\Render\SceneNode\Operator">
      <UniqueIdentifier>{166ce244-1cd1-415e-9803-62702acb821b}</UniqueIdentifier>
    </Filter>
    <Filter Include="Engine\Render\GUI">
      <UniqueIdentifier>{69324fc0-5f55-41a9-8f19-09a00e5aa592}</UniqueIdentifier>
    </Filter>
    <Filter Include="Engine\Render\Lighting">
      <UniqueIdentifier>{c5220624-4fbd-4abb-9841-cbe0b34342a0}</UniqueIdentifier>
    </Filter>
    <Filter Include="Engine\Render\TerrainMesh">
      <UniqueIdentifier>{036150fd-df43-4ae0-81d9-ae65db0b2fb9}</UniqueIdentifier>
    </Filter>
    <Filter Include="Engine\Render\TerrainMesh\Scene">
      <UniqueIdentifier>{eea6910f-2a02-4fb5-be83-964aca45dbb9}</UniqueIdentifier>
    </Filter>
    <Filter Include="Engine\Render\TerrainMesh\Scene\Coder">
      <UniqueIdentifier>{7026dc43-c427-4d15-b8d0-57d83f30ae54}</UniqueIdentifier>
    </Filter>
    <Filter Include="Engine\Render\OffLineBaker">
      <UniqueIdentifier>{03d1c3cd-d50c-4a7e-a98e-b6a167bcc4d9}</UniqueIdentifier>
    </Filter>
    <Filter Include="Engine\Render\OffLineBaker\Helper">
      <UniqueIdentifier>{6e88cd53-ce76-46ad-b086-0e395275c7e1}</UniqueIdentifier>
    </Filter>
    <Filter Include="Engine\MapData">
      <UniqueIdentifier>{344900f0-65b7-4d0b-9ff0-3d918f52f41f}</UniqueIdentifier>
    </Filter>
    <Filter Include="Engine\MapData\GameMapData">
      <UniqueIdentifier>{2e36cd2f-3a42-46e3-a0b0-a6d2c5669da0}</UniqueIdentifier>
    </Filter>
    <Filter Include="Engine\MapData\LocalMapData">
      <UniqueIdentifier>{bfb86dd7-a536-4404-9f7d-0a2f3a688d4e}</UniqueIdentifier>
    </Filter>
    <Filter Include="Engine\MapData\Audio">
      <UniqueIdentifier>{c06051ec-79f0-45ba-b9ba-4990b48544d4}</UniqueIdentifier>
    </Filter>
    <Filter Include="Engine\MapData\Login">
      <UniqueIdentifier>{1778ca44-ac71-40e9-95db-c84312ccf561}</UniqueIdentifier>
    </Filter>
    <Filter Include="Engine\MapData\MergeMapData">
      <UniqueIdentifier>{0773c6e8-8acd-49ea-8ec0-7c2249ebcb27}</UniqueIdentifier>
    </Filter>
    <Filter Include="Engine\MapData\MoveMapData">
      <UniqueIdentifier>{db7595d1-808f-401d-af2f-ca1c92157b3f}</UniqueIdentifier>
    </Filter>
    <Filter Include="Engine\MapData\SplitMapData">
      <UniqueIdentifier>{0cda5149-8d41-48ec-a44d-a5d10f49e568}</UniqueIdentifier>
    </Filter>
    <Filter Include="Engine\MapData\MapCommonDataSaver">
      <UniqueIdentifier>{6f025f4b-7f9d-403e-808c-89adda396eff}</UniqueIdentifier>
    </Filter>
    <Filter Include="Engine\MapData\VertexColorData">
      <UniqueIdentifier>{e95d1180-e711-473e-a16a-c89eda2b905d}</UniqueIdentifier>
    </Filter>
    <Filter Include="Engine\MapData\EnlargeMapData">
      <UniqueIdentifier>{f2e2cffc-9c79-4939-828b-c9e8ede11a26}</UniqueIdentifier>
    </Filter>
    <Filter Include="Engine\MapData\LinkRegion">
      <UniqueIdentifier>{96dce361-62d9-46a3-bd17-263163bab647}</UniqueIdentifier>
    </Filter>
    <Filter Include="Engine\MapData\VertexDiffuseData">
      <UniqueIdentifier>{85b20adc-7a4d-4c5a-b111-223f1e031c89}</UniqueIdentifier>
    </Filter>
    <Filter Include="Engine\Camera">
      <UniqueIdentifier>{9438f923-2f46-47c6-bda3-674f7a95f43d}</UniqueIdentifier>
    </Filter>
    <Filter Include="Engine\ChunkMapData">
      <UniqueIdentifier>{2303e16d-917b-401a-a4fb-9dd27eb8a113}</UniqueIdentifier>
    </Filter>
    <Filter Include="Engine\ChunkMapData\TerrainData">
      <UniqueIdentifier>{aed5df8a-00c5-4964-9336-c5fc61a15462}</UniqueIdentifier>
    </Filter>
    <Filter Include="Engine\ChunkMapData\ObjectData">
      <UniqueIdentifier>{7052058b-ca03-4597-b5a2-9eba4e374f26}</UniqueIdentifier>
    </Filter>
    <Filter Include="Engine\ChunkMapData\RegionData">
      <UniqueIdentifier>{19d2d3ee-042a-4b50-aebc-a886a4b5b909}</UniqueIdentifier>
    </Filter>
    <Filter Include="Engine\ChunkMapData\AudioData">
      <UniqueIdentifier>{6f201551-f95c-41c5-aa57-ab6c42a8c71c}</UniqueIdentifier>
    </Filter>
    <Filter Include="Engine\ChunkMapData\LightData">
      <UniqueIdentifier>{7ad34e3d-7ce0-41b8-bf48-1bdb18ee62c8}</UniqueIdentifier>
    </Filter>
    <Filter Include="Engine\ChunkMapData\BlockData">
      <UniqueIdentifier>{e28b4086-1ac2-44c9-915f-4b64dd07729f}</UniqueIdentifier>
    </Filter>
    <Filter Include="Engine\ChunkMapData\ARS_AMP">
      <UniqueIdentifier>{a450d120-1541-4061-82c9-fb8023801c28}</UniqueIdentifier>
    </Filter>
    <Filter Include="Engine\Editor">
      <UniqueIdentifier>{e5708e81-546b-4646-ac6d-79d1a3f9c874}</UniqueIdentifier>
    </Filter>
    <Filter Include="Engine\Editor\LogicEvent">
      <UniqueIdentifier>{d19469c1-16fa-4c9e-81fc-8ef44b8d5367}</UniqueIdentifier>
    </Filter>
    <Filter Include="Engine\Editor\LogicEvent\LogicBrush">
      <UniqueIdentifier>{ac6542b3-a150-4eb1-9573-ef0fdcb9f6d7}</UniqueIdentifier>
    </Filter>
    <Filter Include="Engine\Editor\Command">
      <UniqueIdentifier>{88c0d7f6-f903-448e-aa03-1e193f69bd78}</UniqueIdentifier>
    </Filter>
    <Filter Include="Engine\Editor\Handler">
      <UniqueIdentifier>{146b07a9-2024-4a0f-a41a-12b2ff2c9801}</UniqueIdentifier>
    </Filter>
    <Filter Include="Engine\Editor\Audio">
      <UniqueIdentifier>{c6ac0f51-1862-4c06-ad8b-82d1c6e12f01}</UniqueIdentifier>
    </Filter>
    <Filter Include="Engine\Editor\Effect">
      <UniqueIdentifier>{deb29868-a902-4d26-82ce-dea4525ddaed}</UniqueIdentifier>
    </Filter>
    <Filter Include="Engine\Region">
      <UniqueIdentifier>{adb7ff04-1ff6-4b94-8f85-3a9013a21e95}</UniqueIdentifier>
    </Filter>
    <Filter Include="FormUI">
      <UniqueIdentifier>{507df431-173d-48b1-bfae-db2d12491a0b}</UniqueIdentifier>
    </Filter>
    <Filter Include="NewMapEditor">
      <UniqueIdentifier>{4cefd885-b6c8-454c-81e3-647730c9777d}</UniqueIdentifier>
    </Filter>
    <Filter Include="Main">
      <UniqueIdentifier>{8d895693-f5d2-416c-a6a4-7f4a2aab8d95}</UniqueIdentifier>
    </Filter>
  </ItemGroup>
  <ItemGroup>
    <ClCompile Include="..\MapEditorEngine\MEMath.cpp">
      <Filter>Engine\Foundation\Math</Filter>
    </ClCompile>
    <ClCompile Include="..\MapEditorEngine\AutoSearchFile.cpp">
      <Filter>Engine\Foundation\IO</Filter>
    </ClCompile>
    <ClCompile Include="..\IO\BinaryReader.cpp">
      <Filter>Engine\Foundation\IO</Filter>
    </ClCompile>
    <ClCompile Include="..\IO\BinaryWriter.cpp">
      <Filter>Engine\Foundation\IO</Filter>
    </ClCompile>
    <ClCompile Include="..\IO\FileStream.cpp">
      <Filter>Engine\Foundation\IO</Filter>
    </ClCompile>
    <ClCompile Include="..\IO\IoSystem.cpp">
      <Filter>Engine\Foundation\IO</Filter>
    </ClCompile>
    <ClCompile Include="..\IO\Serializer.cpp">
      <Filter>Engine\Foundation\IO</Filter>
    </ClCompile>
    <ClCompile Include="..\IO\Stream.cpp">
      <Filter>Engine\Foundation\IO</Filter>
    </ClCompile>
    <ClCompile Include="..\MapEditorEngine\OperationLog.cpp">
      <Filter>Engine\Foundation\Log</Filter>
    </ClCompile>
    <ClCompile Include="..\MapEditorEngine\Scene.cpp">
      <Filter>Engine\Render\SceneNode</Filter>
    </ClCompile>
    <ClCompile Include="..\MapEditorEngine\Square.cpp">
      <Filter>Engine\Render\SceneNode</Filter>
    </ClCompile>
    <ClCompile Include="..\MapEditorEngine\WireBox.cpp">
      <Filter>Engine\Render\SceneNode</Filter>
    </ClCompile>
    <ClCompile Include="..\MapEditorEngine\CMapEditAudioObj.cpp">
      <Filter>Engine\Render\SceneNode\MapObject</Filter>
    </ClCompile>
    <ClCompile Include="..\MapEditorEngine\CMapEditEffectObj.cpp">
      <Filter>Engine\Render\SceneNode\MapObject</Filter>
    </ClCompile>
    <ClCompile Include="..\MapEditorEngine\CMapEditLoginObj.cpp">
      <Filter>Engine\Render\SceneNode\MapObject</Filter>
    </ClCompile>
    <ClCompile Include="..\MapEditorEngine\CMapEditModelObj.cpp">
      <Filter>Engine\Render\SceneNode\MapObject</Filter>
    </ClCompile>
    <ClCompile Include="..\MapEditorEngine\CMapEditObject.cpp">
      <Filter>Engine\Render\SceneNode\MapObject</Filter>
    </ClCompile>
    <ClCompile Include="..\MapEditorEngine\CMapEditRgnAmbFxObj.cpp">
      <Filter>Engine\Render\SceneNode\MapObject</Filter>
    </ClCompile>
    <ClCompile Include="..\MapEditorEngine\CMEModel.cpp">
      <Filter>Engine\Render\SceneNode\MapObject</Filter>
    </ClCompile>
    <ClCompile Include="..\MapEditorEngine\CTileEditorModel.cpp">
      <Filter>Engine\Render\SceneNode\MapObject</Filter>
    </ClCompile>
    <ClCompile Include="..\MapEditorEngine\ModelGroup.cpp">
      <Filter>Engine\Render\SceneNode\MapObject</Filter>
    </ClCompile>
    <ClCompile Include="..\MapEditorEngine\CMapAudioDialog.cpp">
      <Filter>Engine\Render\SceneNode\MapObjectDialog</Filter>
    </ClCompile>
    <ClCompile Include="..\MapEditorEngine\CMapObjBaseDialog.cpp">
      <Filter>Engine\Render\SceneNode\MapObjectDialog</Filter>
    </ClCompile>
    <ClCompile Include="..\MapEditorEngine\River.cpp">
      <Filter>Engine\Render\SceneNode\Water</Filter>
    </ClCompile>
    <ClCompile Include="..\MapEditorEngine\WaterOperator.cpp">
      <Filter>Engine\Render\SceneNode\Water</Filter>
    </ClCompile>
    <ClCompile Include="..\MapEditorEngine\Operator.cpp">
      <Filter>Engine\Render\SceneNode\Operator</Filter>
    </ClCompile>
    <ClCompile Include="..\MapEditorEngine\BluelyGUI.cpp">
      <Filter>Engine\Render\GUI</Filter>
    </ClCompile>
    <ClCompile Include="..\MapEditorEngine\MagicBall.cpp">
      <Filter>Engine\Render\GUI</Filter>
    </ClCompile>
    <ClCompile Include="..\MapEditorEngine\MapGUIManager.cpp">
      <Filter>Engine\Render\GUI</Filter>
    </ClCompile>
    <ClCompile Include="..\MapEditorEngine\RegionLightSettingHandler.cpp">
      <Filter>Engine\Render\Lighting</Filter>
    </ClCompile>
    <ClCompile Include="..\MapEditorEngine\SceneLight.cpp">
      <Filter>Engine\Render\Lighting</Filter>
    </ClCompile>
    <ClCompile Include="..\MapEditorEngine\TerrainMesh.cpp">
      <Filter>Engine\Render\TerrainMesh</Filter>
    </ClCompile>
    <ClCompile Include="..\MapEditorEngine\TerrainMeshGrid.cpp">
      <Filter>Engine\Render\TerrainMesh</Filter>
    </ClCompile>
    <ClCompile Include="..\MapEditorEngine\TerrainMeshIO.cpp">
      <Filter>Engine\Render\TerrainMesh</Filter>
    </ClCompile>
    <ClCompile Include="..\MapEditorEngine\TerrainMeshObject.cpp">
      <Filter>Engine\Render\TerrainMesh</Filter>
    </ClCompile>
    <ClCompile Include="..\MapEditorEngine\TerrainMeshRegion.cpp">
      <Filter>Engine\Render\TerrainMesh</Filter>
    </ClCompile>
    <ClCompile Include="..\MapEditorEngine\TerrainMeshVertex.cpp">
      <Filter>Engine\Render\TerrainMesh</Filter>
    </ClCompile>
    <ClCompile Include="..\MapEditorEngine\CMapDataScene.cpp">
      <Filter>Engine\Render\TerrainMesh\Scene</Filter>
    </ClCompile>
    <ClCompile Include="..\MapEditorEngine\Coder\CMapDataCoder.cpp">
      <Filter>Engine\Render\TerrainMesh\Scene\Coder</Filter>
    </ClCompile>
    <ClCompile Include="..\MapEditorEngine\Coder\CMapTerrainCoder.cpp">
      <Filter>Engine\Render\TerrainMesh\Scene\Coder</Filter>
    </ClCompile>
    <ClCompile Include="..\MapEditorEngine\Coder\CMapWaterCoder.cpp">
      <Filter>Engine\Render\TerrainMesh\Scene\Coder</Filter>
    </ClCompile>
    <ClCompile Include="..\MapEditorEngine\OffLineBaker\BakerBase.cpp">
      <Filter>Engine\Render\OffLineBaker</Filter>
    </ClCompile>
    <ClCompile Include="..\MapEditorEngine\OffLineBaker\BakerMgr.cpp">
      <Filter>Engine\Render\OffLineBaker</Filter>
    </ClCompile>
    <ClCompile Include="..\MapEditorEngine\OffLineBaker\CLightMapFilter.cpp">
      <Filter>Engine\Render\OffLineBaker</Filter>
    </ClCompile>
    <ClCompile Include="..\MapEditorEngine\OffLineBaker\LightMapBaker.cpp">
      <Filter>Engine\Render\OffLineBaker</Filter>
    </ClCompile>
    <ClCompile Include="..\MapEditorEngine\OffLineBaker\LightMapWriter.cpp">
      <Filter>Engine\Render\OffLineBaker</Filter>
    </ClCompile>
    <ClCompile Include="..\MapEditorEngine\OffLineBaker\LogicalHeightBaker.cpp">
      <Filter>Engine\Render\OffLineBaker</Filter>
    </ClCompile>
    <ClCompile Include="..\MapEditorEngine\OffLineBaker\LogicalHeightMeshBuilder.cpp">
      <Filter>Engine\Render\OffLineBaker</Filter>
    </ClCompile>
    <ClCompile Include="..\MapEditorEngine\OffLineBaker\MapBaker.cpp">
      <Filter>Engine\Render\OffLineBaker</Filter>
    </ClCompile>
    <ClCompile Include="..\MapEditorEngine\OffLineBaker\ObjectVertexBaker.cpp">
      <Filter>Engine\Render\OffLineBaker</Filter>
    </ClCompile>
    <ClCompile Include="..\MapEditorEngine\OffLineBaker\OfflineRender.cpp">
      <Filter>Engine\Render\OffLineBaker</Filter>
    </ClCompile>
    <ClCompile Include="..\MapEditorEngine\OffLineBaker\RegionShadowMapBaker.cpp">
      <Filter>Engine\Render\OffLineBaker</Filter>
    </ClCompile>
    <ClCompile Include="..\MapEditorEngine\OffLineBaker\ShadowMapBakerPool.cpp">
      <Filter>Engine\Render\OffLineBaker</Filter>
    </ClCompile>
    <ClCompile Include="..\MapEditorEngine\OffLineBaker\StaticIlluminator.cpp">
      <Filter>Engine\Render\OffLineBaker</Filter>
    </ClCompile>
    <ClCompile Include="..\MapEditorEngine\OffLineBaker\TerrainBaker.cpp">
      <Filter>Engine\Render\OffLineBaker</Filter>
    </ClCompile>
    <ClCompile Include="..\MapEditorEngine\OffLineBaker\CModelDiffuseColor.cpp">
      <Filter>Engine\Render\OffLineBaker\Helper</Filter>
    </ClCompile>
    <ClCompile Include="..\MapEditorEngine\OffLineBaker\CModelProcesser.cpp">
      <Filter>Engine\Render\OffLineBaker\Helper</Filter>
    </ClCompile>
    <ClCompile Include="..\MapEditorEngine\OffLineBaker\MeshColorSmoother.cpp">
      <Filter>Engine\Render\OffLineBaker\Helper</Filter>
    </ClCompile>
    <ClCompile Include="..\MapEditorEngine\OffLineBaker\VertexShadowJudge.cpp">
      <Filter>Engine\Render\OffLineBaker\Helper</Filter>
    </ClCompile>
    <ClCompile Include="..\MapEditorEngine\GameCommonMapSaver.cpp">
      <Filter>Engine\MapData\GameMapData</Filter>
    </ClCompile>
    <ClCompile Include="..\MapEditorEngine\GameGacMapSaver.cpp">
      <Filter>Engine\MapData\GameMapData</Filter>
    </ClCompile>
    <ClCompile Include="..\MapEditorEngine\GameGasMapSaver.cpp">
      <Filter>Engine\MapData\GameMapData</Filter>
    </ClCompile>
    <ClCompile Include="..\MapEditorEngine\LoadSaveSceneLight.cpp">
      <Filter>Engine\MapData\LocalMapData</Filter>
    </ClCompile>
    <ClCompile Include="..\MapEditorEngine\LocalMapLoader.cpp">
      <Filter>Engine\MapData\LocalMapData</Filter>
    </ClCompile>
    <ClCompile Include="..\MapEditorEngine\LocalMapSaver.cpp">
      <Filter>Engine\MapData\LocalMapData</Filter>
    </ClCompile>
    <ClCompile Include="..\MapEditorEngine\LocalMapAudioLoader.cpp">
      <Filter>Engine\MapData\Audio</Filter>
    </ClCompile>
    <ClCompile Include="..\MapEditorEngine\LocalMapAudioSaver.cpp">
      <Filter>Engine\MapData\Audio</Filter>
    </ClCompile>
    <ClCompile Include="..\MapEditorEngine\LocalMapLoginLoader.cpp">
      <Filter>Engine\MapData\Login</Filter>
    </ClCompile>
    <ClCompile Include="..\MapEditorEngine\LocalMapLoginSaver.cpp">
      <Filter>Engine\MapData\Login</Filter>
    </ClCompile>
    <ClCompile Include="..\MapEditorEngine\LocalMergeMapSaver.cpp">
      <Filter>Engine\MapData\MergeMapData</Filter>
    </ClCompile>
    <ClCompile Include="..\MapEditorEngine\ChangeMoveMapData.cpp">
      <Filter>Engine\MapData\MoveMapData</Filter>
    </ClCompile>
    <ClCompile Include="..\MapEditorEngine\LocalSplitMapSaver.cpp">
      <Filter>Engine\MapData\SplitMapData</Filter>
    </ClCompile>
    <ClCompile Include="..\MapEditorEngine\MapCommonDataLoader.cpp">
      <Filter>Engine\MapData\MapCommonDataSaver</Filter>
    </ClCompile>
    <ClCompile Include="..\MapEditorEngine\MapCommonDataSaver.cpp">
      <Filter>Engine\MapData\MapCommonDataSaver</Filter>
    </ClCompile>
    <ClCompile Include="..\MapEditorEngine\VertexColorLoader.cpp">
      <Filter>Engine\MapData\VertexColorData</Filter>
    </ClCompile>
    <ClCompile Include="..\MapEditorEngine\VertexColorSaver.cpp">
      <Filter>Engine\MapData\VertexColorData</Filter>
    </ClCompile>
    <ClCompile Include="..\MapEditorEngine\EnlargetMapData.cpp">
      <Filter>Engine\MapData\EnlargeMapData</Filter>
    </ClCompile>
    <ClCompile Include="CBarrierData.cpp">
      <Filter>Engine\MapData\LinkRegion</Filter>
    </ClCompile>
    <ClCompile Include="..\MapEditorEngine\CLinkRegionBuild.cpp">
      <Filter>Engine\MapData\LinkRegion</Filter>
    </ClCompile>
    <ClCompile Include="..\MapEditorEngine\CLinkRegionBuildNode.cpp">
      <Filter>Engine\MapData\LinkRegion</Filter>
    </ClCompile>
    <ClCompile Include="..\MapEditorEngine\VertexDiffuseLoader.cpp">
      <Filter>Engine\MapData\VertexDiffuseData</Filter>
    </ClCompile>
    <ClCompile Include="..\MapEditorEngine\VertexDiffuseSaver.cpp">
      <Filter>Engine\MapData\VertexDiffuseData</Filter>
    </ClCompile>
    <ClCompile Include="..\MapEditorEngine\CameraPathEdit.cpp">
      <Filter>Engine\Camera</Filter>
    </ClCompile>
    <ClCompile Include="..\MapEditorEngine\CCameraBase.cpp">
      <Filter>Engine\Camera</Filter>
    </ClCompile>
    <ClCompile Include="..\MapEditorEngine\CCameraManager.cpp">
      <Filter>Engine\Camera</Filter>
    </ClCompile>
    <ClCompile Include="..\MapEditorEngine\CGameGacCamera.cpp">
      <Filter>Engine\Camera</Filter>
    </ClCompile>
    <ClCompile Include="..\MapEditorEngine\CGameGacCameraNode.cpp">
      <Filter>Engine\Camera</Filter>
    </ClCompile>
    <ClCompile Include="..\MapEditorEngine\CMapEditCamera.cpp">
      <Filter>Engine\Camera</Filter>
    </ClCompile>
    <ClCompile Include="..\MapEditorEngine\CMapEditCameraNode.cpp">
      <Filter>Engine\Camera</Filter>
    </ClCompile>
    <ClCompile Include="..\MapEditorEngine\CRecordCamera.cpp">
      <Filter>Engine\Camera</Filter>
    </ClCompile>
    <ClCompile Include="..\MapEditorEngine\CRecordCameraNode.cpp">
      <Filter>Engine\Camera</Filter>
    </ClCompile>
    <ClCompile Include="..\MapEditorEngine\ChunkData\CreateSceneObjectMgr.cpp">
      <Filter>Engine\ChunkMapData</Filter>
    </ClCompile>
    <ClCompile Include="LoadMapMgr.cpp">
      <Filter>Engine\ChunkMapData</Filter>
    </ClCompile>
    <ClCompile Include="LocalMapResMgr.cpp">
      <Filter>Engine\ChunkMapData</Filter>
    </ClCompile>
    <ClCompile Include="..\MapEditorEngine\ChunkData\CEditorTerrainCoder.cpp">
      <Filter>Engine\ChunkMapData\TerrainData</Filter>
    </ClCompile>
    <ClCompile Include="..\MapEditorEngine\ChunkData\CGameTerrainCoder.cpp">
      <Filter>Engine\ChunkMapData\TerrainData</Filter>
    </ClCompile>
    <ClCompile Include="..\MapEditorEngine\ChunkData\CEditorObjectCoder.cpp">
      <Filter>Engine\ChunkMapData\ObjectData</Filter>
    </ClCompile>
    <ClCompile Include="..\MapEditorEngine\ChunkData\CGameObjectCoder.cpp">
      <Filter>Engine\ChunkMapData\ObjectData</Filter>
    </ClCompile>
    <ClCompile Include="..\MapEditorEngine\ChunkData\CEditorRegionCoder.cpp">
      <Filter>Engine\ChunkMapData\RegionData</Filter>
    </ClCompile>
    <ClCompile Include="..\MapEditorEngine\ChunkData\CEditorAudioCoder.cpp">
      <Filter>Engine\ChunkMapData\AudioData</Filter>
    </ClCompile>
    <ClCompile Include="..\MapEditorEngine\ChunkData\CGameAudioCoder.cpp">
      <Filter>Engine\ChunkMapData\AudioData</Filter>
    </ClCompile>
    <ClCompile Include="..\MapEditorEngine\ChunkData\CEditorLightCoder.cpp">
      <Filter>Engine\ChunkMapData\LightData</Filter>
    </ClCompile>
    <ClCompile Include="..\MapEditorEngine\ChunkData\CGameLightCoder.cpp">
      <Filter>Engine\ChunkMapData\LightData</Filter>
    </ClCompile>
    <ClCompile Include="..\MapEditorEngine\ChunkData\CEditorBlockCoder.cpp">
      <Filter>Engine\ChunkMapData\BlockData</Filter>
    </ClCompile>
    <ClCompile Include="..\MapEditorEngine\ChunkData\CGameBlockCoder.cpp">
      <Filter>Engine\ChunkMapData\BlockData</Filter>
    </ClCompile>
    <ClCompile Include="..\MapEditorEngine\ChunkData\CEditorAmpArsCoder.cpp">
      <Filter>Engine\ChunkMapData\ARS_AMP</Filter>
    </ClCompile>
    <ClCompile Include="..\MapEditorEngine\ChunkData\CGameAmpArsCoder.cpp">
      <Filter>Engine\ChunkMapData\ARS_AMP</Filter>
    </ClCompile>
    <ClCompile Include="..\MapEditorEngine\Console.cpp">
      <Filter>Engine\Editor</Filter>
    </ClCompile>
    <ClCompile Include="..\MapEditorEngine\Engine.cpp">
      <Filter>Engine\Editor</Filter>
    </ClCompile>
    <ClCompile Include="..\MapEditorEngine\EngineImpl.cpp">
      <Filter>Engine\Editor</Filter>
    </ClCompile>
    <ClCompile Include="..\MapEditorEngine\GUIRenderer.cpp">
      <Filter>Engine\Editor</Filter>
    </ClCompile>
    <ClCompile Include="..\MapEditorEngine\Picker.cpp">
      <Filter>Engine\Editor</Filter>
    </ClCompile>
    <ClCompile Include="..\MapEditorEngine\Render.cpp">
      <Filter>Engine\Editor</Filter>
    </ClCompile>
    <ClCompile Include="..\MapEditorEngine\TerrainAdhereRenderer.cpp">
      <Filter>Engine\Editor</Filter>
    </ClCompile>
    <ClCompile Include="..\MapEditorEngine\TerrainAlgorithm.cpp">
      <Filter>Engine\Editor</Filter>
    </ClCompile>
    <ClCompile Include="..\MapEditorEngine\EditStateOpertiaonMgr.cpp">
      <Filter>Engine\Editor\LogicEvent</Filter>
    </ClCompile>
    <ClCompile Include="..\MapEditorEngine\SceneEnvMgr.cpp">
      <Filter>Engine\Editor\LogicEvent</Filter>
    </ClCompile>
    <ClCompile Include="..\MapEditorEngine\ToolHideTileRegionInView.cpp">
      <Filter>Engine\Editor\LogicEvent</Filter>
    </ClCompile>
    <ClCompile Include="..\MapEditorEngine\ToolMainPlayer.cpp">
      <Filter>Engine\Editor\LogicEvent</Filter>
    </ClCompile>
    <ClCompile Include="..\MapEditorEngine\ToolRecord.cpp">
      <Filter>Engine\Editor\LogicEvent</Filter>
    </ClCompile>
    <ClCompile Include="..\MapEditorEngine\ToolRegion.cpp">
      <Filter>Engine\Editor\LogicEvent</Filter>
    </ClCompile>
    <ClCompile Include="..\MapEditorEngine\ToolSetLogicHeight.cpp">
      <Filter>Engine\Editor\LogicEvent</Filter>
    </ClCompile>
    <ClCompile Include="..\MapEditorEngine\ToolSetModel.cpp">
      <Filter>Engine\Editor\LogicEvent</Filter>
    </ClCompile>
    <ClCompile Include="..\MapEditorEngine\ToolSetTileBlock.cpp">
      <Filter>Engine\Editor\LogicEvent</Filter>
    </ClCompile>
    <ClCompile Include="..\MapEditorEngine\ToolSetTileHeight.cpp">
      <Filter>Engine\Editor\LogicEvent</Filter>
    </ClCompile>
    <ClCompile Include="..\MapEditorEngine\ToolSetTileTexture.cpp">
      <Filter>Engine\Editor\LogicEvent</Filter>
    </ClCompile>
    <ClCompile Include="..\MapEditorEngine\ToolVertex.cpp">
      <Filter>Engine\Editor\LogicEvent</Filter>
    </ClCompile>
    <ClCompile Include="..\MapEditorEngine\CLogicBursh.cpp">
      <Filter>Engine\Editor\LogicEvent\LogicBrush</Filter>
    </ClCompile>
    <ClCompile Include="..\MapEditorEngine\CmdBornObject.cpp">
      <Filter>Engine\Editor\Command</Filter>
    </ClCompile>
    <ClCompile Include="..\MapEditorEngine\CmdDeleteObject.cpp">
      <Filter>Engine\Editor\Command</Filter>
    </ClCompile>
    <ClCompile Include="..\MapEditorEngine\CmdDeleteTexture.cpp">
      <Filter>Engine\Editor\Command</Filter>
    </ClCompile>
    <ClCompile Include="..\MapEditorEngine\CmdHideObject.cpp">
      <Filter>Engine\Editor\Command</Filter>
    </ClCompile>
    <ClCompile Include="..\MapEditorEngine\CmdLiftMoveObject.cpp">
      <Filter>Engine\Editor\Command</Filter>
    </ClCompile>
    <ClCompile Include="..\MapEditorEngine\CmdMoveObject.cpp">
      <Filter>Engine\Editor\Command</Filter>
    </ClCompile>
    <ClCompile Include="..\MapEditorEngine\CmdPlaceObject.cpp">
      <Filter>Engine\Editor\Command</Filter>
    </ClCompile>
    <ClCompile Include="..\MapEditorEngine\CmdRotateObject.cpp">
      <Filter>Engine\Editor\Command</Filter>
    </ClCompile>
    <ClCompile Include="..\MapEditorEngine\CmdSetHideGrid.cpp">
      <Filter>Engine\Editor\Command</Filter>
    </ClCompile>
    <ClCompile Include="..\MapEditorEngine\CmdSetSerialTexture.cpp">
      <Filter>Engine\Editor\Command</Filter>
    </ClCompile>
    <ClCompile Include="..\MapEditorEngine\CmdSetSingleTexture.cpp">
      <Filter>Engine\Editor\Command</Filter>
    </ClCompile>
    <ClCompile Include="..\MapEditorEngine\CmdSetTileBlock.cpp">
      <Filter>Engine\Editor\Command</Filter>
    </ClCompile>
    <ClCompile Include="..\MapEditorEngine\CmdSetVertexAlpha.cpp">
      <Filter>Engine\Editor\Command</Filter>
    </ClCompile>
    <ClCompile Include="..\MapEditorEngine\CmdSetVertexColor.cpp">
      <Filter>Engine\Editor\Command</Filter>
    </ClCompile>
    <ClCompile Include="..\MapEditorEngine\CmdSetVertexHeight.cpp">
      <Filter>Engine\Editor\Command</Filter>
    </ClCompile>
    <ClCompile Include="..\MapEditorEngine\SceneAudioMgr.cpp">
      <Filter>Engine\Editor\Audio</Filter>
    </ClCompile>
    <ClCompile Include="..\MapEditorEngine\CMapEffect.cpp">
      <Filter>Engine\Editor\Effect</Filter>
    </ClCompile>
    <ClCompile Include="..\MapEditorEngine\CRegionAmbientEffectMgr.cpp">
      <Filter>Engine\Region</Filter>
    </ClCompile>
    <ClCompile Include="..\MapEditorEngine\SceneRegionMgr.cpp">
      <Filter>Engine\Region</Filter>
    </ClCompile>
    <ClCompile Include="CLightSetDlg.cpp">
      <Filter>FormUI</Filter>
    </ClCompile>
    <ClCompile Include="MainForm.cpp">
      <Filter>FormUI</Filter>
    </ClCompile>
    <ClCompile Include="MapSetDlg.cpp">
      <Filter>FormUI</Filter>
    </ClCompile>
    <ClCompile Include="..\MapEditorEngine\CMapEditApp.cpp">
      <Filter>NewMapEditor</Filter>
    </ClCompile>
    <ClCompile Include="CMapEditorManage.cpp">
      <Filter>NewMapEditor</Filter>
    </ClCompile>
    <ClCompile Include="CMapMgr.cpp">
      <Filter>NewMapEditor</Filter>
    </ClCompile>
    <ClCompile Include="stdafx.cpp">
      <Filter>NewMapEditor</Filter>
    </ClCompile>
    <ClCompile Include="MapEditorMain.cpp">
      <Filter>Main</Filter>
    </ClCompile>
  </ItemGroup>
  <ItemGroup>
    <ClInclude Include="..\MapEditorEngine\MEMath.h">
      <Filter>Engine\Foundation\Math</Filter>
    </ClInclude>
    <ClInclude Include="..\MapEditorEngine\AutoSearchFile.h">
      <Filter>Engine\Foundation\IO</Filter>
    </ClInclude>
    <ClInclude Include="..\IO\BinaryReader.h">
      <Filter>Engine\Foundation\IO</Filter>
    </ClInclude>
    <ClInclude Include="..\IO\BinaryWriter.h">
      <Filter>Engine\Foundation\IO</Filter>
    </ClInclude>
    <ClInclude Include="..\IO\FileStream.h">
      <Filter>Engine\Foundation\IO</Filter>
    </ClInclude>
    <ClInclude Include="..\IO\IoSystem.h">
      <Filter>Engine\Foundation\IO</Filter>
    </ClInclude>
    <ClInclude Include="..\IO\Serializer.h">
      <Filter>Engine\Foundation\IO</Filter>
    </ClInclude>
    <ClInclude Include="..\IO\Stream.h">
      <Filter>Engine\Foundation\IO</Filter>
    </ClInclude>
    <ClInclude Include="..\MapEditorEngine\OperationLog.h">
      <Filter>Engine\Foundation\Log</Filter>
    </ClInclude>
    <ClInclude Include="..\MapEditorEngine\DepathGroupModelInfo.h">
      <Filter>Engine\Render\SceneNode</Filter>
    </ClInclude>
    <ClInclude Include="..\MapEditorEngine\Scene.h">
      <Filter>Engine\Render\SceneNode</Filter>
    </ClInclude>
    <ClInclude Include="..\MapEditorEngine\Square.h">
      <Filter>Engine\Render\SceneNode</Filter>
    </ClInclude>
    <ClInclude Include="..\MapEditorEngine\WireBox.h">
      <Filter>Engine\Render\SceneNode</Filter>
    </ClInclude>
    <ClInclude Include="..\MapEditorEngine\CMapEditAudioObj.h">
      <Filter>Engine\Render\SceneNode\MapObject</Filter>
    </ClInclude>
    <ClInclude Include="..\MapEditorEngine\CMapEditEffectObj.h">
      <Filter>Engine\Render\SceneNode\MapObject</Filter>
    </ClInclude>
    <ClInclude Include="..\MapEditorEngine\CMapEditLoginObj.h">
      <Filter>Engine\Render\SceneNode\MapObject</Filter>
    </ClInclude>
    <ClInclude Include="..\MapEditorEngine\CMapEditModelObj.h">
      <Filter>Engine\Render\SceneNode\MapObject</Filter>
    </ClInclude>
    <ClInclude Include="..\MapEditorEngine\CMapEditModelObjPro.h">
      <Filter>Engine\Render\SceneNode\MapObject</Filter>
    </ClInclude>
    <ClInclude Include="..\MapEditorEngine\CMapEditObject.h">
      <Filter>Engine\Render\SceneNode\MapObject</Filter>
    </ClInclude>
    <ClInclude Include="..\MapEditorEngine\CMapEditRgnAmbFxObj.h">
      <Filter>Engine\Render\SceneNode\MapObject</Filter>
    </ClInclude>
    <ClInclude Include="..\MapEditorEngine\CMEModel.h">
      <Filter>Engine\Render\SceneNode\MapObject</Filter>
    </ClInclude>
    <ClInclude Include="..\MapEditorEngine\CTileEditorModel.h">
      <Filter>Engine\Render\SceneNode\MapObject</Filter>
    </ClInclude>
    <ClInclude Include="..\MapEditorEngine\ModelGroup.h">
      <Filter>Engine\Render\SceneNode\MapObject</Filter>
    </ClInclude>
    <ClInclude Include="..\MapEditorEngine\CMapAudioDialog.h">
      <Filter>Engine\Render\SceneNode\MapObjectDialog</Filter>
    </ClInclude>
    <ClInclude Include="..\MapEditorEngine\CMapObjBaseDialog.h">
      <Filter>Engine\Render\SceneNode\MapObjectDialog</Filter>
    </ClInclude>
    <ClInclude Include="..\MapEditorEngine\River.h">
      <Filter>Engine\Render\SceneNode\Water</Filter>
    </ClInclude>
    <ClInclude Include="..\MapEditorEngine\WaterOperator.h">
      <Filter>Engine\Render\SceneNode\Water</Filter>
    </ClInclude>
    <ClInclude Include="..\MapEditorEngine\Operator.h">
      <Filter>Engine\Render\SceneNode\Operator</Filter>
    </ClInclude>
    <ClInclude Include="..\MapEditorEngine\OperatorProperty.h">
      <Filter>Engine\Render\SceneNode\Operator</Filter>
    </ClInclude>
    <ClInclude Include="..\MapEditorEngine\BluelyGUI.h">
      <Filter>Engine\Render\GUI</Filter>
    </ClInclude>
    <ClInclude Include="..\MapEditorEngine\MagicBall.h">
      <Filter>Engine\Render\GUI</Filter>
    </ClInclude>
    <ClInclude Include="..\MapEditorEngine\MapGUIManager.h">
      <Filter>Engine\Render\GUI</Filter>
    </ClInclude>
    <ClInclude Include="..\MapEditorEngine\LightHelper.h">
      <Filter>Engine\Render\Lighting</Filter>
    </ClInclude>
    <ClInclude Include="..\MapEditorEngine\RegionLightSettingHandler.h">
      <Filter>Engine\Render\Lighting</Filter>
    </ClInclude>
    <ClInclude Include="..\MapEditorEngine\SceneLight.h">
      <Filter>Engine\Render\Lighting</Filter>
    </ClInclude>
    <ClInclude Include="..\MapEditorEngine\LocalVersion.h">
      <Filter>Engine\Render\TerrainMesh</Filter>
    </ClInclude>
    <ClInclude Include="..\MapEditorEngine\TerrainMesh.h">
      <Filter>Engine\Render\TerrainMesh</Filter>
    </ClInclude>
    <ClInclude Include="..\MapEditorEngine\TerrainMeshGrid.h">
      <Filter>Engine\Render\TerrainMesh</Filter>
    </ClInclude>
    <ClInclude Include="..\MapEditorEngine\TerrainMeshObject.h">
      <Filter>Engine\Render\TerrainMesh</Filter>
    </ClInclude>
    <ClInclude Include="..\MapEditorEngine\TerrainMeshRegion.h">
      <Filter>Engine\Render\TerrainMesh</Filter>
    </ClInclude>
    <ClInclude Include="..\MapEditorEngine\TerrainMeshVertex.h">
      <Filter>Engine\Render\TerrainMesh</Filter>
    </ClInclude>
    <ClInclude Include="..\MapEditorEngine\CMapDataScene.h">
      <Filter>Engine\Render\TerrainMesh\Scene</Filter>
    </ClInclude>
    <ClInclude Include="..\MapEditorEngine\Coder\CMapDataCoder.h">
      <Filter>Engine\Render\TerrainMesh\Scene\Coder</Filter>
    </ClInclude>
    <ClInclude Include="..\MapEditorEngine\Coder\CMapTerrainCoder.h">
      <Filter>Engine\Render\TerrainMesh\Scene\Coder</Filter>
    </ClInclude>
    <ClInclude Include="..\MapEditorEngine\Coder\CMapWaterCoder.h">
      <Filter>Engine\Render\TerrainMesh\Scene\Coder</Filter>
    </ClInclude>
    <ClInclude Include="..\MapEditorEngine\OffLineBaker\BakerBase.h">
      <Filter>Engine\Render\OffLineBaker</Filter>
    </ClInclude>
    <ClInclude Include="..\MapEditorEngine\OffLineBaker\BakerMgr.h">
      <Filter>Engine\Render\OffLineBaker</Filter>
    </ClInclude>
    <ClInclude Include="..\MapEditorEngine\OffLineBaker\CLightMapFilter.h">
      <Filter>Engine\Render\OffLineBaker</Filter>
    </ClInclude>
    <ClInclude Include="..\MapEditorEngine\OffLineBaker\LightMapBaker.h">
      <Filter>Engine\Render\OffLineBaker</Filter>
    </ClInclude>
    <ClInclude Include="..\MapEditorEngine\OffLineBaker\LightMapWriter.h">
      <Filter>Engine\Render\OffLineBaker</Filter>
    </ClInclude>
    <ClInclude Include="..\MapEditorEngine\OffLineBaker\LogicalHeightBaker.h">
      <Filter>Engine\Render\OffLineBaker</Filter>
    </ClInclude>
    <ClInclude Include="..\MapEditorEngine\OffLineBaker\LogicalHeightMeshBuilder.h">
      <Filter>Engine\Render\OffLineBaker</Filter>
    </ClInclude>
    <ClInclude Include="..\MapEditorEngine\OffLineBaker\MapBaker.h">
      <Filter>Engine\Render\OffLineBaker</Filter>
    </ClInclude>
    <ClInclude Include="..\MapEditorEngine\OffLineBaker\ObjectVertexBaker.h">
      <Filter>Engine\Render\OffLineBaker</Filter>
    </ClInclude>
    <ClInclude Include="..\MapEditorEngine\OffLineBaker\OfflineRender.h">
      <Filter>Engine\Render\OffLineBaker</Filter>
    </ClInclude>
    <ClInclude Include="..\MapEditorEngine\OffLineBaker\RegionShadowMapBaker.h">
      <Filter>Engine\Render\OffLineBaker</Filter>
    </ClInclude>
    <ClInclude Include="..\MapEditorEngine\OffLineBaker\ShadowMapBakerPool.h">
      <Filter>Engine\Render\OffLineBaker</Filter>
    </ClInclude>
    <ClInclude Include="..\MapEditorEngine\OffLineBaker\StaticIlluminator.h">
      <Filter>Engine\Render\OffLineBaker</Filter>
    </ClInclude>
    <ClInclude Include="..\MapEditorEngine\OffLineBaker\TerrainBaker.h">
      <Filter>Engine\Render\OffLineBaker</Filter>
    </ClInclude>
    <ClInclude Include="..\MapEditorEngine\OffLineBaker\CModelDiffuseColor.h">
      <Filter>Engine\Render\OffLineBaker\Helper</Filter>
    </ClInclude>
    <ClInclude Include="..\MapEditorEngine\OffLineBaker\CModelProcesser.h">
      <Filter>Engine\Render\OffLineBaker\Helper</Filter>
    </ClInclude>
    <ClInclude Include="..\MapEditorEngine\OffLineBaker\CVBRef.h">
      <Filter>Engine\Render\OffLineBaker\Helper</Filter>
    </ClInclude>
    <ClInclude Include="..\MapEditorEngine\OffLineBaker\CVertexColor.h">
      <Filter>Engine\Render\OffLineBaker\Helper</Filter>
    </ClInclude>
    <ClInclude Include="..\MapEditorEngine\OffLineBaker\MeshColorSmoother.h">
      <Filter>Engine\Render\OffLineBaker\Helper</Filter>
    </ClInclude>
    <ClInclude Include="..\MapEditorEngine\OffLineBaker\VertexShadowJudge.h">
      <Filter>Engine\Render\OffLineBaker\Helper</Filter>
    </ClInclude>
    <ClInclude Include="..\MapEditorEngine\GameCommonMapSaver.h">
      <Filter>Engine\MapData\GameMapData</Filter>
    </ClInclude>
    <ClInclude Include="..\MapEditorEngine\GameGacMapSaver.h">
      <Filter>Engine\MapData\GameMapData</Filter>
    </ClInclude>
    <ClInclude Include="..\MapEditorEngine\GameGasMapSaver.h">
      <Filter>Engine\MapData\GameMapData</Filter>
    </ClInclude>
    <ClInclude Include="..\MapEditorEngine\LoadSaveSceneLight.h">
      <Filter>Engine\MapData\LocalMapData</Filter>
    </ClInclude>
    <ClInclude Include="..\MapEditorEngine\LocalMapLoader.h">
      <Filter>Engine\MapData\LocalMapData</Filter>
    </ClInclude>
    <ClInclude Include="..\MapEditorEngine\LocalMapSaver.h">
      <Filter>Engine\MapData\LocalMapData</Filter>
    </ClInclude>
    <ClInclude Include="..\MapEditorEngine\LocalMapAudioLoader.h">
      <Filter>Engine\MapData\Audio</Filter>
    </ClInclude>
    <ClInclude Include="..\MapEditorEngine\LocalMapAudioSaver.h">
      <Filter>Engine\MapData\Audio</Filter>
    </ClInclude>
    <ClInclude Include="..\MapEditorEngine\SceneAudio.h">
      <Filter>Engine\MapData\Audio</Filter>
    </ClInclude>
    <ClInclude Include="..\MapEditorEngine\LocalMapLoginLoader.h">
      <Filter>Engine\MapData\Login</Filter>
    </ClInclude>
    <ClInclude Include="..\MapEditorEngine\LocalMapLoginSaver.h">
      <Filter>Engine\MapData\Login</Filter>
    </ClInclude>
    <ClInclude Include="..\MapEditorEngine\LocalMergeMapSaver.h">
      <Filter>Engine\MapData\MergeMapData</Filter>
    </ClInclude>
    <ClInclude Include="..\MapEditorEngine\ChangeMoveMapData.h">
      <Filter>Engine\MapData\MoveMapData</Filter>
    </ClInclude>
    <ClInclude Include="..\MapEditorEngine\LocalSplitMapSaver.h">
      <Filter>Engine\MapData\SplitMapData</Filter>
    </ClInclude>
    <ClInclude Include="..\MapEditorEngine\MapCommonDataLoader.h">
      <Filter>Engine\MapData\MapCommonDataSaver</Filter>
    </ClInclude>
    <ClInclude Include="..\MapEditorEngine\MapCommonDataSaver.h">
      <Filter>Engine\MapData\MapCommonDataSaver</Filter>
    </ClInclude>
    <ClInclude Include="..\MapEditorEngine\VertexColorLoader.h">
      <Filter>Engine\MapData\VertexColorData</Filter>
    </ClInclude>
    <ClInclude Include="..\MapEditorEngine\VertexColorSaver.h">
      <Filter>Engine\MapData\VertexColorData</Filter>
    </ClInclude>
    <ClInclude Include="..\MapEditorEngine\EnlargetMapData.h">
      <Filter>Engine\MapData\EnlargeMapData</Filter>
    </ClInclude>
    <ClInclude Include="CBarrierData.h">
      <Filter>Engine\MapData\LinkRegion</Filter>
    </ClInclude>
    <ClInclude Include="..\MapEditorEngine\CLinkRegionBuild.h">
      <Filter>Engine\MapData\LinkRegion</Filter>
    </ClInclude>
    <ClInclude Include="..\MapEditorEngine\CLinkRegionBuildNode.h">
      <Filter>Engine\MapData\LinkRegion</Filter>
    </ClInclude>
    <ClInclude Include="..\MapEditorEngine\IBarrierInfo.h">
      <Filter>Engine\MapData\LinkRegion</Filter>
    </ClInclude>
    <ClInclude Include="..\MapEditorEngine\VertexDiffuseLoader.h">
      <Filter>Engine\MapData\VertexDiffuseData</Filter>
    </ClInclude>
    <ClInclude Include="..\MapEditorEngine\VertexDiffuseSaver.h">
      <Filter>Engine\MapData\VertexDiffuseData</Filter>
    </ClInclude>
    <ClInclude Include="..\MapEditorEngine\CameraPathEdit.h">
      <Filter>Engine\Camera</Filter>
    </ClInclude>
    <ClInclude Include="..\MapEditorEngine\CCameraBase.h">
      <Filter>Engine\Camera</Filter>
    </ClInclude>
    <ClInclude Include="..\MapEditorEngine\CCameraManager.h">
      <Filter>Engine\Camera</Filter>
    </ClInclude>
    <ClInclude Include="..\MapEditorEngine\CGameGacCamera.h">
      <Filter>Engine\Camera</Filter>
    </ClInclude>
    <ClInclude Include="..\MapEditorEngine\CGameGacCameraNode.h">
      <Filter>Engine\Camera</Filter>
    </ClInclude>
    <ClInclude Include="..\MapEditorEngine\CMapEditCamera.h">
      <Filter>Engine\Camera</Filter>
    </ClInclude>
    <ClInclude Include="..\MapEditorEngine\CMapEditCameraNode.h">
      <Filter>Engine\Camera</Filter>
    </ClInclude>
    <ClInclude Include="..\MapEditorEngine\CRecordCamera.h">
      <Filter>Engine\Camera</Filter>
    </ClInclude>
    <ClInclude Include="..\MapEditorEngine\CRecordCameraNode.h">
      <Filter>Engine\Camera</Filter>
    </ClInclude>
    <ClInclude Include="..\MapEditorEngine\ChunkData\CreateSceneObjectMgr.h">
      <Filter>Engine\ChunkMapData</Filter>
    </ClInclude>
    <ClInclude Include="LoadMapMgr.h">
      <Filter>Engine\ChunkMapData</Filter>
    </ClInclude>
    <ClInclude Include="LocalMapResMgr.h">
      <Filter>Engine\ChunkMapData</Filter>
    </ClInclude>
    <ClInclude Include="..\MapEditorEngine\ChunkData\CEditorTerrainCoder.h">
      <Filter>Engine\ChunkMapData\TerrainData</Filter>
    </ClInclude>
    <ClInclude Include="..\MapEditorEngine\ChunkData\CGameTerrainCoder.h">
      <Filter>Engine\ChunkMapData\TerrainData</Filter>
    </ClInclude>
    <ClInclude Include="..\MapEditorEngine\ChunkData\CEditorObjectCoder.h">
      <Filter>Engine\ChunkMapData\ObjectData</Filter>
    </ClInclude>
    <ClInclude Include="..\MapEditorEngine\ChunkData\CGameObjectCoder.h">
      <Filter>Engine\ChunkMapData\ObjectData</Filter>
    </ClInclude>
    <ClInclude Include="..\MapEditorEngine\ChunkData\CEditorRegionCoder.h">
      <Filter>Engine\ChunkMapData\RegionData</Filter>
    </ClInclude>
    <ClInclude Include="..\MapEditorEngine\ChunkData\CEditorAudioCoder.h">
      <Filter>Engine\ChunkMapData\AudioData</Filter>
    </ClInclude>
    <ClInclude Include="..\MapEditorEngine\ChunkData\CGameAudioCoder.h">
      <Filter>Engine\ChunkMapData\AudioData</Filter>
    </ClInclude>
    <ClInclude Include="..\MapEditorEngine\ChunkData\CEditorLightCoder.h">
      <Filter>Engine\ChunkMapData\LightData</Filter>
    </ClInclude>
    <ClInclude Include="..\MapEditorEngine\ChunkData\CGameLightCoder.h">
      <Filter>Engine\ChunkMapData\LightData</Filter>
    </ClInclude>
    <ClInclude Include="..\MapEditorEngine\ChunkData\CEditorBlockCoder.h">
      <Filter>Engine\ChunkMapData\BlockData</Filter>
    </ClInclude>
    <ClInclude Include="..\MapEditorEngine\ChunkData\CGameBlockCoder.h">
      <Filter>Engine\ChunkMapData\BlockData</Filter>
    </ClInclude>
    <ClInclude Include="..\MapEditorEngine\ChunkData\CEditorAmpArsCoder.h">
      <Filter>Engine\ChunkMapData\ARS_AMP</Filter>
    </ClInclude>
    <ClInclude Include="..\MapEditorEngine\ChunkData\CGameAmpArsCoder.h">
      <Filter>Engine\ChunkMapData\ARS_AMP</Filter>
    </ClInclude>
    <ClInclude Include="..\MapEditorEngine\Console.h">
      <Filter>Engine\Editor</Filter>
    </ClInclude>
    <ClInclude Include="..\MapEditorEngine\Engine.h">
      <Filter>Engine\Editor</Filter>
    </ClInclude>
    <ClInclude Include="..\MapEditorEngine\EngineImpl.h">
      <Filter>Engine\Editor</Filter>
    </ClInclude>
    <ClInclude Include="..\MapEditorEngine\ExsertStructDB.h">
      <Filter>Engine\Editor</Filter>
    </ClInclude>
    <ClInclude Include="..\MapEditorEngine\GUIRenderer.h">
      <Filter>Engine\Editor</Filter>
    </ClInclude>
    <ClInclude Include="..\MapEditorEngine\MEGraphic.h">
      <Filter>Engine\Editor</Filter>
    </ClInclude>
    <ClInclude Include="..\MapEditorEngine\Picker.h">
      <Filter>Engine\Editor</Filter>
    </ClInclude>
    <ClInclude Include="..\MapEditorEngine\Render.h">
      <Filter>Engine\Editor</Filter>
    </ClInclude>
    <ClInclude Include="..\MapEditorEngine\TerrainAdhereRenderer.h">
      <Filter>Engine\Editor</Filter>
    </ClInclude>
    <ClInclude Include="..\MapEditorEngine\TerrainAlgorithm.h">
      <Filter>Engine\Editor</Filter>
    </ClInclude>
    <ClInclude Include="..\MapEditorEngine\EditStateOpertiaonMgr.h">
      <Filter>Engine\Editor\LogicEvent</Filter>
    </ClInclude>
    <ClInclude Include="..\MapEditorEngine\SceneEnvMgr.h">
      <Filter>Engine\Editor\LogicEvent</Filter>
    </ClInclude>
    <ClInclude Include="..\MapEditorEngine\ToolHideTileRegionInView.h">
      <Filter>Engine\Editor\LogicEvent</Filter>
    </ClInclude>
    <ClInclude Include="..\MapEditorEngine\ToolMainPlayer.h">
      <Filter>Engine\Editor\LogicEvent</Filter>
    </ClInclude>
    <ClInclude Include="..\MapEditorEngine\ToolRecord.h">
      <Filter>Engine\Editor\LogicEvent</Filter>
    </ClInclude>
    <ClInclude Include="..\MapEditorEngine\ToolRegion.h">
      <Filter>Engine\Editor\LogicEvent</Filter>
    </ClInclude>
    <ClInclude Include="..\MapEditorEngine\ToolSetLogicHeight.h">
      <Filter>Engine\Editor\LogicEvent</Filter>
    </ClInclude>
    <ClInclude Include="..\MapEditorEngine\ToolSetModel.h">
      <Filter>Engine\Editor\LogicEvent</Filter>
    </ClInclude>
    <ClInclude Include="..\MapEditorEngine\ToolSetTileBlock.h">
      <Filter>Engine\Editor\LogicEvent</Filter>
    </ClInclude>
    <ClInclude Include="..\MapEditorEngine\ToolSetTileHeight.h">
      <Filter>Engine\Editor\LogicEvent</Filter>
    </ClInclude>
    <ClInclude Include="..\MapEditorEngine\ToolSetTileTexture.h">
      <Filter>Engine\Editor\LogicEvent</Filter>
    </ClInclude>
    <ClInclude Include="..\MapEditorEngine\ToolVertex.h">
      <Filter>Engine\Editor\LogicEvent</Filter>
    </ClInclude>
    <ClInclude Include="..\MapEditorEngine\CLogicBursh.h">
      <Filter>Engine\Editor\LogicEvent\LogicBrush</Filter>
    </ClInclude>
    <ClInclude Include="..\MapEditorEngine\CmdBornObject.h">
      <Filter>Engine\Editor\Command</Filter>
    </ClInclude>
    <ClInclude Include="..\MapEditorEngine\CmdDeleteObject.h">
      <Filter>Engine\Editor\Command</Filter>
    </ClInclude>
    <ClInclude Include="..\MapEditorEngine\CmdDeleteTexture.h">
      <Filter>Engine\Editor\Command</Filter>
    </ClInclude>
    <ClInclude Include="..\MapEditorEngine\CmdHideObject.h">
      <Filter>Engine\Editor\Command</Filter>
    </ClInclude>
    <ClInclude Include="..\MapEditorEngine\CmdLiftMoveObject.h">
      <Filter>Engine\Editor\Command</Filter>
    </ClInclude>
    <ClInclude Include="..\MapEditorEngine\CmdMoveObject.h">
      <Filter>Engine\Editor\Command</Filter>
    </ClInclude>
    <ClInclude Include="..\MapEditorEngine\CmdPlaceObject.h">
      <Filter>Engine\Editor\Command</Filter>
    </ClInclude>
    <ClInclude Include="..\MapEditorEngine\CmdRotateObject.h">
      <Filter>Engine\Editor\Command</Filter>
    </ClInclude>
    <ClInclude Include="..\MapEditorEngine\CmdSetHideGrid.h">
      <Filter>Engine\Editor\Command</Filter>
    </ClInclude>
    <ClInclude Include="..\MapEditorEngine\CmdSetSerialTexture.h">
      <Filter>Engine\Editor\Command</Filter>
    </ClInclude>
    <ClInclude Include="..\MapEditorEngine\CmdSetSingleTexture.h">
      <Filter>Engine\Editor\Command</Filter>
    </ClInclude>
    <ClInclude Include="..\MapEditorEngine\CmdSetTileBlock.h">
      <Filter>Engine\Editor\Command</Filter>
    </ClInclude>
    <ClInclude Include="..\MapEditorEngine\CmdSetVertexAlpha.h">
      <Filter>Engine\Editor\Command</Filter>
    </ClInclude>
    <ClInclude Include="..\MapEditorEngine\CmdSetVertexColor.h">
      <Filter>Engine\Editor\Command</Filter>
    </ClInclude>
    <ClInclude Include="..\MapEditorEngine\CmdSetVertexHeight.h">
      <Filter>Engine\Editor\Command</Filter>
    </ClInclude>
    <ClInclude Include="..\MapEditorEngine\ICamPathHandler.h">
      <Filter>Engine\Editor\Handler</Filter>
    </ClInclude>
    <ClInclude Include="..\MapEditorEngine\SceneAudioMgr.h">
      <Filter>Engine\Editor\Audio</Filter>
    </ClInclude>
    <ClInclude Include="..\MapEditorEngine\CMapEffect.h">
      <Filter>Engine\Editor\Effect</Filter>
    </ClInclude>
    <ClInclude Include="..\MapEditorEngine\CRegionAmbientEffectMgr.h">
      <Filter>Engine\Region</Filter>
    </ClInclude>
    <ClInclude Include="..\MapEditorEngine\SceneRegion.h">
      <Filter>Engine\Region</Filter>
    </ClInclude>
    <ClInclude Include="..\MapEditorEngine\SceneRegionMgr.h">
      <Filter>Engine\Region</Filter>
    </ClInclude>
    <ClInclude Include="CLightSetDlg.h">
      <Filter>FormUI</Filter>
    </ClInclude>
    <ClInclude Include="MainForm.h">
      <Filter>FormUI</Filter>
    </ClInclude>
    <ClInclude Include="MapSetDlg.h">
      <Filter>FormUI</Filter>
    </ClInclude>
    <ClInclude Include="..\MapEditorEngine\CMapEditApp.h">
      <Filter>NewMapEditor</Filter>
    </ClInclude>
    <ClInclude Include="CMapEditorManage.h">
      <Filter>NewMapEditor</Filter>
    </ClInclude>
    <ClInclude Include="CMapMgr.h">
      <Filter>NewMapEditor</Filter>
    </ClInclude>
    <ClInclude Include="stdafx.h">
      <Filter>NewMapEditor</Filter>
    </ClInclude>
  </ItemGroup>
  <ItemGroup>
    <None Include="..\MapEditorEngine\Operator.inl">
      <Filter>Engine\Render\SceneNode\Operator</Filter>
    </None>
    <None Include="..\MapEditorEngine\CCameraBase.inl">
      <Filter>Engine\Camera</Filter>
    </None>
    <None Include="..\MapEditorEngine\CMapEditCamera.inl">
      <Filter>Engine\Camera</Filter>
    </None>
    <None Include="..\MapEditorEngine\CRecordCamera.inl">
      <Filter>Engine\Camera</Filter>
    </None>
    <None Include="..\MapEditorEngine\SceneEnvMgr.inl">
      <Filter>Engine\Editor\LogicEvent</Filter>
    </None>
  </ItemGroup>
  <ItemGroup>
    <EmbeddedResource Include="CLightSetDlg.resx" />
    <EmbeddedResource Include="MainForm.resx" />
    <EmbeddedResource Include="MapSetDlg.resx" />
  </ItemGroup>
</Project>