<?xml version="1.0" encoding="utf-8"?>
<Project ToolsVersion="4.0" xmlns="http://schemas.microsoft.com/developer/msbuild/2003">
  <ItemGroup>
    <Filter Include="框架">
      <UniqueIdentifier>{36fc3cb4-ab34-49ae-aefa-39cc83a5f8a7}</UniqueIdentifier>
    </Filter>
    <Filter Include="框架\战斗">
      <UniqueIdentifier>{4194cfcc-a189-4bfc-b88e-5286b4eabc36}</UniqueIdentifier>
    </Filter>
    <Filter Include="连接">
      <UniqueIdentifier>{7a1fd931-6760-423a-9305-2857295b97ee}</UniqueIdentifier>
    </Filter>
  </ItemGroup>
  <ItemGroup>
    <ClCompile Include="GameStr.cpp">
      <Filter>框架</Filter>
    </ClCompile>
    <ClCompile Include="RegistStrShell.cpp">
      <Filter>框架</Filter>
    </ClCompile>
    <ClCompile Include="stdafx.cpp">
      <Filter>框架</Filter>
    </ClCompile>
    <ClCompile Include="CFighterStress.cpp">
      <Filter>框架\战斗</Filter>
    </ClCompile>
    <ClCompile Include="CConnMgrStrHandler.cpp">
      <Filter>连接</Filter>
    </ClCompile>
    <ClCompile Include="CStrMsgDispatcher.cpp">
      <Filter>连接</Filter>
    </ClCompile>
  </ItemGroup>
  <ItemGroup>
    <ClInclude Include="RegistStrShell.h">
      <Filter>框架</Filter>
    </ClInclude>
    <ClInclude Include="stdafx.h">
      <Filter>框架</Filter>
    </ClInclude>
    <ClInclude Include="CFighterStress.h">
      <Filter>框架\战斗</Filter>
    </ClInclude>
    <ClInclude Include="CConnMgrStrHandler.h">
      <Filter>连接</Filter>
    </ClInclude>
    <ClInclude Include="CStrCharacterMsgDispatch.h">
      <Filter>连接</Filter>
    </ClInclude>
    <ClInclude Include="CStrFighterMsgDispatch.h">
      <Filter>连接</Filter>
    </ClInclude>
    <ClInclude Include="CStrMsgDispatcher.h">
      <Filter>连接</Filter>
    </ClInclude>
    <ClInclude Include="IScriptConnMgrStressHandler.h">
      <Filter>连接</Filter>
    </ClInclude>
  </ItemGroup>
</Project>