<?xml version="1.0" encoding="utf-8"?>
<Project ToolsVersion="4.0" xmlns="http://schemas.microsoft.com/developer/msbuild/2003">
  <ItemGroup>
    <Filter Include="Resource Files">
      <UniqueIdentifier>{67DA6AB6-F800-4c08-8B7A-83BB121AAD01}</UniqueIdentifier>
      <Extensions>rc;ico;cur;bmp;dlg;rc2;rct;bin;rgs;gif;jpg;jpeg;jpe;resx</Extensions>
    </Filter>
    <Filter Include="CLREffectEditor">
      <UniqueIdentifier>{98494dd1-26d8-45a3-a865-d24f89f78009}</UniqueIdentifier>
    </Filter>
    <Filter Include="CLREffectEditor\EditorCLRForm">
      <UniqueIdentifier>{17d256a2-99a3-400a-8a48-1de8f8cf3cb7}</UniqueIdentifier>
    </Filter>
    <Filter Include="CLREffectEditor\EditorImp">
      <UniqueIdentifier>{1272482e-80fd-483f-a881-2ca773d64aa7}</UniqueIdentifier>
    </Filter>
    <Filter Include="CLREffectEditor\EditorMain">
      <UniqueIdentifier>{30b5a927-98bc-4bc8-98e0-46b082a2100c}</UniqueIdentifier>
    </Filter>
    <Filter Include="CLREffectEditor\EditorMisc">
      <UniqueIdentifier>{e4625883-28b4-4f6a-a4fb-c102b1a9f491}</UniqueIdentifier>
    </Filter>
  </ItemGroup>
  <ItemGroup>
    <Image Include="res\bitmap1.bmp">
      <Filter>Resource Files</Filter>
    </Image>
    <Image Include="res\EffectEditor.ico">
      <Filter>Resource Files</Filter>
    </Image>
    <Image Include="res\FX.ico">
      <Filter>Resource Files</Filter>
    </Image>
    <Image Include="res\FXGroupNor.ico">
      <Filter>Resource Files</Filter>
    </Image>
    <Image Include="res\FXGroupSel.ico">
      <Filter>Resource Files</Filter>
    </Image>
    <Image Include="res\FXRoot.ico">
      <Filter>Resource Files</Filter>
    </Image>
    <Image Include="res\grid.bmp">
      <Filter>Resource Files</Filter>
    </Image>
  </ItemGroup>
  <ItemGroup>
    <ResourceCompile Include="CLREffectEditor.rc">
      <Filter>Resource Files</Filter>
    </ResourceCompile>
  </ItemGroup>
  <ItemGroup>
    <ClCompile Include="EditorMainForm.cpp">
      <Filter>CLREffectEditor\EditorCLRForm</Filter>
    </ClCompile>
    <ClCompile Include="EditorMainFormImp.cpp">
      <Filter>CLREffectEditor\EditorImp</Filter>
    </ClCompile>
    <ClCompile Include="CLREffectEditor.cpp">
      <Filter>CLREffectEditor\EditorMain</Filter>
    </ClCompile>
    <ClCompile Include="stdafx.cpp">
      <Filter>CLREffectEditor\EditorMisc</Filter>
    </ClCompile>
  </ItemGroup>
  <ItemGroup>
    <ClInclude Include="EditorMainForm.h">
      <Filter>CLREffectEditor\EditorCLRForm</Filter>
    </ClInclude>
    <ClInclude Include="EditorMainFormImp.h">
      <Filter>CLREffectEditor\EditorImp</Filter>
    </ClInclude>
    <ClInclude Include="CLREffectEditor.h">
      <Filter>CLREffectEditor\EditorMain</Filter>
    </ClInclude>
    <ClInclude Include="resource.h">
      <Filter>CLREffectEditor\EditorMisc</Filter>
    </ClInclude>
    <ClInclude Include="stdafx.h">
      <Filter>CLREffectEditor\EditorMisc</Filter>
    </ClInclude>
  </ItemGroup>
  <ItemGroup>
    <EmbeddedResource Include="EditorMainForm.resx">
      <Filter>Resource Files</Filter>
    </EmbeddedResource>
  </ItemGroup>
</Project>