<?xml version="1.0" encoding="utf-8"?>
<Project ToolsVersion="4.0" xmlns="http://schemas.microsoft.com/developer/msbuild/2003">
  <ItemGroup>
    <Filter Include="Public">
      <UniqueIdentifier>{f66617f1-7ff5-41ac-a954-720714cad40b}</UniqueIdentifier>
    </Filter>
    <Filter Include="Private">
      <UniqueIdentifier>{a7d24715-e1fd-4989-980a-c01a0fe6fea1}</UniqueIdentifier>
    </Filter>
    <Filter Include="Private\RenderAdapter">
      <UniqueIdentifier>{25daf649-2778-4f05-b320-df682fbf2b94}</UniqueIdentifier>
    </Filter>
  </ItemGroup>
  <ItemGroup>
    <ClInclude Include="..\..\sdk\inc\SQRYYCtrl.h">
      <Filter>Public</Filter>
    </ClInclude>
    <ClInclude Include="stdafx.h">
      <Filter>Private</Filter>
    </ClInclude>
    <ClInclude Include="CDx9YYAdapter.h">
      <Filter>Private\RenderAdapter</Filter>
    </ClInclude>
  </ItemGroup>
  <ItemGroup>
    <ClCompile Include="SQRYYCtrl.cpp">
      <Filter>Private</Filter>
    </ClCompile>
    <ClCompile Include="stdafx.cpp">
      <Filter>Private</Filter>
    </ClCompile>
    <ClCompile Include="CDx9YYAdapter.cpp">
      <Filter>Private\RenderAdapter</Filter>
    </ClCompile>
  </ItemGroup>
  <ItemGroup>
    <Text Include="ReadMe.txt" />
  </ItemGroup>
</Project>