<?xml version="1.0" encoding="utf-8"?>
<Project ToolsVersion="4.0" xmlns="http://schemas.microsoft.com/developer/msbuild/2003">
  <ItemGroup>
    <Filter Include="接口">
      <UniqueIdentifier>{330e1183-c14a-45f9-a61d-6932993bcc11}</UniqueIdentifier>
    </Filter>
    <Filter Include="同步">
      <UniqueIdentifier>{aa88c636-a73f-4814-978c-96d78ad70e1e}</UniqueIdentifier>
    </Filter>
    <Filter Include="同步\加解密">
      <UniqueIdentifier>{ada8f3b8-1393-4010-a07c-5b8e2e951bfe}</UniqueIdentifier>
    </Filter>
    <Filter Include="框架">
      <UniqueIdentifier>{0be1c45d-6f55-4a7e-82ff-0398773627a4}</UniqueIdentifier>
    </Filter>
    <Filter Include="公共">
      <UniqueIdentifier>{de9bb6c4-4e05-4f74-80c3-a27598b47871}</UniqueIdentifier>
    </Filter>
    <Filter Include="异步">
      <UniqueIdentifier>{d98373e7-6f80-4894-aa07-50d1e632908b}</UniqueIdentifier>
    </Filter>
    <Filter Include="异步\多线程">
      <UniqueIdentifier>{e10b8253-10c9-4a6b-94a7-83e28edb8ff2}</UniqueIdentifier>
    </Filter>
  </ItemGroup>
  <ItemGroup>
    <ClInclude Include="..\..\sdk\inc\IMulticast.h">
      <Filter>接口</Filter>
    </ClInclude>
    <ClInclude Include="..\..\sdk\inc\IPipe.h">
      <Filter>接口</Filter>
    </ClInclude>
    <ClInclude Include="..\..\sdk\inc\IPipeHandler.h">
      <Filter>接口</Filter>
    </ClInclude>
    <ClInclude Include="..\..\sdk\inc\IPipeModule.h">
      <Filter>接口</Filter>
    </ClInclude>
    <ClInclude Include="..\..\sdk\inc\IPipeReactor.h">
      <Filter>接口</Filter>
    </ClInclude>
    <ClInclude Include="..\..\sdk\inc\PipeTypes.h">
      <Filter>接口</Filter>
    </ClInclude>
    <ClInclude Include="CCompressedDataHeader.h">
      <Filter>同步</Filter>
    </ClInclude>
    <ClInclude Include="CDataFlowCounter.h">
      <Filter>同步</Filter>
    </ClInclude>
    <ClInclude Include="CMulticast.h">
      <Filter>同步</Filter>
    </ClInclude>
    <ClInclude Include="CPipeCallback.h">
      <Filter>同步</Filter>
    </ClInclude>
    <ClInclude Include="CPipeState.h">
      <Filter>同步</Filter>
    </ClInclude>
    <ClInclude Include="CPipeState_Busy.h">
      <Filter>同步</Filter>
    </ClInclude>
    <ClInclude Include="CPipeState_Connected.h">
      <Filter>同步</Filter>
    </ClInclude>
    <ClInclude Include="CPipeState_Connecting.h">
      <Filter>同步</Filter>
    </ClInclude>
    <ClInclude Include="CPipeState_Disconnected.h">
      <Filter>同步</Filter>
    </ClInclude>
    <ClInclude Include="CPipeState_Listening.h">
      <Filter>同步</Filter>
    </ClInclude>
    <ClInclude Include="CSyncPipe.h">
      <Filter>同步</Filter>
    </ClInclude>
    <ClInclude Include="CSyncPipeInBuffer.h">
      <Filter>同步</Filter>
    </ClInclude>
    <ClInclude Include="CSyncPipeOutBuffer.h">
      <Filter>同步</Filter>
    </ClInclude>
    <ClInclude Include="CSyncPipeReactor.h">
      <Filter>同步</Filter>
    </ClInclude>
    <ClInclude Include="CByteDecoder.h">
      <Filter>同步\加解密</Filter>
    </ClInclude>
    <ClInclude Include="CByteEncoder.h">
      <Filter>同步\加解密</Filter>
    </ClInclude>
    <ClInclude Include="CTestSuiteEnDecoder.h">
      <Filter>同步\加解密</Filter>
    </ClInclude>
    <ClInclude Include="Network.h">
      <Filter>框架</Filter>
    </ClInclude>
    <ClInclude Include="..\..\sdk\inc\NetworkDefs.h">
      <Filter>框架</Filter>
    </ClInclude>
    <ClInclude Include="stdafx.h">
      <Filter>框架</Filter>
    </ClInclude>
    <ClInclude Include="CNetworkMallocObject.h">
      <Filter>公共</Filter>
    </ClInclude>
    <ClInclude Include="CPipeEventObject.h">
      <Filter>公共</Filter>
    </ClInclude>
    <ClInclude Include="CPipeModule.h">
      <Filter>公共</Filter>
    </ClInclude>
    <ClInclude Include="..\..\sdk\inc\NetworkHelper.h">
      <Filter>公共</Filter>
    </ClInclude>
    <ClInclude Include="TNetworkAllocator.h">
      <Filter>公共</Filter>
    </ClInclude>
    <ClInclude Include="CAsynMulticast.h">
      <Filter>异步</Filter>
    </ClInclude>
    <ClInclude Include="CAsynPipe.h">
      <Filter>异步</Filter>
    </ClInclude>
    <ClInclude Include="CAsynPipeInBuffer.h">
      <Filter>异步</Filter>
    </ClInclude>
    <ClInclude Include="CAsynPipeReactor.h">
      <Filter>异步</Filter>
    </ClInclude>
    <ClInclude Include="CAsynPipeHandler.h">
      <Filter>异步\多线程</Filter>
    </ClInclude>
    <ClInclude Include="CPipeJob.h">
      <Filter>异步\多线程</Filter>
    </ClInclude>
    <ClInclude Include="CPipeResult.h">
      <Filter>异步\多线程</Filter>
    </ClInclude>
    <ClInclude Include="CPipeThread.h">
      <Filter>异步\多线程</Filter>
    </ClInclude>
    <ClInclude Include="CPipeThreadMgr.h">
      <Filter>异步\多线程</Filter>
    </ClInclude>
    <ClInclude Include="CPipeTrMsgBufferSwapper.h">
      <Filter>异步\多线程</Filter>
    </ClInclude>
  </ItemGroup>
  <ItemGroup>
    <ClCompile Include="CDataFlowCounter.cpp">
      <Filter>同步</Filter>
    </ClCompile>
    <ClCompile Include="CMulticast.cpp">
      <Filter>同步</Filter>
    </ClCompile>
    <ClCompile Include="CPipeCallback.cpp">
      <Filter>同步</Filter>
    </ClCompile>
    <ClCompile Include="CPipeState.cpp">
      <Filter>同步</Filter>
    </ClCompile>
    <ClCompile Include="CPipeState_Busy.cpp">
      <Filter>同步</Filter>
    </ClCompile>
    <ClCompile Include="CPipeState_Connected.cpp">
      <Filter>同步</Filter>
    </ClCompile>
    <ClCompile Include="CPipeState_Connecting.cpp">
      <Filter>同步</Filter>
    </ClCompile>
    <ClCompile Include="CPipeState_Disconnected.cpp">
      <Filter>同步</Filter>
    </ClCompile>
    <ClCompile Include="CPipeState_Listening.cpp">
      <Filter>同步</Filter>
    </ClCompile>
    <ClCompile Include="CSyncPipe.cpp">
      <Filter>同步</Filter>
    </ClCompile>
    <ClCompile Include="CSyncPipeInBuffer.cpp">
      <Filter>同步</Filter>
    </ClCompile>
    <ClCompile Include="CSyncPipeOutBuffer.cpp">
      <Filter>同步</Filter>
    </ClCompile>
    <ClCompile Include="CSyncPipeReactor.cpp">
      <Filter>同步</Filter>
    </ClCompile>
    <ClCompile Include="CByteDecoder.cpp">
      <Filter>同步\加解密</Filter>
    </ClCompile>
    <ClCompile Include="CByteEncoder.cpp">
      <Filter>同步\加解密</Filter>
    </ClCompile>
    <ClCompile Include="CTestSuiteEnDecoder.cpp">
      <Filter>同步\加解密</Filter>
    </ClCompile>
    <ClCompile Include="stdafx.cpp">
      <Filter>框架</Filter>
    </ClCompile>
    <ClCompile Include="CNetworkMallocObject.cpp">
      <Filter>公共</Filter>
    </ClCompile>
    <ClCompile Include="CPipeEventObject.cpp">
      <Filter>公共</Filter>
    </ClCompile>
    <ClCompile Include="CPipeModule.cpp">
      <Filter>公共</Filter>
    </ClCompile>
    <ClCompile Include="IPipeHandler.cpp">
      <Filter>公共</Filter>
    </ClCompile>
    <ClCompile Include="NetworkHelper.cpp">
      <Filter>公共</Filter>
    </ClCompile>
    <ClCompile Include="CAsynMulticast.cpp">
      <Filter>异步</Filter>
    </ClCompile>
    <ClCompile Include="CAsynPipe.cpp">
      <Filter>异步</Filter>
    </ClCompile>
    <ClCompile Include="CAsynPipeInBuffer.cpp">
      <Filter>异步</Filter>
    </ClCompile>
    <ClCompile Include="CAsynPipeReactor.cpp">
      <Filter>异步</Filter>
    </ClCompile>
    <ClCompile Include="CAsynPipeHandler.cpp">
      <Filter>异步\多线程</Filter>
    </ClCompile>
    <ClCompile Include="CPipeJob.cpp">
      <Filter>异步\多线程</Filter>
    </ClCompile>
    <ClCompile Include="CPipeResult.cpp">
      <Filter>异步\多线程</Filter>
    </ClCompile>
    <ClCompile Include="CPipeThread.cpp">
      <Filter>异步\多线程</Filter>
    </ClCompile>
    <ClCompile Include="CPipeThreadMgr.cpp">
      <Filter>异步\多线程</Filter>
    </ClCompile>
    <ClCompile Include="CPipeTrMsgBufferSwapper.cpp">
      <Filter>异步\多线程</Filter>
    </ClCompile>
  </ItemGroup>
  <ItemGroup>
    <None Include="CSyncPipe.inl">
      <Filter>同步</Filter>
    </None>
    <None Include="CByteDecoder.inl">
      <Filter>同步\加解密</Filter>
    </None>
    <None Include="CByteEncoder.inl">
      <Filter>同步\加解密</Filter>
    </None>
    <None Include="CPipeJob.inl">
      <Filter>异步\多线程</Filter>
    </None>
    <None Include="CPipeResult.inl">
      <Filter>异步\多线程</Filter>
    </None>
  </ItemGroup>
</Project>