<?xml version="1.0" encoding="utf-8"?>
<Project ToolsVersion="4.0" xmlns="http://schemas.microsoft.com/developer/msbuild/2003">
  <ItemGroup>
    <Filter Include="框架">
      <UniqueIdentifier>{5f6ec040-3423-409e-9189-6cddd8145db3}</UniqueIdentifier>
    </Filter>
    <Filter Include="特效">
      <UniqueIdentifier>{ca86d481-74cd-46c0-a250-ab6926c88373}</UniqueIdentifier>
    </Filter>
    <Filter Include="特效\内存池">
      <UniqueIdentifier>{b547d22a-d020-4887-be96-3afe17cc0831}</UniqueIdentifier>
    </Filter>
    <Filter Include="战斗">
      <UniqueIdentifier>{ac215597-09df-47c0-bbdc-7ef746e1dab0}</UniqueIdentifier>
    </Filter>
    <Filter Include="战斗\魔法">
      <UniqueIdentifier>{75f786bc-3713-467c-a787-cbcc001d9a53}</UniqueIdentifier>
    </Filter>
    <Filter Include="战斗\效果">
      <UniqueIdentifier>{5657c7e0-7c70-40c6-bb40-611ea910441b}</UniqueIdentifier>
    </Filter>
    <Filter Include="战斗\效果\操作">
      <UniqueIdentifier>{bf07e1b4-0053-4f89-aa7a-787b44ca812d}</UniqueIdentifier>
    </Filter>
    <Filter Include="战斗\效果\操作\条件">
      <UniqueIdentifier>{ed5893d5-7ec9-4e8a-bee9-274b2b3fabee}</UniqueIdentifier>
    </Filter>
    <Filter Include="战斗\属性">
      <UniqueIdentifier>{1621488e-083a-43d2-bc95-0c06bff8d4a5}</UniqueIdentifier>
    </Filter>
    <Filter Include="战斗\技能">
      <UniqueIdentifier>{6e5cc61c-e032-441e-9542-24b6b8d8e733}</UniqueIdentifier>
    </Filter>
    <Filter Include="战斗\状态">
      <UniqueIdentifier>{7d296e66-db37-4a03-a2c0-d4d568fad18f}</UniqueIdentifier>
    </Filter>
    <Filter Include="战斗\流程">
      <UniqueIdentifier>{bee8e46a-e89a-40b0-9ebf-5af66e3daeb5}</UniqueIdentifier>
    </Filter>
    <Filter Include="战斗\公共">
      <UniqueIdentifier>{856130c0-b702-4c5f-b357-956614b37b5a}</UniqueIdentifier>
    </Filter>
    <Filter Include="战斗\普攻">
      <UniqueIdentifier>{4db8a6bf-0d9c-4996-9a57-43c8b5eca4f2}</UniqueIdentifier>
    </Filter>
    <Filter Include="战斗\对象">
      <UniqueIdentifier>{08ef26ff-4097-4013-bf86-de407e710da5}</UniqueIdentifier>
    </Filter>
    <Filter Include="战斗\队伍">
      <UniqueIdentifier>{4464647d-7b06-4912-bc09-8be2068a9041}</UniqueIdentifier>
    </Filter>
    <Filter Include="战斗\爆魂">
      <UniqueIdentifier>{198857cf-f788-4a4a-bc36-e88b4afd92b4}</UniqueIdentifier>
    </Filter>
    <Filter Include="动作">
      <UniqueIdentifier>{6238870c-b2d4-454a-b205-cd3412d6d7d6}</UniqueIdentifier>
    </Filter>
    <Filter Include="连接">
      <UniqueIdentifier>{8d3d2dc2-4305-429a-b562-7d7240b90e50}</UniqueIdentifier>
    </Filter>
    <Filter Include="游戏实体">
      <UniqueIdentifier>{905cc003-be16-48ee-93df-574a44c6f19a}</UniqueIdentifier>
    </Filter>
    <Filter Include="交互对象">
      <UniqueIdentifier>{3307c2d6-5bb6-4534-8be3-4373086fecbb}</UniqueIdentifier>
    </Filter>
    <Filter Include="音效">
      <UniqueIdentifier>{53ee25ba-f0ef-4182-aae9-aaae0719dc47}</UniqueIdentifier>
    </Filter>
    <Filter Include="反外挂">
      <UniqueIdentifier>{ee5782f3-c00b-4945-ae00-4c7a2f9303d9}</UniqueIdentifier>
    </Filter>
    <Filter Include="界面">
      <UniqueIdentifier>{0e99dc8b-66da-4388-a2a8-eed5115278a1}</UniqueIdentifier>
    </Filter>
    <Filter Include="界面\地图">
      <UniqueIdentifier>{0fcfcdd4-2b61-4a31-9774-00d8bd590f78}</UniqueIdentifier>
    </Filter>
    <Filter Include="界面\公告板">
      <UniqueIdentifier>{e4a92702-9f31-44c9-aea7-5b101357bbbf}</UniqueIdentifier>
    </Filter>
    <Filter Include="界面\血条">
      <UniqueIdentifier>{fcfc9172-2c70-42bb-ae2f-7ffb88ebf8b8}</UniqueIdentifier>
    </Filter>
    <Filter Include="场景">
      <UniqueIdentifier>{28e6c030-48f2-4172-8606-c422298d5155}</UniqueIdentifier>
    </Filter>
    <Filter Include="角色">
      <UniqueIdentifier>{edb5c5c8-d180-4072-a334-784562f28c4c}</UniqueIdentifier>
    </Filter>
    <Filter Include="模型">
      <UniqueIdentifier>{8eb8274b-7fa0-4582-9dec-b7c09c599567}</UniqueIdentifier>
    </Filter>
  </ItemGroup>
  <ItemGroup>
    <ClCompile Include="CGameClientProxyBank.cpp">
      <Filter>框架</Filter>
    </ClCompile>
    <ClCompile Include="CppGameClient.cpp">
      <Filter>框架</Filter>
    </ClCompile>
    <ClCompile Include="GameGac.cpp">
      <Filter>框架</Filter>
    </ClCompile>
    <ClCompile Include="RegistGacShell.cpp">
      <Filter>框架</Filter>
    </ClCompile>
    <ClCompile Include="RunExe.cpp">
      <Filter>框架</Filter>
    </ClCompile>
    <ClCompile Include="stdafx.cpp">
      <Filter>框架</Filter>
    </ClCompile>
    <ClCompile Include="CDisplayHurt.cpp">
      <Filter>特效</Filter>
    </ClCompile>
    <ClCompile Include="FXPlayer.cpp">
      <Filter>特效</Filter>
    </ClCompile>
    <ClCompile Include="CFXMallocObject.cpp">
      <Filter>特效\内存池</Filter>
    </ClCompile>
    <ClCompile Include="CAureMagicClient.cpp">
      <Filter>战斗\魔法</Filter>
    </ClCompile>
    <ClCompile Include="CBarrierMagicClient.cpp">
      <Filter>战斗\魔法</Filter>
    </ClCompile>
    <ClCompile Include="CBattleArrayMagicClient.cpp">
      <Filter>战斗\魔法</Filter>
    </ClCompile>
    <ClCompile Include="CBulletMagicClient.cpp">
      <Filter>战斗\魔法</Filter>
    </ClCompile>
    <ClCompile Include="CMagicClient.cpp">
      <Filter>战斗\魔法</Filter>
    </ClCompile>
    <ClCompile Include="CMoveMagicClient.cpp">
      <Filter>战斗\魔法</Filter>
    </ClCompile>
    <ClCompile Include="CPositionMagicClient.cpp">
      <Filter>战斗\魔法</Filter>
    </ClCompile>
    <ClCompile Include="CShockWaveMagicClient.cpp">
      <Filter>战斗\魔法</Filter>
    </ClCompile>
    <ClCompile Include="CTransferableMagicClient.cpp">
      <Filter>战斗\魔法</Filter>
    </ClCompile>
    <ClCompile Include="CMagicEffClient.cpp">
      <Filter>战斗\效果</Filter>
    </ClCompile>
    <ClCompile Include="CMagicOpClient.cpp">
      <Filter>战斗\效果\操作</Filter>
    </ClCompile>
    <ClCompile Include="MagicConds_Function.cpp">
      <Filter>战斗\效果\操作\条件</Filter>
    </ClCompile>
    <ClCompile Include="CFighterAgileInfoClient.cpp">
      <Filter>战斗\属性</Filter>
    </ClCompile>
    <ClCompile Include="CRelationMgrClient.cpp">
      <Filter>战斗\属性</Filter>
    </ClCompile>
    <ClCompile Include="CCoolDownMgrClient.cpp">
      <Filter>战斗\技能</Filter>
    </ClCompile>
    <ClCompile Include="CSkillClient.cpp">
      <Filter>战斗\技能</Filter>
    </ClCompile>
    <ClCompile Include="CSkillCondMgrClient.cpp">
      <Filter>战斗\技能</Filter>
    </ClCompile>
    <ClCompile Include="CAllStateMgrClient.cpp">
      <Filter>战斗\状态</Filter>
    </ClCompile>
    <ClCompile Include="CMagicStateClient.cpp">
      <Filter>战斗\状态</Filter>
    </ClCompile>
    <ClCompile Include="COtherStateClient.cpp">
      <Filter>战斗\状态</Filter>
    </ClCompile>
    <ClCompile Include="CTplStateCfgClient.cpp">
      <Filter>战斗\状态</Filter>
    </ClCompile>
    <ClCompile Include="CCastingProccessClient.cpp">
      <Filter>战斗\流程</Filter>
    </ClCompile>
    <ClCompile Include="CCfgCalcClient.cpp">
      <Filter>战斗\公共</Filter>
    </ClCompile>
    <ClCompile Include="CCfgCalcFunctionClient.cpp">
      <Filter>战斗\公共</Filter>
    </ClCompile>
    <ClCompile Include="LoadSkillGac.cpp">
      <Filter>战斗\公共</Filter>
    </ClCompile>
    <ClCompile Include="CNormalAttackCfgClient.cpp">
      <Filter>战斗\普攻</Filter>
    </ClCompile>
    <ClCompile Include="CNormalAttackClient.cpp">
      <Filter>战斗\普攻</Filter>
    </ClCompile>
    <ClCompile Include="CFighterDirector.cpp">
      <Filter>战斗\对象</Filter>
    </ClCompile>
    <ClCompile Include="CFighterFollower.cpp">
      <Filter>战斗\对象</Filter>
    </ClCompile>
    <ClCompile Include="CFighterVariantCallback.cpp">
      <Filter>战斗\对象</Filter>
    </ClCompile>
    <ClCompile Include="CFighterViewInfo.cpp">
      <Filter>战斗\对象</Filter>
    </ClCompile>
    <ClCompile Include="CTeamClientManager.cpp">
      <Filter>战斗\队伍</Filter>
    </ClCompile>
    <ClCompile Include="CBurstSoulCfgClient.cpp">
      <Filter>战斗\爆魂</Filter>
    </ClCompile>
    <ClCompile Include="CActorCfgClient.cpp">
      <Filter>动作</Filter>
    </ClCompile>
    <ClCompile Include="CActorDirector.cpp">
      <Filter>动作</Filter>
    </ClCompile>
    <ClCompile Include="CActorFollower.cpp">
      <Filter>动作</Filter>
    </ClCompile>
    <ClCompile Include="CActorIntObjClient.cpp">
      <Filter>动作</Filter>
    </ClCompile>
    <ClCompile Include="CActorVariantCallback.cpp">
      <Filter>动作</Filter>
    </ClCompile>
    <ClCompile Include="CCharAniController.cpp">
      <Filter>动作</Filter>
    </ClCompile>
    <ClCompile Include="CDirectionMgr.cpp">
      <Filter>动作</Filter>
    </ClCompile>
    <ClCompile Include="CFacialAniCfgMgr.cpp">
      <Filter>动作</Filter>
    </ClCompile>
    <ClCompile Include="CFacialCfg.cpp">
      <Filter>动作</Filter>
    </ClCompile>
    <ClCompile Include="CFacingMgr.cpp">
      <Filter>动作</Filter>
    </ClCompile>
    <ClCompile Include="CNPCGazedAtMgr.cpp">
      <Filter>动作</Filter>
    </ClCompile>
    <ClCompile Include="CRenderLinkMgr.cpp">
      <Filter>动作</Filter>
    </ClCompile>
    <ClCompile Include="CClientApexMsgDispatcher.cpp">
      <Filter>连接</Filter>
    </ClCompile>
    <ClCompile Include="CClientCharacterMsgDispatcher.cpp">
      <Filter>连接</Filter>
    </ClCompile>
    <ClCompile Include="CClientFighterMsgDispatcher.cpp">
      <Filter>连接</Filter>
    </ClCompile>
    <ClCompile Include="CClientMsgDispatcher.cpp">
      <Filter>连接</Filter>
    </ClCompile>
    <ClCompile Include="CConnMgrClientHandler.cpp">
      <Filter>连接</Filter>
    </ClCompile>
    <ClCompile Include="CEntityClient.cpp">
      <Filter>游戏实体</Filter>
    </ClCompile>
    <ClCompile Include="CEntityClientCreator.cpp">
      <Filter>游戏实体</Filter>
    </ClCompile>
    <ClCompile Include="CEntityClientManager.cpp">
      <Filter>游戏实体</Filter>
    </ClCompile>
    <ClCompile Include="CEntityVariantCallback.cpp">
      <Filter>游戏实体</Filter>
    </ClCompile>
    <ClCompile Include="CIntObjClient.cpp">
      <Filter>交互对象</Filter>
    </ClCompile>
    <ClCompile Include="CFxSoundPlayer.cpp">
      <Filter>音效</Filter>
    </ClCompile>
    <ClCompile Include="CSoundCDTimeMgr.cpp">
      <Filter>音效</Filter>
    </ClCompile>
    <ClCompile Include="CSoundConfig.cpp">
      <Filter>音效</Filter>
    </ClCompile>
    <ClCompile Include="CSoundPlayer.cpp">
      <Filter>音效</Filter>
    </ClCompile>
    <ClCompile Include="CApexClient.cpp">
      <Filter>反外挂</Filter>
    </ClCompile>
    <ClCompile Include="CBigMap.cpp">
      <Filter>界面\地图</Filter>
    </ClCompile>
    <ClCompile Include="CCommpressFile.cpp">
      <Filter>界面\地图</Filter>
    </ClCompile>
    <ClCompile Include="CSmallMap.cpp">
      <Filter>界面\地图</Filter>
    </ClCompile>
    <ClCompile Include="CSmallMapCoder.cpp">
      <Filter>界面\地图</Filter>
    </ClCompile>
    <ClCompile Include="CWorldMap.cpp">
      <Filter>界面\地图</Filter>
    </ClCompile>
    <ClCompile Include="CDirectionInfo.cpp">
      <Filter>界面\公告板</Filter>
    </ClCompile>
    <ClCompile Include="CBloodRenderDialogPool.cpp">
      <Filter>界面\血条</Filter>
    </ClCompile>
    <ClCompile Include="CBloodRenderMallocObject.cpp">
      <Filter>界面\血条</Filter>
    </ClCompile>
    <ClCompile Include="CBloodTypeCfg.cpp">
      <Filter>界面\血条</Filter>
    </ClCompile>
    <ClCompile Include="HeadBlood.cpp">
      <Filter>界面\血条</Filter>
    </ClCompile>
    <ClCompile Include="CGameSceneHandler.cpp">
      <Filter>场景</Filter>
    </ClCompile>
    <ClCompile Include="CAutoTracker.cpp">
      <Filter>角色</Filter>
    </ClCompile>
    <ClCompile Include="CCharacterDirector.cpp">
      <Filter>角色</Filter>
    </ClCompile>
    <ClCompile Include="CCharacterFollower.cpp">
      <Filter>角色</Filter>
    </ClCompile>
    <ClCompile Include="CCharacterFollowerVariantCallback.cpp">
      <Filter>角色</Filter>
    </ClCompile>
    <ClCompile Include="CCharacterVariantHandler.cpp">
      <Filter>角色</Filter>
    </ClCompile>
    <ClCompile Include="ICharacterFollowerCallbackHandler.cpp">
      <Filter>角色</Filter>
    </ClCompile>
    <ClCompile Include="CModelInfoClient.cpp">
      <Filter>模型</Filter>
    </ClCompile>
  </ItemGroup>
  <ItemGroup>
    <ClInclude Include="CGameClientProxyBank.h">
      <Filter>框架</Filter>
    </ClInclude>
    <ClInclude Include="CppGameClient.h">
      <Filter>框架</Filter>
    </ClInclude>
    <ClInclude Include="RegistGacShell.h">
      <Filter>框架</Filter>
    </ClInclude>
    <ClInclude Include="RunExe.h">
      <Filter>框架</Filter>
    </ClInclude>
    <ClInclude Include="stdafx.h">
      <Filter>框架</Filter>
    </ClInclude>
    <ClInclude Include="CDisplayHurt.h">
      <Filter>特效</Filter>
    </ClInclude>
    <ClInclude Include="CEffectUnitHandler.h">
      <Filter>特效</Filter>
    </ClInclude>
    <ClInclude Include="FXPlayer.h">
      <Filter>特效</Filter>
    </ClInclude>
    <ClInclude Include="CFXMallocObject.h">
      <Filter>特效\内存池</Filter>
    </ClInclude>
    <ClInclude Include="TFXAllocator.h">
      <Filter>特效\内存池</Filter>
    </ClInclude>
    <ClInclude Include="CAureMagicClient.h">
      <Filter>战斗\魔法</Filter>
    </ClInclude>
    <ClInclude Include="CBarrierMagicClient.h">
      <Filter>战斗\魔法</Filter>
    </ClInclude>
    <ClInclude Include="CBattleArrayMagicClient.h">
      <Filter>战斗\魔法</Filter>
    </ClInclude>
    <ClInclude Include="CBulletMagicClient.h">
      <Filter>战斗\魔法</Filter>
    </ClInclude>
    <ClInclude Include="CMagicClient.h">
      <Filter>战斗\魔法</Filter>
    </ClInclude>
    <ClInclude Include="CMoveMagicClient.h">
      <Filter>战斗\魔法</Filter>
    </ClInclude>
    <ClInclude Include="CPositionMagicClient.h">
      <Filter>战斗\魔法</Filter>
    </ClInclude>
    <ClInclude Include="CShockWaveMagicClient.h">
      <Filter>战斗\魔法</Filter>
    </ClInclude>
    <ClInclude Include="CTransferableMagicClient.h">
      <Filter>战斗\魔法</Filter>
    </ClInclude>
    <ClInclude Include="CMagicEffClient.h">
      <Filter>战斗\效果</Filter>
    </ClInclude>
    <ClInclude Include="CMagicOpClient.h">
      <Filter>战斗\效果\操作</Filter>
    </ClInclude>
    <ClInclude Include="CMagicCondClient.h">
      <Filter>战斗\效果\操作\条件</Filter>
    </ClInclude>
    <ClInclude Include="MagicConds_Function.h">
      <Filter>战斗\效果\操作\条件</Filter>
    </ClInclude>
    <ClInclude Include="MagicConds_TestValue.h">
      <Filter>战斗\效果\操作\条件</Filter>
    </ClInclude>
    <ClInclude Include="AgilePropertyClient.h">
      <Filter>战斗\属性</Filter>
    </ClInclude>
    <ClInclude Include="CFighterAgileInfoClient.h">
      <Filter>战斗\属性</Filter>
    </ClInclude>
    <ClInclude Include="CRelationMgrClient.h">
      <Filter>战斗\属性</Filter>
    </ClInclude>
    <ClInclude Include="CCoolDownMgrClient.h">
      <Filter>战斗\技能</Filter>
    </ClInclude>
    <ClInclude Include="CSkillClient.h">
      <Filter>战斗\技能</Filter>
    </ClInclude>
    <ClInclude Include="CSkillCondMgrClient.h">
      <Filter>战斗\技能</Filter>
    </ClInclude>
    <ClInclude Include="CSkillMgrClient.h">
      <Filter>战斗\技能</Filter>
    </ClInclude>
    <ClInclude Include="CAllStateMgrClient.h">
      <Filter>战斗\状态</Filter>
    </ClInclude>
    <ClInclude Include="CMagicStateClient.h">
      <Filter>战斗\状态</Filter>
    </ClInclude>
    <ClInclude Include="COtherStateClient.h">
      <Filter>战斗\状态</Filter>
    </ClInclude>
    <ClInclude Include="CTplStateCfgClient.h">
      <Filter>战斗\状态</Filter>
    </ClInclude>
    <ClInclude Include="CCastingProccessClient.h">
      <Filter>战斗\流程</Filter>
    </ClInclude>
    <ClInclude Include="CFightCallbackData.h">
      <Filter>战斗\公共</Filter>
    </ClInclude>
    <ClInclude Include="LoadSkillGac.h">
      <Filter>战斗\公共</Filter>
    </ClInclude>
    <ClInclude Include="CNormalAttackCfgClient.h">
      <Filter>战斗\普攻</Filter>
    </ClInclude>
    <ClInclude Include="CNormalAttackClient.h">
      <Filter>战斗\普攻</Filter>
    </ClInclude>
    <ClInclude Include="CFighterDirector.h">
      <Filter>战斗\对象</Filter>
    </ClInclude>
    <ClInclude Include="CFighterFollower.h">
      <Filter>战斗\对象</Filter>
    </ClInclude>
    <ClInclude Include="CFighterVariantCallback.h">
      <Filter>战斗\对象</Filter>
    </ClInclude>
    <ClInclude Include="CFighterViewInfo.h">
      <Filter>战斗\对象</Filter>
    </ClInclude>
    <ClInclude Include="IFighterDirectorHandler.h">
      <Filter>战斗\对象</Filter>
    </ClInclude>
    <ClInclude Include="IFighterFollowerHandler.h">
      <Filter>战斗\对象</Filter>
    </ClInclude>
    <ClInclude Include="CTeamClientManager.h">
      <Filter>战斗\队伍</Filter>
    </ClInclude>
    <ClInclude Include="ITeamClientManagerHandler.h">
      <Filter>战斗\队伍</Filter>
    </ClInclude>
    <ClInclude Include="CBurstSoulCfgClient.h">
      <Filter>战斗\爆魂</Filter>
    </ClInclude>
    <ClInclude Include="CActorCfgClient.h">
      <Filter>动作</Filter>
    </ClInclude>
    <ClInclude Include="CActorClient.h">
      <Filter>动作</Filter>
    </ClInclude>
    <ClInclude Include="CActorDirector.h">
      <Filter>动作</Filter>
    </ClInclude>
    <ClInclude Include="CActorFollower.h">
      <Filter>动作</Filter>
    </ClInclude>
    <ClInclude Include="CActorIntObjClient.h">
      <Filter>动作</Filter>
    </ClInclude>
    <ClInclude Include="CActorVariantCallback.h">
      <Filter>动作</Filter>
    </ClInclude>
    <ClInclude Include="CCharAniController.h">
      <Filter>动作</Filter>
    </ClInclude>
    <ClInclude Include="CDirectionMgr.h">
      <Filter>动作</Filter>
    </ClInclude>
    <ClInclude Include="CFacialAniCfgMgr.h">
      <Filter>动作</Filter>
    </ClInclude>
    <ClInclude Include="CFacialCfg.h">
      <Filter>动作</Filter>
    </ClInclude>
    <ClInclude Include="CFacingMgr.h">
      <Filter>动作</Filter>
    </ClInclude>
    <ClInclude Include="CNPCGazedAtMgr.h">
      <Filter>动作</Filter>
    </ClInclude>
    <ClInclude Include="CRenderLinkMgr.h">
      <Filter>动作</Filter>
    </ClInclude>
    <ClInclude Include="IActorClientHandler.h">
      <Filter>动作</Filter>
    </ClInclude>
    <ClInclude Include="IActorDirectorHandler.h">
      <Filter>动作</Filter>
    </ClInclude>
    <ClInclude Include="IActorFollowerHandler.h">
      <Filter>动作</Filter>
    </ClInclude>
    <ClInclude Include="IActorIntObjHandler.h">
      <Filter>动作</Filter>
    </ClInclude>
    <ClInclude Include="IRenderObjClientHandler.h">
      <Filter>动作</Filter>
    </ClInclude>
    <ClInclude Include="CClientApexMsgDispatcher.h">
      <Filter>连接</Filter>
    </ClInclude>
    <ClInclude Include="CClientCharacterMsgDispatcher.h">
      <Filter>连接</Filter>
    </ClInclude>
    <ClInclude Include="CClientFighterMsgDispatcher.h">
      <Filter>连接</Filter>
    </ClInclude>
    <ClInclude Include="CClientMsgDispatcher.h">
      <Filter>连接</Filter>
    </ClInclude>
    <ClInclude Include="CConnMgrClientHandler.h">
      <Filter>连接</Filter>
    </ClInclude>
    <ClInclude Include="IScriptConnMgrClientHandler.h">
      <Filter>连接</Filter>
    </ClInclude>
    <ClInclude Include="CEntityClient.h">
      <Filter>游戏实体</Filter>
    </ClInclude>
    <ClInclude Include="CEntityClientCreator.h">
      <Filter>游戏实体</Filter>
    </ClInclude>
    <ClInclude Include="CEntityClientManager.h">
      <Filter>游戏实体</Filter>
    </ClInclude>
    <ClInclude Include="CEntityVariantCallback.h">
      <Filter>游戏实体</Filter>
    </ClInclude>
    <ClInclude Include="IEntityClientManagerHandler.h">
      <Filter>游戏实体</Filter>
    </ClInclude>
    <ClInclude Include="TEntityAdapterClient.h">
      <Filter>游戏实体</Filter>
    </ClInclude>
    <ClInclude Include="TEntityTraitsClient.h">
      <Filter>游戏实体</Filter>
    </ClInclude>
    <ClInclude Include="CIntObjClient.h">
      <Filter>交互对象</Filter>
    </ClInclude>
    <ClInclude Include="IIntObjCallbackHandler.h">
      <Filter>交互对象</Filter>
    </ClInclude>
    <ClInclude Include="IIntObjClientHandler.h">
      <Filter>交互对象</Filter>
    </ClInclude>
    <ClInclude Include="TIntObjAdapterClient.h">
      <Filter>交互对象</Filter>
    </ClInclude>
    <ClInclude Include="CFxSoundPlayer.h">
      <Filter>音效</Filter>
    </ClInclude>
    <ClInclude Include="CSoundCDTimeMgr.h">
      <Filter>音效</Filter>
    </ClInclude>
    <ClInclude Include="CSoundConfig.h">
      <Filter>音效</Filter>
    </ClInclude>
    <ClInclude Include="CSoundPlayer.h">
      <Filter>音效</Filter>
    </ClInclude>
    <ClInclude Include="CApexClient.h">
      <Filter>反外挂</Filter>
    </ClInclude>
    <ClInclude Include="CBigMap.h">
      <Filter>界面\地图</Filter>
    </ClInclude>
    <ClInclude Include="CCommpressFile.h">
      <Filter>界面\地图</Filter>
    </ClInclude>
    <ClInclude Include="CSmallMap.h">
      <Filter>界面\地图</Filter>
    </ClInclude>
    <ClInclude Include="CSmallMapCoder.h">
      <Filter>界面\地图</Filter>
    </ClInclude>
    <ClInclude Include="CWorldMap.h">
      <Filter>界面\地图</Filter>
    </ClInclude>
    <ClInclude Include="CDirectionInfo.h">
      <Filter>界面\公告板</Filter>
    </ClInclude>
    <ClInclude Include="CBloodRenderDialogPool.h">
      <Filter>界面\血条</Filter>
    </ClInclude>
    <ClInclude Include="CBloodRenderMallocObject.h">
      <Filter>界面\血条</Filter>
    </ClInclude>
    <ClInclude Include="CBloodTypeCfg.h">
      <Filter>界面\血条</Filter>
    </ClInclude>
    <ClInclude Include="HeadBlood.h">
      <Filter>界面\血条</Filter>
    </ClInclude>
    <ClInclude Include="TBloodRenderAllocator.h">
      <Filter>界面\血条</Filter>
    </ClInclude>
    <ClInclude Include="CGameSceneHandler.h">
      <Filter>场景</Filter>
    </ClInclude>
    <ClInclude Include="CAutoTracker.h">
      <Filter>角色</Filter>
    </ClInclude>
    <ClInclude Include="CCharacterDirector.h">
      <Filter>角色</Filter>
    </ClInclude>
    <ClInclude Include="CCharacterFollower.h">
      <Filter>角色</Filter>
    </ClInclude>
    <ClInclude Include="CCharacterFollowerVariantCallback.h">
      <Filter>角色</Filter>
    </ClInclude>
    <ClInclude Include="CCharacterVariantHandler.h">
      <Filter>角色</Filter>
    </ClInclude>
    <ClInclude Include="ICharacterDirectorCallbackHandler.h">
      <Filter>角色</Filter>
    </ClInclude>
    <ClInclude Include="ICharacterDirectorHandler.h">
      <Filter>角色</Filter>
    </ClInclude>
    <ClInclude Include="ICharacterFollowerCallbackHandler.h">
      <Filter>角色</Filter>
    </ClInclude>
    <ClInclude Include="ICharacterFollowerHandler.h">
      <Filter>角色</Filter>
    </ClInclude>
    <ClInclude Include="TCharacterAdapterClient.h">
      <Filter>角色</Filter>
    </ClInclude>
    <ClInclude Include="CModelInfoClient.h">
      <Filter>模型</Filter>
    </ClInclude>
  </ItemGroup>
  <ItemGroup>
    <None Include="MagicConds_TestValue.inl">
      <Filter>战斗\效果\操作\条件</Filter>
    </None>
    <None Include="COtherStateClient.inl">
      <Filter>战斗\状态</Filter>
    </None>
    <None Include="CTplStateCfgClient.inl">
      <Filter>战斗\状态</Filter>
    </None>
    <None Include="CClientApexMsgDispatcher.inl">
      <Filter>连接</Filter>
    </None>
    <None Include="CClientCharacterMsgDispatcher.inl">
      <Filter>连接</Filter>
    </None>
    <None Include="CClientFighterMsgDispatcher.inl">
      <Filter>连接</Filter>
    </None>
    <None Include="CEntityClient.inl">
      <Filter>游戏实体</Filter>
    </None>
    <None Include="TEntityAdapterClient.inl">
      <Filter>游戏实体</Filter>
    </None>
    <None Include="TIntObjAdapterClient.inl">
      <Filter>交互对象</Filter>
    </None>
    <None Include="CCharacterFollower.inl">
      <Filter>角色</Filter>
    </None>
    <None Include="TCharacterAdapterClient.inl">
      <Filter>角色</Filter>
    </None>
  </ItemGroup>
</Project>