<?xml version="1.0" encoding="utf-8"?>
<Project ToolsVersion="4.0" xmlns="http://schemas.microsoft.com/developer/msbuild/2003">
  <ItemGroup>
    <Filter Include="框架">
      <UniqueIdentifier>{2667aa2e-dbc5-4e3f-b463-dfaa8dae5ae4}</UniqueIdentifier>
    </Filter>
    <Filter Include="框架\同步">
      <UniqueIdentifier>{b89cbd56-c017-4917-976a-0778372c5543}</UniqueIdentifier>
    </Filter>
    <Filter Include="框架\异步">
      <UniqueIdentifier>{2bd29bf6-5f64-4bbb-87fc-6f5ab8c5700e}</UniqueIdentifier>
    </Filter>
    <Filter Include="异步数据库">
      <UniqueIdentifier>{ff6de8dd-0f34-400e-869e-083e8bc59c0f}</UniqueIdentifier>
    </Filter>
    <Filter Include="异步数据库\实现">
      <UniqueIdentifier>{a26fdc9d-944b-4bfe-a9fd-89fc242a5518}</UniqueIdentifier>
    </Filter>
    <Filter Include="异步数据库\实现\无锁队列">
      <UniqueIdentifier>{f1395961-50e5-41ac-ae27-a17420fd7634}</UniqueIdentifier>
    </Filter>
    <Filter Include="异步数据库\抽象">
      <UniqueIdentifier>{8ac86eae-394d-4add-ab77-4f3d195cfa2e}</UniqueIdentifier>
    </Filter>
    <Filter Include="对象">
      <UniqueIdentifier>{908df4e5-ece0-4bea-82fe-3f8aa804b3d8}</UniqueIdentifier>
    </Filter>
    <Filter Include="对象\同步">
      <UniqueIdentifier>{9fb6dda0-25c1-4ead-ab20-57894a7aee14}</UniqueIdentifier>
    </Filter>
    <Filter Include="对象\同步\AOI相关">
      <UniqueIdentifier>{23a089fa-1f6d-4faf-82a9-b1e516914d31}</UniqueIdentifier>
    </Filter>
    <Filter Include="对象\异步">
      <UniqueIdentifier>{bc33c476-c24f-4807-8651-fa3e65f61110}</UniqueIdentifier>
    </Filter>
    <Filter Include="连接">
      <UniqueIdentifier>{db7f043b-8c63-47de-9301-57068a402724}</UniqueIdentifier>
    </Filter>
    <Filter Include="连接\异步">
      <UniqueIdentifier>{f24f7b3e-e504-4d10-8a7a-66cfebdb4226}</UniqueIdentifier>
    </Filter>
    <Filter Include="连接\同步">
      <UniqueIdentifier>{10938d91-d9eb-4b32-9260-3a8a8bdf4d7b}</UniqueIdentifier>
    </Filter>
    <Filter Include="场景数据">
      <UniqueIdentifier>{d039126f-ec73-416f-9b4f-7618dc03fa6c}</UniqueIdentifier>
    </Filter>
    <Filter Include="场景数据\同步">
      <UniqueIdentifier>{99f14786-0a3e-4f83-a8d6-52a7dd2bac3a}</UniqueIdentifier>
    </Filter>
    <Filter Include="场景数据\异步">
      <UniqueIdentifier>{5867ffd6-9551-4606-9e62-1bd8a0431f0b}</UniqueIdentifier>
    </Filter>
    <Filter Include="兴趣区域">
      <UniqueIdentifier>{4b66d9bd-095c-498f-8ef1-4d770f14d787}</UniqueIdentifier>
    </Filter>
    <Filter Include="兴趣区域\异步">
      <UniqueIdentifier>{ac40afa1-bb10-4ff2-abb3-b4f813a746c9}</UniqueIdentifier>
    </Filter>
    <Filter Include="兴趣区域\异步\多线程">
      <UniqueIdentifier>{511373cc-5fc3-4f94-9359-22defe58a5e1}</UniqueIdentifier>
    </Filter>
    <Filter Include="兴趣区域\异步\分层">
      <UniqueIdentifier>{91a9419f-7f11-4624-a187-726bbe796b7d}</UniqueIdentifier>
    </Filter>
    <Filter Include="兴趣区域\同步">
      <UniqueIdentifier>{204f5b57-68b2-41ef-a29f-ae64bc30425a}</UniqueIdentifier>
    </Filter>
    <Filter Include="兴趣区域\同步\分层">
      <UniqueIdentifier>{058de78f-f311-465c-9fbe-598706e21427}</UniqueIdentifier>
    </Filter>
    <Filter Include="兴趣区域\同步\四叉树">
      <UniqueIdentifier>{c5ca69d4-c4b2-4f65-a252-e97d8eb3bab5}</UniqueIdentifier>
    </Filter>
    <Filter Include="兴趣区域\同步\四叉树\common">
      <UniqueIdentifier>{09f2f4e7-0e6f-4c6f-a38c-c52aa40a9e6b}</UniqueIdentifier>
    </Filter>
    <Filter Include="场景实例">
      <UniqueIdentifier>{073fd6c2-12a1-436d-802c-0c295a8423a1}</UniqueIdentifier>
    </Filter>
    <Filter Include="场景实例\异步">
      <UniqueIdentifier>{a4400b75-4b88-41a0-92d4-8972a889b013}</UniqueIdentifier>
    </Filter>
    <Filter Include="场景实例\同步">
      <UniqueIdentifier>{257e540b-0b1e-4c7d-973e-645a09288ebb}</UniqueIdentifier>
    </Filter>
    <Filter Include="场景实例\同步\AOI相关">
      <UniqueIdentifier>{3eed6399-9819-424a-a63e-f1618600864f}</UniqueIdentifier>
    </Filter>
    <Filter Include="消息">
      <UniqueIdentifier>{605e29d5-314a-4a48-8d14-ce77287cde03}</UniqueIdentifier>
    </Filter>
    <Filter Include="三倍缓冲">
      <UniqueIdentifier>{5980de75-4eb9-4603-a199-216c58279d4a}</UniqueIdentifier>
    </Filter>
    <Filter Include="三倍缓冲\内部实现">
      <UniqueIdentifier>{adc7b148-6edf-403c-a6f2-fddfff7c2e5e}</UniqueIdentifier>
    </Filter>
    <Filter Include="三倍缓冲\内部实现\common">
      <UniqueIdentifier>{cb842e84-e157-4307-b944-b969be6ec0d6}</UniqueIdentifier>
    </Filter>
    <Filter Include="三倍缓冲\内部实现\patch">
      <UniqueIdentifier>{d24ece60-8c8a-4907-bcc7-cbfa974ba6b7}</UniqueIdentifier>
    </Filter>
    <Filter Include="三倍缓冲\内部实现\quad">
      <UniqueIdentifier>{67d427bd-cc4f-4380-a33c-7171f1d3b01c}</UniqueIdentifier>
    </Filter>
    <Filter Include="三倍缓冲\内部实现\quad\object">
      <UniqueIdentifier>{57a74299-3d2d-4ce0-bcb2-b36c9e8d7ccb}</UniqueIdentifier>
    </Filter>
    <Filter Include="三倍缓冲\内部实现\quad\场景四叉树">
      <UniqueIdentifier>{e68d6658-d0ca-4d83-b4dd-2f16b8aa3c44}</UniqueIdentifier>
    </Filter>
    <Filter Include="三倍缓冲\内部实现\quad\scene">
      <UniqueIdentifier>{b6454029-616f-46bf-ba98-51e4c91a766b}</UniqueIdentifier>
    </Filter>
    <Filter Include="三倍缓冲\内部实现\pos">
      <UniqueIdentifier>{79ff612f-6168-49e7-8c60-d387da610611}</UniqueIdentifier>
    </Filter>
    <Filter Include="三倍缓冲\外部使用">
      <UniqueIdentifier>{f3352493-ecf2-40b6-a62f-ad6b726d6384}</UniqueIdentifier>
    </Filter>
    <Filter Include="三倍缓冲\外部使用\pos">
      <UniqueIdentifier>{1b913cb7-22dd-4a67-80e6-66fa59953278}</UniqueIdentifier>
    </Filter>
    <Filter Include="三倍缓冲\外部使用\quad">
      <UniqueIdentifier>{9eb862be-5eb8-4063-badf-874e6edb9654}</UniqueIdentifier>
    </Filter>
    <Filter Include="三倍缓冲\test">
      <UniqueIdentifier>{2961edec-367c-4a15-b2e6-dc3d709da407}</UniqueIdentifier>
    </Filter>
    <Filter Include="时间">
      <UniqueIdentifier>{5c8e7e51-7098-4b50-9d4d-0630d5937169}</UniqueIdentifier>
    </Filter>
    <Filter Include="时间\异步">
      <UniqueIdentifier>{22327aa5-063f-43d9-b403-df55055899ba}</UniqueIdentifier>
    </Filter>
    <Filter Include="时间\同步">
      <UniqueIdentifier>{03ed3bff-18ac-4505-8133-fa9c86453c68}</UniqueIdentifier>
    </Filter>
    <Filter Include="日志">
      <UniqueIdentifier>{3148ae71-3486-45a2-b8d2-eddd9292efed}</UniqueIdentifier>
    </Filter>
    <Filter Include="数据同步">
      <UniqueIdentifier>{f9d6b7c0-7d58-451f-9b4b-b6cafd22bb2a}</UniqueIdentifier>
    </Filter>
    <Filter Include="数据同步\同步">
      <UniqueIdentifier>{bdc6271e-1cf9-4647-882e-aa872f6eaac3}</UniqueIdentifier>
    </Filter>
    <Filter Include="数据同步\异步">
      <UniqueIdentifier>{ca8548c5-da47-438a-b056-deea1d3f9831}</UniqueIdentifier>
    </Filter>
  </ItemGroup>
  <ItemGroup>
    <ClCompile Include="CAppConfigServer.cpp">
      <Filter>框架</Filter>
    </ClCompile>
    <ClCompile Include="CInstanceConfigServer.cpp">
      <Filter>框架</Filter>
    </ClCompile>
    <ClCompile Include="CThreadWatcher.cpp">
      <Filter>框架</Filter>
    </ClCompile>
    <ClCompile Include="IAppServerHandler.cpp">
      <Filter>框架</Filter>
    </ClCompile>
    <ClCompile Include="stdafx.cpp">
      <Filter>框架</Filter>
    </ClCompile>
    <ClCompile Include="CCoreMsgSignal.cpp">
      <Filter>框架\同步</Filter>
    </ClCompile>
    <ClCompile Include="CCoreServerThread.cpp">
      <Filter>框架\同步</Filter>
    </ClCompile>
    <ClCompile Include="CSyncAppServer.cpp">
      <Filter>框架\同步</Filter>
    </ClCompile>
    <ClCompile Include="CSyncServerProxyBank.cpp">
      <Filter>框架\同步</Filter>
    </ClCompile>
    <ClCompile Include="CSyncServerTrMsgBufferMgrSwapper.cpp">
      <Filter>框架\同步</Filter>
    </ClCompile>
    <ClCompile Include="CSyncTimeSystemServer.cpp">
      <Filter>框架\同步</Filter>
    </ClCompile>
    <ClCompile Include="CSyncTraitsServer.cpp">
      <Filter>框架\同步</Filter>
    </ClCompile>
    <ClCompile Include="CAppServer.cpp">
      <Filter>框架\异步</Filter>
    </ClCompile>
    <ClCompile Include="CAsynServerProxyBank.cpp">
      <Filter>框架\异步</Filter>
    </ClCompile>
    <ClCompile Include="CAsynServerTrMsgBufferSwapper.cpp">
      <Filter>框架\异步</Filter>
    </ClCompile>
    <ClCompile Include="CAsynTimeSystemServer.cpp">
      <Filter>框架\异步</Filter>
    </ClCompile>
    <ClCompile Include="CCoreServerAppJob.cpp">
      <Filter>框架\异步</Filter>
    </ClCompile>
    <ClCompile Include="CCoreServerAppResult.cpp">
      <Filter>框架\异步</Filter>
    </ClCompile>
    <ClCompile Include="CCoreServerThreadMgr.cpp">
      <Filter>框架\异步</Filter>
    </ClCompile>
    <ClCompile Include="CTraitsServer.cpp">
      <Filter>框架\异步</Filter>
    </ClCompile>
    <ClCompile Include="CTestSuiteDbThreadsMgr.cpp">
      <Filter>异步数据库</Filter>
    </ClCompile>
    <ClCompile Include="CDbConnectionMgr.cpp">
      <Filter>异步数据库\实现</Filter>
    </ClCompile>
    <ClCompile Include="CDbContext.cpp">
      <Filter>异步数据库\实现</Filter>
    </ClCompile>
    <ClCompile Include="CDbResultParser.cpp">
      <Filter>异步数据库\实现</Filter>
    </ClCompile>
    <ClCompile Include="CDbResultSet.cpp">
      <Filter>异步数据库\实现</Filter>
    </ClCompile>
    <ClCompile Include="CDbThread.cpp">
      <Filter>异步数据库\实现</Filter>
    </ClCompile>
    <ClCompile Include="CDbThreadMgr.cpp">
      <Filter>异步数据库\实现</Filter>
    </ClCompile>
    <ClCompile Include="CMtDbMallocObject.cpp">
      <Filter>异步数据库\实现</Filter>
    </ClCompile>
    <ClCompile Include="CQueryJob.cpp">
      <Filter>异步数据库\实现</Filter>
    </ClCompile>
    <ClCompile Include="CQueryJobQueue.cpp">
      <Filter>异步数据库\实现\无锁队列</Filter>
    </ClCompile>
    <ClCompile Include="CQueryJobSubQueue.cpp">
      <Filter>异步数据库\实现\无锁队列</Filter>
    </ClCompile>
    <ClCompile Include="CQueryResultQueue.cpp">
      <Filter>异步数据库\实现\无锁队列</Filter>
    </ClCompile>
    <ClCompile Include="CoreObjectServerCommon.cpp">
      <Filter>对象</Filter>
    </ClCompile>
    <ClCompile Include="CCoreObjDistObserver.cpp">
      <Filter>对象\同步</Filter>
    </ClCompile>
    <ClCompile Include="CCoreObjTracer.cpp">
      <Filter>对象\同步</Filter>
    </ClCompile>
    <ClCompile Include="CMedObjFollowState.cpp">
      <Filter>对象\同步</Filter>
    </ClCompile>
    <ClCompile Include="CObjDestoryState.cpp">
      <Filter>对象\同步</Filter>
    </ClCompile>
    <ClCompile Include="CObjMoveStateServer.cpp">
      <Filter>对象\同步</Filter>
    </ClCompile>
    <ClCompile Include="CObjTransferState.cpp">
      <Filter>对象\同步</Filter>
    </ClCompile>
    <ClCompile Include="CoreObjectServerPosRelation.cpp">
      <Filter>对象\同步</Filter>
    </ClCompile>
    <ClCompile Include="CSyncCoreObjectCalculator.cpp">
      <Filter>对象\同步</Filter>
    </ClCompile>
    <ClCompile Include="CSyncCoreObjectDictator.cpp">
      <Filter>对象\同步</Filter>
    </ClCompile>
    <ClCompile Include="CSyncCoreObjectMediator.cpp">
      <Filter>对象\同步</Filter>
    </ClCompile>
    <ClCompile Include="CSyncCoreObjectServer.cpp">
      <Filter>对象\同步</Filter>
    </ClCompile>
    <ClCompile Include="CSyncWatchHandler.cpp">
      <Filter>对象\同步</Filter>
    </ClCompile>
    <ClCompile Include="CAOICmd.cpp">
      <Filter>对象\同步\AOI相关</Filter>
    </ClCompile>
    <ClCompile Include="CAoiSynceeObjHandler.cpp">
      <Filter>对象\同步\AOI相关</Filter>
    </ClCompile>
    <ClCompile Include="CAoiSyncerObjHandler.cpp">
      <Filter>对象\同步\AOI相关</Filter>
    </ClCompile>
    <ClCompile Include="CAoiViewObjHandler.cpp">
      <Filter>对象\同步\AOI相关</Filter>
    </ClCompile>
    <ClCompile Include="CBindObjectServer.cpp">
      <Filter>对象\异步</Filter>
    </ClCompile>
    <ClCompile Include="CCoreObjectCalculator.cpp">
      <Filter>对象\异步</Filter>
    </ClCompile>
    <ClCompile Include="CCoreObjectDictator.cpp">
      <Filter>对象\异步</Filter>
    </ClCompile>
    <ClCompile Include="CCoreObjectMediator.cpp">
      <Filter>对象\异步</Filter>
    </ClCompile>
    <ClCompile Include="CCoreObjectServer.cpp">
      <Filter>对象\异步</Filter>
    </ClCompile>
    <ClCompile Include="CCoreServerObjJob.cpp">
      <Filter>对象\异步</Filter>
    </ClCompile>
    <ClCompile Include="CCoreServerObjResult.cpp">
      <Filter>对象\异步</Filter>
    </ClCompile>
    <ClCompile Include="CTestSuiteConnServer.cpp">
      <Filter>连接</Filter>
    </ClCompile>
    <ClCompile Include="CConnMgrServer.cpp">
      <Filter>连接\异步</Filter>
    </ClCompile>
    <ClCompile Include="CConnServer.cpp">
      <Filter>连接\异步</Filter>
    </ClCompile>
    <ClCompile Include="CCoreConnServerJob.cpp">
      <Filter>连接\异步</Filter>
    </ClCompile>
    <ClCompile Include="CCoreConnServerResult.cpp">
      <Filter>连接\异步</Filter>
    </ClCompile>
    <ClCompile Include="CMultiMsgSender.cpp">
      <Filter>连接\异步</Filter>
    </ClCompile>
    <ClCompile Include="CSynConnMgrServer.cpp">
      <Filter>连接\同步</Filter>
    </ClCompile>
    <ClCompile Include="CSynConnServer.cpp">
      <Filter>连接\同步</Filter>
    </ClCompile>
    <ClCompile Include="CSynMultiMsgSender.cpp">
      <Filter>连接\同步</Filter>
    </ClCompile>
    <ClCompile Include="CSyncMetaSceneMgrServer.cpp">
      <Filter>场景数据\同步</Filter>
    </ClCompile>
    <ClCompile Include="CSyncMetaSceneServer.cpp">
      <Filter>场景数据\同步</Filter>
    </ClCompile>
    <ClCompile Include="CTestSuiteMetaSceneServer.cpp">
      <Filter>场景数据\同步</Filter>
    </ClCompile>
    <ClCompile Include="CCoreServerSceneJob.cpp">
      <Filter>场景数据\异步</Filter>
    </ClCompile>
    <ClCompile Include="CMetaSceneMgrServer.cpp">
      <Filter>场景数据\异步</Filter>
    </ClCompile>
    <ClCompile Include="CMetaSceneServer.cpp">
      <Filter>场景数据\异步</Filter>
    </ClCompile>
    <ClCompile Include="CBaseAoiObj.cpp">
      <Filter>兴趣区域</Filter>
    </ClCompile>
    <ClCompile Include="CQuadMallocObject.cpp">
      <Filter>兴趣区域</Filter>
    </ClCompile>
    <ClCompile Include="CTestSuiteAoi.cpp">
      <Filter>兴趣区域</Filter>
    </ClCompile>
    <ClCompile Include="CAsyAoiScene.cpp">
      <Filter>兴趣区域\异步</Filter>
    </ClCompile>
    <ClCompile Include="CAsyAoiSynceeObj.cpp">
      <Filter>兴趣区域\异步</Filter>
    </ClCompile>
    <ClCompile Include="CAsyAoiSyncerObj.cpp">
      <Filter>兴趣区域\异步</Filter>
    </ClCompile>
    <ClCompile Include="CAsyAoiViewObj.cpp">
      <Filter>兴趣区域\异步</Filter>
    </ClCompile>
    <ClCompile Include="CAoi2LogicThreadMsgBuffer.cpp">
      <Filter>兴趣区域\异步\多线程</Filter>
    </ClCompile>
    <ClCompile Include="CAoiJob.cpp">
      <Filter>兴趣区域\异步\多线程</Filter>
    </ClCompile>
    <ClCompile Include="CAoiResult.cpp">
      <Filter>兴趣区域\异步\多线程</Filter>
    </ClCompile>
    <ClCompile Include="CAoiThread.cpp">
      <Filter>兴趣区域\异步\多线程</Filter>
    </ClCompile>
    <ClCompile Include="CAoiThreadMgr.cpp">
      <Filter>兴趣区域\异步\多线程</Filter>
    </ClCompile>
    <ClCompile Include="CLogicThreadJob.cpp">
      <Filter>兴趣区域\异步\多线程</Filter>
    </ClCompile>
    <ClCompile Include="CLogicThreadResult.cpp">
      <Filter>兴趣区域\异步\多线程</Filter>
    </ClCompile>
    <ClCompile Include="CAsyAoiDimObj.cpp">
      <Filter>兴趣区域\异步\分层</Filter>
    </ClCompile>
    <ClCompile Include="CAsyAoiDimScene.cpp">
      <Filter>兴趣区域\异步\分层</Filter>
    </ClCompile>
    <ClCompile Include="CAoiShapeCache.cpp">
      <Filter>兴趣区域\同步</Filter>
    </ClCompile>
    <ClCompile Include="CSynAoiScene.cpp">
      <Filter>兴趣区域\同步</Filter>
    </ClCompile>
    <ClCompile Include="CSynAoiSynceeObj.cpp">
      <Filter>兴趣区域\同步</Filter>
    </ClCompile>
    <ClCompile Include="CSynAoiSyncerObj.cpp">
      <Filter>兴趣区域\同步</Filter>
    </ClCompile>
    <ClCompile Include="CSynAoiViewObj.cpp">
      <Filter>兴趣区域\同步</Filter>
    </ClCompile>
    <ClCompile Include="CSynAoiDimObj.cpp">
      <Filter>兴趣区域\同步\分层</Filter>
    </ClCompile>
    <ClCompile Include="CSynAoiDimScene.cpp">
      <Filter>兴趣区域\同步\分层</Filter>
    </ClCompile>
    <ClCompile Include="CAoiQuadNode.cpp">
      <Filter>兴趣区域\同步\四叉树</Filter>
    </ClCompile>
    <ClCompile Include="CAoiQuadTree.cpp">
      <Filter>兴趣区域\同步\四叉树</Filter>
    </ClCompile>
    <ClCompile Include="TravelAoiQuad.cpp">
      <Filter>兴趣区域\同步\四叉树</Filter>
    </ClCompile>
    <ClCompile Include="QuadTreeFun.cpp">
      <Filter>兴趣区域\同步\四叉树\common</Filter>
    </ClCompile>
    <ClCompile Include="CDimensionInfo.cpp">
      <Filter>场景实例</Filter>
    </ClCompile>
    <ClCompile Include="CCoreSceneMgrServer.cpp">
      <Filter>场景实例\异步</Filter>
    </ClCompile>
    <ClCompile Include="CCoreSceneServer.cpp">
      <Filter>场景实例\异步</Filter>
    </ClCompile>
    <ClCompile Include="CCoreServerSceneResult.cpp">
      <Filter>场景实例\异步</Filter>
    </ClCompile>
    <ClCompile Include="CSyncCoreSceneMgrServer.cpp">
      <Filter>场景实例\同步</Filter>
    </ClCompile>
    <ClCompile Include="CSyncCoreSceneServer.cpp">
      <Filter>场景实例\同步</Filter>
    </ClCompile>
    <ClCompile Include="CAoiSceneHandler.cpp">
      <Filter>场景实例\同步\AOI相关</Filter>
    </ClCompile>
    <ClCompile Include="CSyncCoreMsgMgr.cpp">
      <Filter>消息</Filter>
    </ClCompile>
    <ClCompile Include="SyncPatternCOR.cpp">
      <Filter>消息</Filter>
    </ClCompile>
    <ClCompile Include="CMirrorBuffer.cpp">
      <Filter>三倍缓冲\内部实现\common</Filter>
    </ClCompile>
    <ClCompile Include="CMirrorBufferData.cpp">
      <Filter>三倍缓冲\内部实现\common</Filter>
    </ClCompile>
    <ClCompile Include="CMirrorMallocObject.cpp">
      <Filter>三倍缓冲\内部实现\common</Filter>
    </ClCompile>
    <ClCompile Include="CTrMirrorBuffer.cpp">
      <Filter>三倍缓冲\内部实现\common</Filter>
    </ClCompile>
    <ClCompile Include="CMirrorPatchCmd.cpp">
      <Filter>三倍缓冲\内部实现\patch</Filter>
    </ClCompile>
    <ClCompile Include="CMirrorRBPatch.cpp">
      <Filter>三倍缓冲\内部实现\patch</Filter>
    </ClCompile>
    <ClCompile Include="CMirrorRBPatchMgr.cpp">
      <Filter>三倍缓冲\内部实现\patch</Filter>
    </ClCompile>
    <ClCompile Include="CMirrorWBPatch.cpp">
      <Filter>三倍缓冲\内部实现\patch</Filter>
    </ClCompile>
    <ClCompile Include="CMirrorWBPatchMgr.cpp">
      <Filter>三倍缓冲\内部实现\patch</Filter>
    </ClCompile>
    <ClCompile Include="CTrDiscardedCmdMgr.cpp">
      <Filter>三倍缓冲\内部实现\patch</Filter>
    </ClCompile>
    <ClCompile Include="CMirrorQuadObject.cpp">
      <Filter>三倍缓冲\内部实现\quad\object</Filter>
    </ClCompile>
    <ClCompile Include="CRBQuadObject.cpp">
      <Filter>三倍缓冲\内部实现\quad\object</Filter>
    </ClCompile>
    <ClCompile Include="CWBQuadObject.cpp">
      <Filter>三倍缓冲\内部实现\quad\object</Filter>
    </ClCompile>
    <ClCompile Include="CCoreQuadNode.cpp">
      <Filter>三倍缓冲\内部实现\quad\场景四叉树</Filter>
    </ClCompile>
    <ClCompile Include="CCoreQuadObject.cpp">
      <Filter>三倍缓冲\内部实现\quad\场景四叉树</Filter>
    </ClCompile>
    <ClCompile Include="CCoreQuadScene.cpp">
      <Filter>三倍缓冲\内部实现\quad\场景四叉树</Filter>
    </ClCompile>
    <ClCompile Include="CMirrorQuadScene.cpp">
      <Filter>三倍缓冲\内部实现\quad\scene</Filter>
    </ClCompile>
    <ClCompile Include="CRBQuadScene.cpp">
      <Filter>三倍缓冲\内部实现\quad\scene</Filter>
    </ClCompile>
    <ClCompile Include="CWBQuadScene.cpp">
      <Filter>三倍缓冲\内部实现\quad\scene</Filter>
    </ClCompile>
    <ClCompile Include="CMirrorPosData.cpp">
      <Filter>三倍缓冲\内部实现\pos</Filter>
    </ClCompile>
    <ClCompile Include="CRBPosData.cpp">
      <Filter>三倍缓冲\内部实现\pos</Filter>
    </ClCompile>
    <ClCompile Include="CWBPosData.cpp">
      <Filter>三倍缓冲\内部实现\pos</Filter>
    </ClCompile>
    <ClCompile Include="CCoreTrMirrorBufferMgr.cpp">
      <Filter>三倍缓冲\外部使用</Filter>
    </ClCompile>
    <ClCompile Include="CAsynCorePos.cpp">
      <Filter>三倍缓冲\外部使用\pos</Filter>
    </ClCompile>
    <ClCompile Include="CSyncCorePos.cpp">
      <Filter>三倍缓冲\外部使用\pos</Filter>
    </ClCompile>
    <ClCompile Include="CTrMirrorPosBuffer.cpp">
      <Filter>三倍缓冲\外部使用\pos</Filter>
    </ClCompile>
    <ClCompile Include="CAsynCoreQuadObject.cpp">
      <Filter>三倍缓冲\外部使用\quad</Filter>
    </ClCompile>
    <ClCompile Include="CAsynCoreQuadScene.cpp">
      <Filter>三倍缓冲\外部使用\quad</Filter>
    </ClCompile>
    <ClCompile Include="CSyncCoreQuadObject.cpp">
      <Filter>三倍缓冲\外部使用\quad</Filter>
    </ClCompile>
    <ClCompile Include="CSyncCoreQuadScene.cpp">
      <Filter>三倍缓冲\外部使用\quad</Filter>
    </ClCompile>
    <ClCompile Include="CTrMirrorQuadBuffer.cpp">
      <Filter>三倍缓冲\外部使用\quad</Filter>
    </ClCompile>
    <ClCompile Include="CTestSuiteTripleBuffer.cpp">
      <Filter>三倍缓冲\test</Filter>
    </ClCompile>
    <ClCompile Include="CAsynDistortedTimeObjServer.cpp">
      <Filter>时间\异步</Filter>
    </ClCompile>
    <ClCompile Include="CAsynDistortedTimeSceneServer.cpp">
      <Filter>时间\异步</Filter>
    </ClCompile>
    <ClCompile Include="CSyncDistortedTimeObjServer.cpp">
      <Filter>时间\同步</Filter>
    </ClCompile>
    <ClCompile Include="CSyncDistortedTimeSceneServer.cpp">
      <Filter>时间\同步</Filter>
    </ClCompile>
    <ClCompile Include="CMegaLog.cpp">
      <Filter>日志</Filter>
    </ClCompile>
    <ClCompile Include="CMegaLogJob.cpp">
      <Filter>日志</Filter>
    </ClCompile>
    <ClCompile Include="CMegaLogMallocObject.cpp">
      <Filter>日志</Filter>
    </ClCompile>
    <ClCompile Include="CMegaLogMgr.cpp">
      <Filter>日志</Filter>
    </ClCompile>
    <ClCompile Include="CSyncMegaLog.cpp">
      <Filter>日志</Filter>
    </ClCompile>
    <ClCompile Include="CCacheVariantServer.cpp">
      <Filter>数据同步\同步</Filter>
    </ClCompile>
    <ClCompile Include="CCacheVariantServerHolder.cpp">
      <Filter>数据同步\同步</Filter>
    </ClCompile>
    <ClCompile Include="CCoreObjVariantSyncStreamJob.cpp">
      <Filter>数据同步\异步</Filter>
    </ClCompile>
    <ClCompile Include="CSyncVariantServer.cpp">
      <Filter>数据同步\异步</Filter>
    </ClCompile>
    <ClCompile Include="CSyncVariantServerHolder.cpp">
      <Filter>数据同步\异步</Filter>
    </ClCompile>
  </ItemGroup>
  <ItemGroup>
    <ClInclude Include="..\..\sdk\inc\CAppConfigServer.h">
      <Filter>框架</Filter>
    </ClInclude>
    <ClInclude Include="..\..\sdk\inc\CInstanceConfigServer.h">
      <Filter>框架</Filter>
    </ClInclude>
    <ClInclude Include="..\..\include\CoreServerTest.h">
      <Filter>框架</Filter>
    </ClInclude>
    <ClInclude Include="CThreadWatcher.h">
      <Filter>框架</Filter>
    </ClInclude>
    <ClInclude Include="..\..\sdk\inc\IAppServerHandler.h">
      <Filter>框架</Filter>
    </ClInclude>
    <ClInclude Include="stdafx.h">
      <Filter>框架</Filter>
    </ClInclude>
    <ClInclude Include="CCoreMsgSignal.h">
      <Filter>框架\同步</Filter>
    </ClInclude>
    <ClInclude Include="CCoreServerThread.h">
      <Filter>框架\同步</Filter>
    </ClInclude>
    <ClInclude Include="CSyncAppServer.h">
      <Filter>框架\同步</Filter>
    </ClInclude>
    <ClInclude Include="CSyncServerProxyBank.h">
      <Filter>框架\同步</Filter>
    </ClInclude>
    <ClInclude Include="..\..\sdk\inc\CSyncServerTrMsgBufferMgrSwapper.h">
      <Filter>框架\同步</Filter>
    </ClInclude>
    <ClInclude Include="CSyncTimeSystemServer.h">
      <Filter>框架\同步</Filter>
    </ClInclude>
    <ClInclude Include="..\..\sdk\inc\CSyncTraitsServer.h">
      <Filter>框架\同步</Filter>
    </ClInclude>
    <ClInclude Include="..\..\sdk\inc\CAppServer.h">
      <Filter>框架\异步</Filter>
    </ClInclude>
    <ClInclude Include="CAsynServerProxyBank.h">
      <Filter>框架\异步</Filter>
    </ClInclude>
    <ClInclude Include="..\..\sdk\inc\CAsynServerTrMsgBufferSwapper.h">
      <Filter>框架\异步</Filter>
    </ClInclude>
    <ClInclude Include="CAsynTimeSystemServer.h">
      <Filter>框架\异步</Filter>
    </ClInclude>
    <ClInclude Include="CCoreServerAppJob.h">
      <Filter>框架\异步</Filter>
    </ClInclude>
    <ClInclude Include="CCoreServerAppResult.h">
      <Filter>框架\异步</Filter>
    </ClInclude>
    <ClInclude Include="CCoreServerJob.h">
      <Filter>框架\异步</Filter>
    </ClInclude>
    <ClInclude Include="CCoreServerResult.h">
      <Filter>框架\异步</Filter>
    </ClInclude>
    <ClInclude Include="CCoreServerThreadMgr.h">
      <Filter>框架\异步</Filter>
    </ClInclude>
    <ClInclude Include="..\..\sdk\inc\CTraitsServer.h">
      <Filter>框架\异步</Filter>
    </ClInclude>
    <ClInclude Include="CTestSuiteDbThreadsMgr.h">
      <Filter>异步数据库</Filter>
    </ClInclude>
    <ClInclude Include="CDbConnectionMgr.h">
      <Filter>异步数据库\实现</Filter>
    </ClInclude>
    <ClInclude Include="..\..\sdk\inc\CDbContext.h">
      <Filter>异步数据库\实现</Filter>
    </ClInclude>
    <ClInclude Include="CDbResultParser.h">
      <Filter>异步数据库\实现</Filter>
    </ClInclude>
    <ClInclude Include="..\..\sdk\inc\CDbResultSet.h">
      <Filter>异步数据库\实现</Filter>
    </ClInclude>
    <ClInclude Include="CDbThread.h">
      <Filter>异步数据库\实现</Filter>
    </ClInclude>
    <ClInclude Include="CDbThreadMgr.h">
      <Filter>异步数据库\实现</Filter>
    </ClInclude>
    <ClInclude Include="CDbVariantBank.h">
      <Filter>异步数据库\实现</Filter>
    </ClInclude>
    <ClInclude Include="..\..\sdk\inc\CMtDbMallocObject.h">
      <Filter>异步数据库\实现</Filter>
    </ClInclude>
    <ClInclude Include="CQueryJob.h">
      <Filter>异步数据库\实现</Filter>
    </ClInclude>
    <ClInclude Include="..\..\sdk\inc\TMtDbAllocator.h">
      <Filter>异步数据库\实现</Filter>
    </ClInclude>
    <ClInclude Include="CQueryJobQueue.h">
      <Filter>异步数据库\实现\无锁队列</Filter>
    </ClInclude>
    <ClInclude Include="CQueryJobSubQueue.h">
      <Filter>异步数据库\实现\无锁队列</Filter>
    </ClInclude>
    <ClInclude Include="CQueryResultQueue.h">
      <Filter>异步数据库\实现\无锁队列</Filter>
    </ClInclude>
    <ClInclude Include="..\..\sdk\inc\IDbConnectionMgr.h">
      <Filter>异步数据库\抽象</Filter>
    </ClInclude>
    <ClInclude Include="..\..\sdk\inc\IDbThreadMgr.h">
      <Filter>异步数据库\抽象</Filter>
    </ClInclude>
    <ClInclude Include="CoreObjectServerCommon.h">
      <Filter>对象</Filter>
    </ClInclude>
    <ClInclude Include="..\..\sdk\inc\CoreObjectServerDefs.h">
      <Filter>对象</Filter>
    </ClInclude>
    <ClInclude Include="TSendAdapter.h">
      <Filter>对象</Filter>
    </ClInclude>
    <ClInclude Include="CCoreObjDistObserver.h">
      <Filter>对象\同步</Filter>
    </ClInclude>
    <ClInclude Include="CCoreObjTracer.h">
      <Filter>对象\同步</Filter>
    </ClInclude>
    <ClInclude Include="CMedObjFollowState.h">
      <Filter>对象\同步</Filter>
    </ClInclude>
    <ClInclude Include="CObjDestoryState.h">
      <Filter>对象\同步</Filter>
    </ClInclude>
    <ClInclude Include="CObjMoveStateServer.h">
      <Filter>对象\同步</Filter>
    </ClInclude>
    <ClInclude Include="CObjTransferState.h">
      <Filter>对象\同步</Filter>
    </ClInclude>
    <ClInclude Include="CoreObjectServerPosRelation.h">
      <Filter>对象\同步</Filter>
    </ClInclude>
    <ClInclude Include="CSyncCoreObjectCalculator.h">
      <Filter>对象\同步</Filter>
    </ClInclude>
    <ClInclude Include="CSyncCoreObjectDictator.h">
      <Filter>对象\同步</Filter>
    </ClInclude>
    <ClInclude Include="CSyncCoreObjectMediator.h">
      <Filter>对象\同步</Filter>
    </ClInclude>
    <ClInclude Include="CSyncCoreObjectServer.h">
      <Filter>对象\同步</Filter>
    </ClInclude>
    <ClInclude Include="CSyncWatchHandler.h">
      <Filter>对象\同步</Filter>
    </ClInclude>
    <ClInclude Include="ISyncObjPosObserverHandler.h">
      <Filter>对象\同步</Filter>
    </ClInclude>
    <ClInclude Include="SyncCoreObjEvent.h">
      <Filter>对象\同步</Filter>
    </ClInclude>
    <ClInclude Include="CAOICmd.h">
      <Filter>对象\同步\AOI相关</Filter>
    </ClInclude>
    <ClInclude Include="CAoiSynceeObjHandler.h">
      <Filter>对象\同步\AOI相关</Filter>
    </ClInclude>
    <ClInclude Include="CAoiSyncerObjHandler.h">
      <Filter>对象\同步\AOI相关</Filter>
    </ClInclude>
    <ClInclude Include="CAoiViewObjHandler.h">
      <Filter>对象\同步\AOI相关</Filter>
    </ClInclude>
    <ClInclude Include="CBindObjectServer.h">
      <Filter>对象\异步</Filter>
    </ClInclude>
    <ClInclude Include="..\..\sdk\inc\CCoreObjectCalculator.h">
      <Filter>对象\异步</Filter>
    </ClInclude>
    <ClInclude Include="..\..\sdk\inc\CCoreObjectDictator.h">
      <Filter>对象\异步</Filter>
    </ClInclude>
    <ClInclude Include="..\..\sdk\inc\CCoreObjectMediator.h">
      <Filter>对象\异步</Filter>
    </ClInclude>
    <ClInclude Include="..\..\sdk\inc\CCoreObjectServer.h">
      <Filter>对象\异步</Filter>
    </ClInclude>
    <ClInclude Include="CCoreServerObjJob.h">
      <Filter>对象\异步</Filter>
    </ClInclude>
    <ClInclude Include="CCoreServerObjResult.h">
      <Filter>对象\异步</Filter>
    </ClInclude>
    <ClInclude Include="..\..\sdk\inc\ICoreObjectCalculatorHandler.h">
      <Filter>对象\异步</Filter>
    </ClInclude>
    <ClInclude Include="..\..\sdk\inc\ICoreObjectDictatorHandler.h">
      <Filter>对象\异步</Filter>
    </ClInclude>
    <ClInclude Include="..\..\sdk\inc\ICoreObjectMediatorHandler.h">
      <Filter>对象\异步</Filter>
    </ClInclude>
    <ClInclude Include="..\..\sdk\inc\ICoreObjectServerHandler.h">
      <Filter>对象\异步</Filter>
    </ClInclude>
    <ClInclude Include="..\..\sdk\inc\IObjPosObserverHandler.h">
      <Filter>对象\异步</Filter>
    </ClInclude>
    <ClInclude Include="CTestSuiteConnServer.h">
      <Filter>连接</Filter>
    </ClInclude>
    <ClInclude Include="..\..\sdk\inc\EBeginServiceResultEnum.h">
      <Filter>连接</Filter>
    </ClInclude>
    <ClInclude Include="..\..\sdk\inc\CConnMgrServer.h">
      <Filter>连接\异步</Filter>
    </ClInclude>
    <ClInclude Include="..\..\sdk\inc\CConnServer.h">
      <Filter>连接\异步</Filter>
    </ClInclude>
    <ClInclude Include="CCoreConnServerJob.h">
      <Filter>连接\异步</Filter>
    </ClInclude>
    <ClInclude Include="CCoreConnServerResult.h">
      <Filter>连接\异步</Filter>
    </ClInclude>
    <ClInclude Include="..\..\sdk\inc\CMultiMsgSender.h">
      <Filter>连接\异步</Filter>
    </ClInclude>
    <ClInclude Include="..\..\sdk\inc\IConnMgrServerHandler.h">
      <Filter>连接\异步</Filter>
    </ClInclude>
    <ClInclude Include="CSynConnMgrServer.h">
      <Filter>连接\同步</Filter>
    </ClInclude>
    <ClInclude Include="CSynConnServer.h">
      <Filter>连接\同步</Filter>
    </ClInclude>
    <ClInclude Include="CSynMultiMsgSender.h">
      <Filter>连接\同步</Filter>
    </ClInclude>
    <ClInclude Include="CSyncMetaSceneMgrServer.h">
      <Filter>场景数据\同步</Filter>
    </ClInclude>
    <ClInclude Include="CSyncMetaSceneServer.h">
      <Filter>场景数据\同步</Filter>
    </ClInclude>
    <ClInclude Include="CTestSuiteMetaSceneServer.h">
      <Filter>场景数据\同步</Filter>
    </ClInclude>
    <ClInclude Include="..\..\sdk\inc\TBaseMetaSceneServer.h">
      <Filter>场景数据\同步</Filter>
    </ClInclude>
    <ClInclude Include="CCoreServerSceneJob.h">
      <Filter>场景数据\异步</Filter>
    </ClInclude>
    <ClInclude Include="..\..\sdk\inc\CMetaSceneMgrServer.h">
      <Filter>场景数据\异步</Filter>
    </ClInclude>
    <ClInclude Include="..\..\sdk\inc\CMetaSceneServer.h">
      <Filter>场景数据\异步</Filter>
    </ClInclude>
    <ClInclude Include="..\..\sdk\inc\AoiDef.h">
      <Filter>兴趣区域</Filter>
    </ClInclude>
    <ClInclude Include="CBaseAoiObj.h">
      <Filter>兴趣区域</Filter>
    </ClInclude>
    <ClInclude Include="CQuadMallocObject.h">
      <Filter>兴趣区域</Filter>
    </ClInclude>
    <ClInclude Include="CTestSuiteAoi.h">
      <Filter>兴趣区域</Filter>
    </ClInclude>
    <ClInclude Include="TQuadAllocator.h">
      <Filter>兴趣区域</Filter>
    </ClInclude>
    <ClInclude Include="CAsyAoiScene.h">
      <Filter>兴趣区域\异步</Filter>
    </ClInclude>
    <ClInclude Include="CAsyAoiSynceeObj.h">
      <Filter>兴趣区域\异步</Filter>
    </ClInclude>
    <ClInclude Include="CAsyAoiSyncerObj.h">
      <Filter>兴趣区域\异步</Filter>
    </ClInclude>
    <ClInclude Include="CAsyAoiViewObj.h">
      <Filter>兴趣区域\异步</Filter>
    </ClInclude>
    <ClInclude Include="CAoi2LogicThreadMsgBuffer.h">
      <Filter>兴趣区域\异步\多线程</Filter>
    </ClInclude>
    <ClInclude Include="CAoiJob.h">
      <Filter>兴趣区域\异步\多线程</Filter>
    </ClInclude>
    <ClInclude Include="CAoiResult.h">
      <Filter>兴趣区域\异步\多线程</Filter>
    </ClInclude>
    <ClInclude Include="CAoiThread.h">
      <Filter>兴趣区域\异步\多线程</Filter>
    </ClInclude>
    <ClInclude Include="CAoiThreadMgr.h">
      <Filter>兴趣区域\异步\多线程</Filter>
    </ClInclude>
    <ClInclude Include="CLogicThreadJob.h">
      <Filter>兴趣区域\异步\多线程</Filter>
    </ClInclude>
    <ClInclude Include="CLogicThreadResult.h">
      <Filter>兴趣区域\异步\多线程</Filter>
    </ClInclude>
    <ClInclude Include="CAsyAoiDimObj.h">
      <Filter>兴趣区域\异步\分层</Filter>
    </ClInclude>
    <ClInclude Include="CAsyAoiDimScene.h">
      <Filter>兴趣区域\异步\分层</Filter>
    </ClInclude>
    <ClInclude Include="CAoiShape.h">
      <Filter>兴趣区域\同步</Filter>
    </ClInclude>
    <ClInclude Include="CAoiShapeCache.h">
      <Filter>兴趣区域\同步</Filter>
    </ClInclude>
    <ClInclude Include="CSynAoiScene.h">
      <Filter>兴趣区域\同步</Filter>
    </ClInclude>
    <ClInclude Include="CSynAoiSynceeObj.h">
      <Filter>兴趣区域\同步</Filter>
    </ClInclude>
    <ClInclude Include="CSynAoiSyncerObj.h">
      <Filter>兴趣区域\同步</Filter>
    </ClInclude>
    <ClInclude Include="CSynAoiViewObj.h">
      <Filter>兴趣区域\同步</Filter>
    </ClInclude>
    <ClInclude Include="CSynAoiDimObj.h">
      <Filter>兴趣区域\同步\分层</Filter>
    </ClInclude>
    <ClInclude Include="CSynAoiDimScene.h">
      <Filter>兴趣区域\同步\分层</Filter>
    </ClInclude>
    <ClInclude Include="CAoiQuadNode.h">
      <Filter>兴趣区域\同步\四叉树</Filter>
    </ClInclude>
    <ClInclude Include="CAoiQuadTree.h">
      <Filter>兴趣区域\同步\四叉树</Filter>
    </ClInclude>
    <ClInclude Include="CTraitsAoiQuad.h">
      <Filter>兴趣区域\同步\四叉树</Filter>
    </ClInclude>
    <ClInclude Include="QuadTreeFun.h">
      <Filter>兴趣区域\同步\四叉树\common</Filter>
    </ClInclude>
    <ClInclude Include="TQuadNode.h">
      <Filter>兴趣区域\同步\四叉树\common</Filter>
    </ClInclude>
    <ClInclude Include="TQuadTree.h">
      <Filter>兴趣区域\同步\四叉树\common</Filter>
    </ClInclude>
    <ClInclude Include="..\..\sdk\inc\CDimensionInfo.h">
      <Filter>场景实例</Filter>
    </ClInclude>
    <ClInclude Include="..\..\sdk\inc\CCoreSceneMgrServer.h">
      <Filter>场景实例\异步</Filter>
    </ClInclude>
    <ClInclude Include="..\..\sdk\inc\CCoreSceneServer.h">
      <Filter>场景实例\异步</Filter>
    </ClInclude>
    <ClInclude Include="CCoreServerSceneResult.h">
      <Filter>场景实例\异步</Filter>
    </ClInclude>
    <ClInclude Include="..\..\sdk\inc\ICoreSceneServerHandler.h">
      <Filter>场景实例\异步</Filter>
    </ClInclude>
    <ClInclude Include="CSyncCoreSceneMgrServer.h">
      <Filter>场景实例\同步</Filter>
    </ClInclude>
    <ClInclude Include="CSyncCoreSceneServer.h">
      <Filter>场景实例\同步</Filter>
    </ClInclude>
    <ClInclude Include="CAoiSceneHandler.h">
      <Filter>场景实例\同步\AOI相关</Filter>
    </ClInclude>
    <ClInclude Include="CSyncCoreMsgMgr.h">
      <Filter>消息</Filter>
    </ClInclude>
    <ClInclude Include="SyncPatternCOR.h">
      <Filter>消息</Filter>
    </ClInclude>
    <ClInclude Include="CMirrorBuffer.h">
      <Filter>三倍缓冲\内部实现\common</Filter>
    </ClInclude>
    <ClInclude Include="CMirrorBufferData.h">
      <Filter>三倍缓冲\内部实现\common</Filter>
    </ClInclude>
    <ClInclude Include="CMirrorMallocObject.h">
      <Filter>三倍缓冲\内部实现\common</Filter>
    </ClInclude>
    <ClInclude Include="CTrMirrorBuffer.h">
      <Filter>三倍缓冲\内部实现\common</Filter>
    </ClInclude>
    <ClInclude Include="TMirrorBaseData.h">
      <Filter>三倍缓冲\内部实现\common</Filter>
    </ClInclude>
    <ClInclude Include="CMirrorPatch.h">
      <Filter>三倍缓冲\内部实现\patch</Filter>
    </ClInclude>
    <ClInclude Include="CMirrorPatchCmd.h">
      <Filter>三倍缓冲\内部实现\patch</Filter>
    </ClInclude>
    <ClInclude Include="CMirrorRBPatch.h">
      <Filter>三倍缓冲\内部实现\patch</Filter>
    </ClInclude>
    <ClInclude Include="CMirrorRBPatchMgr.h">
      <Filter>三倍缓冲\内部实现\patch</Filter>
    </ClInclude>
    <ClInclude Include="CMirrorWBPatch.h">
      <Filter>三倍缓冲\内部实现\patch</Filter>
    </ClInclude>
    <ClInclude Include="CMirrorWBPatchMgr.h">
      <Filter>三倍缓冲\内部实现\patch</Filter>
    </ClInclude>
    <ClInclude Include="CTrDiscardedCmdMgr.h">
      <Filter>三倍缓冲\内部实现\patch</Filter>
    </ClInclude>
    <ClInclude Include="CMirrorQuadObject.h">
      <Filter>三倍缓冲\内部实现\quad\object</Filter>
    </ClInclude>
    <ClInclude Include="CRBQuadObject.h">
      <Filter>三倍缓冲\内部实现\quad\object</Filter>
    </ClInclude>
    <ClInclude Include="CWBQuadObject.h">
      <Filter>三倍缓冲\内部实现\quad\object</Filter>
    </ClInclude>
    <ClInclude Include="CCoreQuadNode.h">
      <Filter>三倍缓冲\内部实现\quad\场景四叉树</Filter>
    </ClInclude>
    <ClInclude Include="CCoreQuadObject.h">
      <Filter>三倍缓冲\内部实现\quad\场景四叉树</Filter>
    </ClInclude>
    <ClInclude Include="CCoreQuadScene.h">
      <Filter>三倍缓冲\内部实现\quad\场景四叉树</Filter>
    </ClInclude>
    <ClInclude Include="CTraitsCoreQuad.h">
      <Filter>三倍缓冲\内部实现\quad\场景四叉树</Filter>
    </ClInclude>
    <ClInclude Include="CMirrorQuadScene.h">
      <Filter>三倍缓冲\内部实现\quad\scene</Filter>
    </ClInclude>
    <ClInclude Include="CRBQuadScene.h">
      <Filter>三倍缓冲\内部实现\quad\scene</Filter>
    </ClInclude>
    <ClInclude Include="CWBQuadScene.h">
      <Filter>三倍缓冲\内部实现\quad\scene</Filter>
    </ClInclude>
    <ClInclude Include="CMirrorPosData.h">
      <Filter>三倍缓冲\内部实现\pos</Filter>
    </ClInclude>
    <ClInclude Include="CRBPosData.h">
      <Filter>三倍缓冲\内部实现\pos</Filter>
    </ClInclude>
    <ClInclude Include="CWBPosData.h">
      <Filter>三倍缓冲\内部实现\pos</Filter>
    </ClInclude>
    <ClInclude Include="CCoreTrMirrorBufferMgr.h">
      <Filter>三倍缓冲\外部使用</Filter>
    </ClInclude>
    <ClInclude Include="CAsynCorePos.h">
      <Filter>三倍缓冲\外部使用\pos</Filter>
    </ClInclude>
    <ClInclude Include="CSyncCorePos.h">
      <Filter>三倍缓冲\外部使用\pos</Filter>
    </ClInclude>
    <ClInclude Include="CTrMirrorPosBuffer.h">
      <Filter>三倍缓冲\外部使用\pos</Filter>
    </ClInclude>
    <ClInclude Include="CAsynCoreQuadObject.h">
      <Filter>三倍缓冲\外部使用\quad</Filter>
    </ClInclude>
    <ClInclude Include="CAsynCoreQuadScene.h">
      <Filter>三倍缓冲\外部使用\quad</Filter>
    </ClInclude>
    <ClInclude Include="CSyncCoreQuadObject.h">
      <Filter>三倍缓冲\外部使用\quad</Filter>
    </ClInclude>
    <ClInclude Include="CSyncCoreQuadScene.h">
      <Filter>三倍缓冲\外部使用\quad</Filter>
    </ClInclude>
    <ClInclude Include="CTrMirrorQuadBuffer.h">
      <Filter>三倍缓冲\外部使用\quad</Filter>
    </ClInclude>
    <ClInclude Include="CTestSuiteTripleBuffer.h">
      <Filter>三倍缓冲\test</Filter>
    </ClInclude>
    <ClInclude Include="CAsynDistortedTimeObjServer.h">
      <Filter>时间\异步</Filter>
    </ClInclude>
    <ClInclude Include="CAsynDistortedTimeSceneServer.h">
      <Filter>时间\异步</Filter>
    </ClInclude>
    <ClInclude Include="CSyncDistortedTimeObjServer.h">
      <Filter>时间\同步</Filter>
    </ClInclude>
    <ClInclude Include="CSyncDistortedTimeSceneServer.h">
      <Filter>时间\同步</Filter>
    </ClInclude>
    <ClInclude Include="..\..\sdk\inc\CMegaLog.h">
      <Filter>日志</Filter>
    </ClInclude>
    <ClInclude Include="..\..\sdk\inc\CMegaLogAllocator.h">
      <Filter>日志</Filter>
    </ClInclude>
    <ClInclude Include="CMegaLogJob.h">
      <Filter>日志</Filter>
    </ClInclude>
    <ClInclude Include="..\..\sdk\inc\CMegaLogMallocObject.h">
      <Filter>日志</Filter>
    </ClInclude>
    <ClInclude Include="CMegaLogMgr.h">
      <Filter>日志</Filter>
    </ClInclude>
    <ClInclude Include="CSyncMegaLog.h">
      <Filter>日志</Filter>
    </ClInclude>
    <ClInclude Include="CCacheVariantServer.h">
      <Filter>数据同步\同步</Filter>
    </ClInclude>
    <ClInclude Include="CCacheVariantServerHolder.h">
      <Filter>数据同步\同步</Filter>
    </ClInclude>
    <ClInclude Include="CCoreObjVariantSyncStreamJob.h">
      <Filter>数据同步\异步</Filter>
    </ClInclude>
    <ClInclude Include="..\..\sdk\inc\CSyncVariantServer.h">
      <Filter>数据同步\异步</Filter>
    </ClInclude>
    <ClInclude Include="..\..\sdk\inc\CSyncVariantServerHolder.h">
      <Filter>数据同步\异步</Filter>
    </ClInclude>
    <ClInclude Include="CVariantSyncStream.h">
      <Filter>数据同步\异步</Filter>
    </ClInclude>
  </ItemGroup>
  <ItemGroup>
    <None Include="CCoreServerJob.inl">
      <Filter>框架\异步</Filter>
    </None>
    <None Include="CCoreServerResult.inl">
      <Filter>框架\异步</Filter>
    </None>
    <None Include="CSyncCoreObjectMediator.inl">
      <Filter>对象\同步</Filter>
    </None>
    <None Include="CConnServer.inl">
      <Filter>连接\异步</Filter>
    </None>
    <None Include="TBaseMetaSceneServer.inl">
      <Filter>场景数据\同步</Filter>
    </None>
    <None Include="CAoiJob.inl">
      <Filter>兴趣区域\异步\多线程</Filter>
    </None>
    <None Include="CAoiResult.inl">
      <Filter>兴趣区域\异步\多线程</Filter>
    </None>
    <None Include="CLogicThreadJob.inl">
      <Filter>兴趣区域\异步\多线程</Filter>
    </None>
    <None Include="CLogicThreadResult.inl">
      <Filter>兴趣区域\异步\多线程</Filter>
    </None>
    <None Include="CAsyAoiDimScene.inl">
      <Filter>兴趣区域\异步\分层</Filter>
    </None>
    <None Include="TQuadNode.inl">
      <Filter>兴趣区域\同步\四叉树\common</Filter>
    </None>
    <None Include="TQuadTree.inl">
      <Filter>兴趣区域\同步\四叉树\common</Filter>
    </None>
    <None Include="TMirrorBaseData.inl">
      <Filter>三倍缓冲\内部实现\common</Filter>
    </None>
  </ItemGroup>
</Project>