<?xml version="1.0" encoding="utf-8"?>
<Project ToolsVersion="4.0" xmlns="http://schemas.microsoft.com/developer/msbuild/2003">
  <ItemGroup>
    <Filter Include="连接">
      <UniqueIdentifier>{8e1d1797-8bfb-4bba-b3c5-52fb5018404c}</UniqueIdentifier>
    </Filter>
    <Filter Include="框架">
      <UniqueIdentifier>{119cb783-eb1c-496f-aab6-33871c665229}</UniqueIdentifier>
    </Filter>
  </ItemGroup>
  <ItemGroup>
    <ClInclude Include="TComMsgDispatcher.h">
      <Filter>连接</Filter>
    </ClInclude>
    <ClInclude Include="stdafx.h">
      <Filter>框架</Filter>
    </ClInclude>
    <ClInclude Include="TDispatcherTraits.h" />
  </ItemGroup>
  <ItemGroup>
    <None Include="TComMsgDispatcher.inl">
      <Filter>连接</Filter>
    </None>
  </ItemGroup>
  <ItemGroup>
    <ClCompile Include="stdafx.cpp">
      <Filter>框架</Filter>
    </ClCompile>
  </ItemGroup>
</Project>