<?xml version="1.0" encoding="utf-8"?>
<Project ToolsVersion="4.0" xmlns="http://schemas.microsoft.com/developer/msbuild/2003">
  <ItemGroup>
    <Filter Include="Source Files">
      <UniqueIdentifier>{4FC737F1-C7A5-4376-A066-2A32D752A2FF}</UniqueIdentifier>
      <Extensions>cpp;c;cxx;def;odl;idl;hpj;bat;asm;asmx</Extensions>
    </Filter>
    <Filter Include="Source Files\XMLParser">
      <UniqueIdentifier>{bb3f320b-2be1-4f93-9884-bbeed4b7bde3}</UniqueIdentifier>
    </Filter>
    <Filter Include="Source Files\Control">
      <UniqueIdentifier>{9aa157e8-50ec-45ba-98b7-9cfbd9d8d3be}</UniqueIdentifier>
    </Filter>
    <Filter Include="Source Files\BaseData">
      <UniqueIdentifier>{48aaae57-b1d1-4fee-8b4d-3df373535ca6}</UniqueIdentifier>
    </Filter>
    <Filter Include="Source Files\Misc">
      <UniqueIdentifier>{f9648acb-d769-4f09-8ec6-5d43140ed855}</UniqueIdentifier>
    </Filter>
    <Filter Include="Source Files\GUIEffect">
      <UniqueIdentifier>{cd9b773b-6d62-4c0f-a97f-93455f946d4f}</UniqueIdentifier>
    </Filter>
    <Filter Include="Source Files\Corder">
      <UniqueIdentifier>{9d47b0d0-ffd2-403a-bbbd-eaad45f1ee16}</UniqueIdentifier>
    </Filter>
    <Filter Include="Source Files\CallBack">
      <UniqueIdentifier>{e0cc0cc4-86d1-45f6-8b77-b63accb73307}</UniqueIdentifier>
    </Filter>
    <Filter Include="Header Files">
      <UniqueIdentifier>{93995380-89BD-4b04-88EB-625FBE52EBFB}</UniqueIdentifier>
      <Extensions>h;hpp;hxx;hm;inl;inc;xsd</Extensions>
    </Filter>
    <Filter Include="Header Files\XMLParser">
      <UniqueIdentifier>{0c2e8970-f663-4ec2-b7fd-5ae276cc1202}</UniqueIdentifier>
    </Filter>
    <Filter Include="Header Files\Control">
      <UniqueIdentifier>{fc65d172-9efe-4d6d-8914-ec9a6f48aa9d}</UniqueIdentifier>
    </Filter>
    <Filter Include="Header Files\BaseData">
      <UniqueIdentifier>{c1a6480a-7c46-44e4-ab28-d5cc61a3bcce}</UniqueIdentifier>
    </Filter>
    <Filter Include="Header Files\Misc">
      <UniqueIdentifier>{219df2d3-20fc-4fbd-8dce-8e47e30fe0ab}</UniqueIdentifier>
    </Filter>
    <Filter Include="Header Files\GUIEffect">
      <UniqueIdentifier>{02d6233a-d81a-40b5-9cbd-7af50f008578}</UniqueIdentifier>
    </Filter>
    <Filter Include="Header Files\Corder">
      <UniqueIdentifier>{74fe5ffe-b2f7-44d4-b4ed-ef8cb15951a2}</UniqueIdentifier>
    </Filter>
    <Filter Include="Header Files\CallBack">
      <UniqueIdentifier>{50bf24da-9aa6-41c8-856a-125d5cda3e7d}</UniqueIdentifier>
    </Filter>
  </ItemGroup>
  <ItemGroup>
    <ClCompile Include="GUILayoutHandler.cpp">
      <Filter>Source Files\XMLParser</Filter>
    </ClCompile>
    <ClCompile Include="GUIStuffParser.cpp">
      <Filter>Source Files\XMLParser</Filter>
    </ClCompile>
    <ClCompile Include="GUIXmlParser.cpp">
      <Filter>Source Files\XMLParser</Filter>
    </ClCompile>
    <ClCompile Include="GUIXmlResSaver.cpp">
      <Filter>Source Files\XMLParser</Filter>
    </ClCompile>
    <ClCompile Include="SQRButton.cpp">
      <Filter>Source Files\Control</Filter>
    </ClCompile>
    <ClCompile Include="SQRChart.cpp">
      <Filter>Source Files\Control</Filter>
    </ClCompile>
    <ClCompile Include="SQRCheckButton.cpp">
      <Filter>Source Files\Control</Filter>
    </ClCompile>
    <ClCompile Include="SQRClock.cpp">
      <Filter>Source Files\Control</Filter>
    </ClCompile>
    <ClCompile Include="SQRComboBox.cpp">
      <Filter>Source Files\Control</Filter>
    </ClCompile>
    <ClCompile Include="SQRControl.cpp">
      <Filter>Source Files\Control</Filter>
    </ClCompile>
    <ClCompile Include="SQRDialog.cpp">
      <Filter>Source Files\Control</Filter>
    </ClCompile>
    <ClCompile Include="SQREdit.cpp">
      <Filter>Source Files\Control</Filter>
    </ClCompile>
    <ClCompile Include="SQRFlashWnd.cpp">
      <Filter>Source Files\Control</Filter>
    </ClCompile>
    <ClCompile Include="SQRIcon.cpp">
      <Filter>Source Files\Control</Filter>
    </ClCompile>
    <ClCompile Include="SQRItemWnd.cpp">
      <Filter>Source Files\Control</Filter>
    </ClCompile>
    <ClCompile Include="SQRListCtrl.cpp">
      <Filter>Source Files\Control</Filter>
    </ClCompile>
    <ClCompile Include="SQRProgress.cpp">
      <Filter>Source Files\Control</Filter>
    </ClCompile>
    <ClCompile Include="SQRRichText.cpp">
      <Filter>Source Files\Control</Filter>
    </ClCompile>
    <ClCompile Include="SQRRichToolTip.cpp">
      <Filter>Source Files\Control</Filter>
    </ClCompile>
    <ClCompile Include="SQRRootWnd.cpp">
      <Filter>Source Files\Control</Filter>
    </ClCompile>
    <ClCompile Include="SQRScrollBar.cpp">
      <Filter>Source Files\Control</Filter>
    </ClCompile>
    <ClCompile Include="SQRSpin.cpp">
      <Filter>Source Files\Control</Filter>
    </ClCompile>
    <ClCompile Include="SQRStatic.cpp">
      <Filter>Source Files\Control</Filter>
    </ClCompile>
    <ClCompile Include="SQRTipHolder.cpp">
      <Filter>Source Files\Control</Filter>
    </ClCompile>
    <ClCompile Include="SQRToolTip.cpp">
      <Filter>Source Files\Control</Filter>
    </ClCompile>
    <ClCompile Include="SQRTreeCtrl.cpp">
      <Filter>Source Files\Control</Filter>
    </ClCompile>
    <ClCompile Include="SQRVideo.cpp">
      <Filter>Source Files\Control</Filter>
    </ClCompile>
    <ClCompile Include="SQRWebBrowser.cpp">
      <Filter>Source Files\Control</Filter>
    </ClCompile>
    <ClCompile Include="SQRWnd.cpp">
      <Filter>Source Files\Control</Filter>
    </ClCompile>
    <ClCompile Include="SQRWndEx.cpp">
      <Filter>Source Files\Control</Filter>
    </ClCompile>
    <ClCompile Include="SQRWndOffSet.cpp">
      <Filter>Source Files\Control</Filter>
    </ClCompile>
    <ClCompile Include="GUIBase.cpp">
      <Filter>Source Files\BaseData</Filter>
    </ClCompile>
    <ClCompile Include="GUISize.cpp">
      <Filter>Source Files\BaseData</Filter>
    </ClCompile>
    <ClCompile Include="GUITextUtils.cpp">
      <Filter>Source Files\BaseData</Filter>
    </ClCompile>
    <ClCompile Include="MsgBox.cpp">
      <Filter>Source Files\BaseData</Filter>
    </ClCompile>
    <ClCompile Include="SQRWndDef.cpp">
      <Filter>Source Files\BaseData</Filter>
    </ClCompile>
    <ClCompile Include="TipHandler.cpp">
      <Filter>Source Files\BaseData</Filter>
    </ClCompile>
    <ClCompile Include="CGUICameraCtrller.cpp">
      <Filter>Source Files\Misc</Filter>
    </ClCompile>
    <ClCompile Include="FlashDataManager.cpp">
      <Filter>Source Files\Misc</Filter>
    </ClCompile>
    <ClCompile Include="GUIRenderTask.cpp">
      <Filter>Source Files\Misc</Filter>
    </ClCompile>
    <ClCompile Include="SQRFlashLayer.cpp">
      <Filter>Source Files\Misc</Filter>
    </ClCompile>
    <ClCompile Include="SQRGUIMallocObject.cpp">
      <Filter>Source Files\Misc</Filter>
    </ClCompile>
    <ClCompile Include="SQRGUIManager.cpp">
      <Filter>Source Files\Misc</Filter>
    </ClCompile>
    <ClCompile Include="SQRGUIStyles.cpp">
      <Filter>Source Files\Misc</Filter>
    </ClCompile>
    <ClCompile Include="SQRWndClass.cpp">
      <Filter>Source Files\Misc</Filter>
    </ClCompile>
    <ClCompile Include="stdafx.cpp">
      <Filter>Source Files\Misc</Filter>
    </ClCompile>
    <ClCompile Include="SQRGUIEffectHandler.cpp">
      <Filter>Source Files\GUIEffect</Filter>
    </ClCompile>
    <ClCompile Include="SQRGUIShapeEffect.cpp">
      <Filter>Source Files\GUIEffect</Filter>
    </ClCompile>
    <ClCompile Include="SQRGUITransparentEffect.cpp">
      <Filter>Source Files\GUIEffect</Filter>
    </ClCompile>
    <ClCompile Include="CGuiBaseCoder.cpp">
      <Filter>Source Files\Corder</Filter>
    </ClCompile>
    <ClCompile Include="CGuiCoder.cpp">
      <Filter>Source Files\Corder</Filter>
    </ClCompile>
    <ClCompile Include="CWebBrowserCallBack.cpp">
      <Filter>Source Files\CallBack</Filter>
    </ClCompile>
  </ItemGroup>
  <ItemGroup>
    <ClInclude Include="..\..\sdk\inc\GUILayoutHandler.h">
      <Filter>Header Files\XMLParser</Filter>
    </ClInclude>
    <ClInclude Include="..\..\sdk\inc\GUIStuffParser.h">
      <Filter>Header Files\XMLParser</Filter>
    </ClInclude>
    <ClInclude Include="..\..\sdk\inc\GUIXmlHandler.h">
      <Filter>Header Files\XMLParser</Filter>
    </ClInclude>
    <ClInclude Include="..\..\sdk\inc\GUIXmlParser.h">
      <Filter>Header Files\XMLParser</Filter>
    </ClInclude>
    <ClInclude Include="..\..\sdk\inc\GUIXmlResSaver.h">
      <Filter>Header Files\XMLParser</Filter>
    </ClInclude>
    <ClInclude Include="..\..\sdk\inc\MsgBox.h">
      <Filter>Header Files\Control</Filter>
    </ClInclude>
    <ClInclude Include="..\..\sdk\inc\SQRButton.h">
      <Filter>Header Files\Control</Filter>
    </ClInclude>
    <ClInclude Include="..\..\sdk\inc\SQRChart.h">
      <Filter>Header Files\Control</Filter>
    </ClInclude>
    <ClInclude Include="..\..\sdk\inc\SQRCheckButton.h">
      <Filter>Header Files\Control</Filter>
    </ClInclude>
    <ClInclude Include="..\..\sdk\inc\SQRClock.h">
      <Filter>Header Files\Control</Filter>
    </ClInclude>
    <ClInclude Include="..\..\sdk\inc\SQRComboBox.h">
      <Filter>Header Files\Control</Filter>
    </ClInclude>
    <ClInclude Include="..\..\sdk\inc\SQRControl.h">
      <Filter>Header Files\Control</Filter>
    </ClInclude>
    <ClInclude Include="..\..\sdk\inc\SQRDialog.h">
      <Filter>Header Files\Control</Filter>
    </ClInclude>
    <ClInclude Include="..\..\sdk\inc\SQREdit.h">
      <Filter>Header Files\Control</Filter>
    </ClInclude>
    <ClInclude Include="..\..\sdk\inc\SQRFlashWnd.h">
      <Filter>Header Files\Control</Filter>
    </ClInclude>
    <ClInclude Include="..\..\sdk\inc\SQRIcon.h">
      <Filter>Header Files\Control</Filter>
    </ClInclude>
    <ClInclude Include="..\..\sdk\inc\SQRItemWnd.h">
      <Filter>Header Files\Control</Filter>
    </ClInclude>
    <ClInclude Include="..\..\sdk\inc\SQRListCtrl.h">
      <Filter>Header Files\Control</Filter>
    </ClInclude>
    <ClInclude Include="..\..\sdk\inc\SQRProgress.h">
      <Filter>Header Files\Control</Filter>
    </ClInclude>
    <ClInclude Include="..\..\sdk\inc\SQRRichText.h">
      <Filter>Header Files\Control</Filter>
    </ClInclude>
    <ClInclude Include="..\..\sdk\inc\SQRRichToolTip.h">
      <Filter>Header Files\Control</Filter>
    </ClInclude>
    <ClInclude Include="..\..\sdk\inc\SQRRootWnd.h">
      <Filter>Header Files\Control</Filter>
    </ClInclude>
    <ClInclude Include="..\..\sdk\inc\SQRScrollBar.h">
      <Filter>Header Files\Control</Filter>
    </ClInclude>
    <ClInclude Include="..\..\sdk\inc\SQRSpin.h">
      <Filter>Header Files\Control</Filter>
    </ClInclude>
    <ClInclude Include="..\..\sdk\inc\SQRStatic.h">
      <Filter>Header Files\Control</Filter>
    </ClInclude>
    <ClInclude Include="..\..\sdk\inc\SQRTipHolder.h">
      <Filter>Header Files\Control</Filter>
    </ClInclude>
    <ClInclude Include="..\..\sdk\inc\SQRToolTip.h">
      <Filter>Header Files\Control</Filter>
    </ClInclude>
    <ClInclude Include="..\..\sdk\inc\SQRTreeCtrl.h">
      <Filter>Header Files\Control</Filter>
    </ClInclude>
    <ClInclude Include="..\..\sdk\inc\SQRVideo.h">
      <Filter>Header Files\Control</Filter>
    </ClInclude>
    <ClInclude Include="..\..\sdk\inc\SQRWebBrowser.h">
      <Filter>Header Files\Control</Filter>
    </ClInclude>
    <ClInclude Include="..\..\sdk\inc\SQRWnd.h">
      <Filter>Header Files\Control</Filter>
    </ClInclude>
    <ClInclude Include="..\..\sdk\inc\SQRWndEx.h">
      <Filter>Header Files\Control</Filter>
    </ClInclude>
    <ClInclude Include="..\..\sdk\inc\SQRWndOffSet.h">
      <Filter>Header Files\Control</Filter>
    </ClInclude>
    <ClInclude Include="..\..\sdk\inc\TreeNode.h">
      <Filter>Header Files\Control</Filter>
    </ClInclude>
    <ClInclude Include="..\..\sdk\inc\GUIBase.h">
      <Filter>Header Files\BaseData</Filter>
    </ClInclude>
    <ClInclude Include="GUISize.h">
      <Filter>Header Files\BaseData</Filter>
    </ClInclude>
    <ClInclude Include="..\..\sdk\inc\GUITextureHelper.h">
      <Filter>Header Files\BaseData</Filter>
    </ClInclude>
    <ClInclude Include="GUITextUtils.h">
      <Filter>Header Files\BaseData</Filter>
    </ClInclude>
    <ClInclude Include="..\..\sdk\inc\SQRWndDef.h">
      <Filter>Header Files\BaseData</Filter>
    </ClInclude>
    <ClInclude Include="..\..\sdk\inc\TipHandler.h">
      <Filter>Header Files\BaseData</Filter>
    </ClInclude>
    <ClInclude Include="..\..\sdk\inc\CGUICameraCtrller.h">
      <Filter>Header Files\Misc</Filter>
    </ClInclude>
    <ClInclude Include="..\..\sdk\inc\FlashDataManager.h">
      <Filter>Header Files\Misc</Filter>
    </ClInclude>
    <ClInclude Include="..\..\sdk\inc\GUIRenderTask.h">
      <Filter>Header Files\Misc</Filter>
    </ClInclude>
    <ClInclude Include="..\..\sdk\inc\IGUIManager.h">
      <Filter>Header Files\Misc</Filter>
    </ClInclude>
    <ClInclude Include="..\..\sdk\inc\SQRFlashLayer.h">
      <Filter>Header Files\Misc</Filter>
    </ClInclude>
    <ClInclude Include="..\..\sdk\inc\SQRGUIMallocObject.h">
      <Filter>Header Files\Misc</Filter>
    </ClInclude>
    <ClInclude Include="SQRGUIManager.h">
      <Filter>Header Files\Misc</Filter>
    </ClInclude>
    <ClInclude Include="..\..\sdk\inc\SQRGUIStyles.h">
      <Filter>Header Files\Misc</Filter>
    </ClInclude>
    <ClInclude Include="..\..\sdk\inc\SQRWndClass.h">
      <Filter>Header Files\Misc</Filter>
    </ClInclude>
    <ClInclude Include="stdafx.h">
      <Filter>Header Files\Misc</Filter>
    </ClInclude>
    <ClInclude Include="..\..\sdk\inc\SQRGUIEffectBase.h">
      <Filter>Header Files\GUIEffect</Filter>
    </ClInclude>
    <ClInclude Include="..\..\sdk\inc\SQRGUIEffectHandler.h">
      <Filter>Header Files\GUIEffect</Filter>
    </ClInclude>
    <ClInclude Include="..\..\sdk\inc\SQRGUIShapeEffect.h">
      <Filter>Header Files\GUIEffect</Filter>
    </ClInclude>
    <ClInclude Include="..\..\sdk\inc\SQRGUITransparentEffect.h">
      <Filter>Header Files\GUIEffect</Filter>
    </ClInclude>
    <ClInclude Include="..\..\sdk\inc\CGuiBaseCoder.h">
      <Filter>Header Files\Corder</Filter>
    </ClInclude>
    <ClInclude Include="..\..\sdk\inc\CGuiCoder.h">
      <Filter>Header Files\Corder</Filter>
    </ClInclude>
    <ClInclude Include="..\..\sdk\inc\CWebBrowserCallBack.h">
      <Filter>Header Files\CallBack</Filter>
    </ClInclude>
  </ItemGroup>
  <ItemGroup>
    <None Include="Debug\BuildLog.htm" />
  </ItemGroup>
</Project>