<?xml version="1.0" encoding="utf-8"?>
<Project ToolsVersion="4.0" xmlns="http://schemas.microsoft.com/developer/msbuild/2003">
  <ItemGroup>
    <Filter Include="战斗">
      <UniqueIdentifier>{56bb96b9-75c4-4f78-9ddf-4ab177d4520d}</UniqueIdentifier>
    </Filter>
    <Filter Include="战斗\技能">
      <UniqueIdentifier>{96a7b011-bdf3-4e0c-8964-09042183419b}</UniqueIdentifier>
    </Filter>
    <Filter Include="战斗\公共">
      <UniqueIdentifier>{2a9cfedd-967d-446a-a154-bab43b8e6ea2}</UniqueIdentifier>
    </Filter>
    <Filter Include="战斗\对象">
      <UniqueIdentifier>{52294123-a512-4c62-bc71-64affc58797a}</UniqueIdentifier>
    </Filter>
    <Filter Include="战斗\属性">
      <UniqueIdentifier>{bd452064-e478-46e7-8cd1-34661e2b011c}</UniqueIdentifier>
    </Filter>
    <Filter Include="连接">
      <UniqueIdentifier>{f9d8f364-73b8-4fd9-81cb-6f7cf6b6dd41}</UniqueIdentifier>
    </Filter>
    <Filter Include="动作">
      <UniqueIdentifier>{67cf8d4e-a8bb-4637-9f08-454bc0d1115c}</UniqueIdentifier>
    </Filter>
    <Filter Include="角色">
      <UniqueIdentifier>{a6d35cc2-5479-4af2-b699-8e0489e45c56}</UniqueIdentifier>
    </Filter>
    <Filter Include="网络协议">
      <UniqueIdentifier>{c7e9d58a-ed96-4b83-a88e-671bfd29cdfb}</UniqueIdentifier>
    </Filter>
    <Filter Include="内存池">
      <UniqueIdentifier>{5be8c239-f927-4faa-9107-1deb6b246cd0}</UniqueIdentifier>
    </Filter>
    <Filter Include="Npc">
      <UniqueIdentifier>{a624351f-4ba3-479e-bc8d-ed8dd9c787a0}</UniqueIdentifier>
    </Filter>
  </ItemGroup>
  <ItemGroup>
    <ClCompile Include="CBaseState.cpp">
      <Filter>战斗\技能</Filter>
    </ClCompile>
    <ClCompile Include="CDoSkillCtrlMgr.cpp">
      <Filter>战斗\技能</Filter>
    </ClCompile>
    <ClCompile Include="CTalent.cpp">
      <Filter>战斗\技能</Filter>
    </ClCompile>
    <ClCompile Include="CCfgCalc.cpp">
      <Filter>战斗\公共</Filter>
    </ClCompile>
    <ClCompile Include="CCfgCalcFunction.cpp">
      <Filter>战斗\公共</Filter>
    </ClCompile>
    <ClCompile Include="CCfgCalcOptrTable.cpp">
      <Filter>战斗\公共</Filter>
    </ClCompile>
    <ClCompile Include="CCfgColChecker.cpp">
      <Filter>战斗\公共</Filter>
    </ClCompile>
    <ClCompile Include="CTempVarMgr.cpp">
      <Filter>战斗\公共</Filter>
    </ClCompile>
    <ClCompile Include="CFighterBaseInfo.cpp">
      <Filter>战斗\对象</Filter>
    </ClCompile>
    <ClCompile Include="CFighterCalInfo.cpp">
      <Filter>战斗\对象</Filter>
    </ClCompile>
    <ClCompile Include="CRelationMgr.cpp">
      <Filter>战斗\对象</Filter>
    </ClCompile>
    <ClCompile Include="CPropertyCfg.cpp">
      <Filter>战斗\属性</Filter>
    </ClCompile>
    <ClCompile Include="CStaticAttribMgr.cpp">
      <Filter>战斗\属性</Filter>
    </ClCompile>
    <ClCompile Include="CActor.cpp">
      <Filter>动作</Filter>
    </ClCompile>
    <ClCompile Include="CActorCfg.cpp">
      <Filter>动作</Filter>
    </ClCompile>
    <ClCompile Include="CActorMallocObject.cpp">
      <Filter>内存池</Filter>
    </ClCompile>
    <ClCompile Include="CCfgCalcMallocObject.cpp">
      <Filter>内存池</Filter>
    </ClCompile>
    <ClCompile Include="CConfigMallocObject.cpp">
      <Filter>内存池</Filter>
    </ClCompile>
    <ClCompile Include="CConnMsgMallocObject.cpp">
      <Filter>内存池</Filter>
    </ClCompile>
    <ClCompile Include="CEntityMallocObject.cpp">
      <Filter>内存池</Filter>
    </ClCompile>
    <ClCompile Include="CFighterMallocObject.cpp">
      <Filter>内存池</Filter>
    </ClCompile>
    <ClCompile Include="CMagicMallocObject.cpp">
      <Filter>内存池</Filter>
    </ClCompile>
    <ClCompile Include="CMagicStateMallocObject.cpp">
      <Filter>内存池</Filter>
    </ClCompile>
    <ClCompile Include="CServantMallocObject.cpp">
      <Filter>内存池</Filter>
    </ClCompile>
    <ClCompile Include="ServantType.cpp">
      <Filter>Npc</Filter>
    </ClCompile>
    <ClCompile Include="TypeName2SRTarget.cpp">
      <Filter>Npc</Filter>
    </ClCompile>
    <ClCompile Include="CGlobalObjVarDefCfg.cpp" />
    <ClCompile Include="GameCommon.cpp" />
    <ClCompile Include="LoadVariantCfgCommon.cpp" />
    <ClCompile Include="RegistShellCommon.cpp" />
    <ClCompile Include="stdafx.cpp" />
  </ItemGroup>
  <ItemGroup>
    <ClInclude Include="CBaseState.h">
      <Filter>战斗\技能</Filter>
    </ClInclude>
    <ClInclude Include="CCoolDownInfo.h">
      <Filter>战斗\技能</Filter>
    </ClInclude>
    <ClInclude Include="CDoSkillCtrlMgr.h">
      <Filter>战斗\技能</Filter>
    </ClInclude>
    <ClInclude Include="CMagicOpArg.h">
      <Filter>战斗\技能</Filter>
    </ClInclude>
    <ClInclude Include="CMoveMagicCfg.h">
      <Filter>战斗\技能</Filter>
    </ClInclude>
    <ClInclude Include="CMoveMagicDefs.h">
      <Filter>战斗\技能</Filter>
    </ClInclude>
    <ClInclude Include="CSkillCfg.h">
      <Filter>战斗\技能</Filter>
    </ClInclude>
    <ClInclude Include="CStateSync.h">
      <Filter>战斗\技能</Filter>
    </ClInclude>
    <ClInclude Include="CTalent.h">
      <Filter>战斗\技能</Filter>
    </ClInclude>
    <ClInclude Include="TCoolDownMgr.h">
      <Filter>战斗\技能</Filter>
    </ClInclude>
    <ClInclude Include="CCfgCalc.h">
      <Filter>战斗\公共</Filter>
    </ClInclude>
    <ClInclude Include="CCfgCalcFunction.h">
      <Filter>战斗\公共</Filter>
    </ClInclude>
    <ClInclude Include="CCfgCalcOptrTable.h">
      <Filter>战斗\公共</Filter>
    </ClInclude>
    <ClInclude Include="CCfgColChecker.h">
      <Filter>战斗\公共</Filter>
    </ClInclude>
    <ClInclude Include="CTempVarMgr.h">
      <Filter>战斗\公共</Filter>
    </ClInclude>
    <ClInclude Include="FightDef.h">
      <Filter>战斗\公共</Filter>
    </ClInclude>
    <ClInclude Include="GameDef.h">
      <Filter>战斗\公共</Filter>
    </ClInclude>
    <ClInclude Include="LoadSkillCommon.h">
      <Filter>战斗\公共</Filter>
    </ClInclude>
    <ClInclude Include="PropertyType.h">
      <Filter>战斗\公共</Filter>
    </ClInclude>
    <ClInclude Include="TCfgSharedPtr.h">
      <Filter>战斗\公共</Filter>
    </ClInclude>
    <ClInclude Include="TStringRef.h">
      <Filter>战斗\公共</Filter>
    </ClInclude>
    <ClInclude Include="TUpdateCfgFunctions.h">
      <Filter>战斗\公共</Filter>
    </ClInclude>
    <ClInclude Include="TypeLimit.h">
      <Filter>战斗\公共</Filter>
    </ClInclude>
    <ClInclude Include="CFighterBaseInfo.h">
      <Filter>战斗\对象</Filter>
    </ClInclude>
    <ClInclude Include="CFighterCalInfo.h">
      <Filter>战斗\对象</Filter>
    </ClInclude>
    <ClInclude Include="CRelationMgr.h">
      <Filter>战斗\对象</Filter>
    </ClInclude>
    <ClInclude Include="TFighterCtrlInfo.h">
      <Filter>战斗\对象</Filter>
    </ClInclude>
    <ClInclude Include="CPropertyCfg.h">
      <Filter>战斗\属性</Filter>
    </ClInclude>
    <ClInclude Include="CStaticAttribMgr.h">
      <Filter>战斗\属性</Filter>
    </ClInclude>
    <ClInclude Include="CStaticAttribs.h">
      <Filter>战斗\属性</Filter>
    </ClInclude>
    <ClInclude Include="FighterProperty.h">
      <Filter>战斗\属性</Filter>
    </ClInclude>
    <ClInclude Include="PropertyAdapter.h">
      <Filter>战斗\属性</Filter>
    </ClInclude>
    <ClInclude Include="TPropertyHolder.h">
      <Filter>战斗\属性</Filter>
    </ClInclude>
    <ClInclude Include="CBaseConnMgrHandler.h">
      <Filter>连接</Filter>
    </ClInclude>
    <ClInclude Include="CBaseMsgDispatcher.h">
      <Filter>连接</Filter>
    </ClInclude>
    <ClInclude Include="IRpcCommon.h">
      <Filter>连接</Filter>
    </ClInclude>
    <ClInclude Include="IScriptConnMgrHandler.h">
      <Filter>连接</Filter>
    </ClInclude>
    <ClInclude Include="ActorDef.h">
      <Filter>动作</Filter>
    </ClInclude>
    <ClInclude Include="CActor.h">
      <Filter>动作</Filter>
    </ClInclude>
    <ClInclude Include="CActorCfg.h">
      <Filter>动作</Filter>
    </ClInclude>
    <ClInclude Include="TGameEntityManager.h">
      <Filter>角色</Filter>
    </ClInclude>
    <ClInclude Include="TGameEntityManagerHandler.h">
      <Filter>角色</Filter>
    </ClInclude>
    <ClInclude Include="PtrlGac2GasCPPDcl.h">
      <Filter>网络协议</Filter>
    </ClInclude>
    <ClInclude Include="PtrlGac2GasCPPDef.h">
      <Filter>网络协议</Filter>
    </ClInclude>
    <ClInclude Include="PtrlGas2GacCPPDcl.h">
      <Filter>网络协议</Filter>
    </ClInclude>
    <ClInclude Include="PtrlGas2GacCPPDef.h">
      <Filter>网络协议</Filter>
    </ClInclude>
    <ClInclude Include="CActorMallocObject.h">
      <Filter>内存池</Filter>
    </ClInclude>
    <ClInclude Include="CCfgCalcMallocObject.h">
      <Filter>内存池</Filter>
    </ClInclude>
    <ClInclude Include="CConfigMallocObject.h">
      <Filter>内存池</Filter>
    </ClInclude>
    <ClInclude Include="CConnMsgMallocObject.h">
      <Filter>内存池</Filter>
    </ClInclude>
    <ClInclude Include="CEntityMallocObject.h">
      <Filter>内存池</Filter>
    </ClInclude>
    <ClInclude Include="CFighterMallocObject.h">
      <Filter>内存池</Filter>
    </ClInclude>
    <ClInclude Include="CMagicMallocObject.h">
      <Filter>内存池</Filter>
    </ClInclude>
    <ClInclude Include="CMagicStateMallocObject.h">
      <Filter>内存池</Filter>
    </ClInclude>
    <ClInclude Include="CServantMallocObject.h">
      <Filter>内存池</Filter>
    </ClInclude>
    <ClInclude Include="TActorAllocator.h">
      <Filter>内存池</Filter>
    </ClInclude>
    <ClInclude Include="TCfgCalcMallocAllocator.h">
      <Filter>内存池</Filter>
    </ClInclude>
    <ClInclude Include="TConfigAllocator.h">
      <Filter>内存池</Filter>
    </ClInclude>
    <ClInclude Include="TConnMsgAllocator.h">
      <Filter>内存池</Filter>
    </ClInclude>
    <ClInclude Include="TEntityAllocator.h">
      <Filter>内存池</Filter>
    </ClInclude>
    <ClInclude Include="TFighterAllocator.h">
      <Filter>内存池</Filter>
    </ClInclude>
    <ClInclude Include="TMagicAllocator.h">
      <Filter>内存池</Filter>
    </ClInclude>
    <ClInclude Include="TMagicStateAllocator.h">
      <Filter>内存池</Filter>
    </ClInclude>
    <ClInclude Include="TServantAllocator.h">
      <Filter>内存池</Filter>
    </ClInclude>
    <ClInclude Include="CSkillRuleDef.h">
      <Filter>Npc</Filter>
    </ClInclude>
    <ClInclude Include="NpcInfoDefs.h">
      <Filter>Npc</Filter>
    </ClInclude>
    <ClInclude Include="ServantType.h">
      <Filter>Npc</Filter>
    </ClInclude>
    <ClInclude Include="TServantMgr.h">
      <Filter>Npc</Filter>
    </ClInclude>
    <ClInclude Include="TypeName2SRTarget.h">
      <Filter>Npc</Filter>
    </ClInclude>
    <ClInclude Include="CGlobalObjVarDefCfg.h" />
    <ClInclude Include="GameCommon.h" />
    <ClInclude Include="LoadVariantCfgCommon.h" />
    <ClInclude Include="RegistShellCommon.h" />
    <ClInclude Include="stdafx.h" />
  </ItemGroup>
  <ItemGroup>
    <None Include="TCoolDownMgr.inl">
      <Filter>战斗\技能</Filter>
    </None>
    <None Include="CCfgCalc.inl">
      <Filter>战斗\公共</Filter>
    </None>
    <None Include="CCfgColChecker.inl">
      <Filter>战斗\公共</Filter>
    </None>
    <None Include="TStringRef.inl">
      <Filter>战斗\公共</Filter>
    </None>
    <None Include="TFighterCtrlInfo.inl">
      <Filter>战斗\对象</Filter>
    </None>
    <None Include="TFighterCtrlInfo_inl.inl">
      <Filter>战斗\对象</Filter>
    </None>
    <None Include="FighterProperty.inl">
      <Filter>战斗\属性</Filter>
    </None>
    <None Include="FighterProperty_inl.inl">
      <Filter>战斗\属性</Filter>
    </None>
    <None Include="PropertyAdapter.inl">
      <Filter>战斗\属性</Filter>
    </None>
    <None Include="TPropertyHolder.inl">
      <Filter>战斗\属性</Filter>
    </None>
    <None Include="TPropertyHolder_inl.inl">
      <Filter>战斗\属性</Filter>
    </None>
    <None Include="CBaseConnMgrHandler.inl">
      <Filter>连接</Filter>
    </None>
    <None Include="CBaseMsgDispatcher.inl">
      <Filter>连接</Filter>
    </None>
    <None Include="TGameEntityManager.inl">
      <Filter>角色</Filter>
    </None>
    <None Include="TServantMgr.inl">
      <Filter>Npc</Filter>
    </None>
  </ItemGroup>
</Project>