<?xml version="1.0" encoding="utf-8"?>
<Project ToolsVersion="4.0" xmlns="http://schemas.microsoft.com/developer/msbuild/2003">
  <ItemGroup>
    <Filter Include="Resource Files">
      <UniqueIdentifier>{67DA6AB6-F800-4c08-8B7A-83BB121AAD01}</UniqueIdentifier>
      <Extensions>rc;ico;cur;bmp;dlg;rc2;rct;bin;rgs;gif;jpg;jpeg;jpe;resx;tiff;tif;png;wav</Extensions>
    </Filter>
    <Filter Include="EditorCtrl">
      <UniqueIdentifier>{0a67927a-d09e-47b6-b8c2-b1405c818bfa}</UniqueIdentifier>
    </Filter>
    <Filter Include="EditorCtrl\PathSet">
      <UniqueIdentifier>{313b5d67-8292-446b-a8b7-1de205311c73}</UniqueIdentifier>
    </Filter>
    <Filter Include="EditorCtrl\VideoSetting">
      <UniqueIdentifier>{cdc1ab08-e30a-471e-b5d5-5b60848720a5}</UniqueIdentifier>
    </Filter>
    <Filter Include="EditorCtrl\SceneState">
      <UniqueIdentifier>{33cfc520-779d-4692-80c5-a6cfaa81f78d}</UniqueIdentifier>
    </Filter>
    <Filter Include="EditorCtrl\BasicView">
      <UniqueIdentifier>{deb4174a-cf17-4e03-8d89-bc052f2e472f}</UniqueIdentifier>
    </Filter>
    <Filter Include="EditorCtrl\PortraitView">
      <UniqueIdentifier>{0b581653-6b2e-4f1a-8ac3-a36a036ca1bf}</UniqueIdentifier>
    </Filter>
    <Filter Include="EditorCtrl\ReadPkg">
      <UniqueIdentifier>{c0a77fa6-de7a-4f92-835a-6601f441d4c3}</UniqueIdentifier>
    </Filter>
    <Filter Include="EditorCtrl\Log">
      <UniqueIdentifier>{1e40b0f5-11fd-40cd-aef4-4962ef16fe7e}</UniqueIdentifier>
    </Filter>
    <Filter Include="EditorCtrl\FProcess">
      <UniqueIdentifier>{b410e4e7-b7bb-4a5b-8714-df6243c4e550}</UniqueIdentifier>
    </Filter>
    <Filter Include="EditorCtrl\KeyFrame">
      <UniqueIdentifier>{f542e376-ed44-447a-baf2-7af14cb47daa}</UniqueIdentifier>
    </Filter>
    <Filter Include="EditorCtrl\GroundSpeed">
      <UniqueIdentifier>{2c750fd0-8df1-4fc7-ad96-afceffe48c6c}</UniqueIdentifier>
    </Filter>
    <Filter Include="EditorCtrl\FrameScale">
      <UniqueIdentifier>{848be76f-d64b-49a3-9b44-e0b32cab7a88}</UniqueIdentifier>
    </Filter>
    <Filter Include="EditorCtrl\LightParameter">
      <UniqueIdentifier>{e5c41019-6fb0-4504-8502-f2acff5671ba}</UniqueIdentifier>
    </Filter>
    <Filter Include="EditorCtrl\FogParameter">
      <UniqueIdentifier>{5e257a7c-20a8-490b-a61b-84dbc6bb343e}</UniqueIdentifier>
    </Filter>
    <Filter Include="EditorCtrl\Color">
      <UniqueIdentifier>{933e7137-0aba-4f4c-a5b4-ced7d091c79f}</UniqueIdentifier>
    </Filter>
    <Filter Include="EditorCtrl\ProgressEx">
      <UniqueIdentifier>{e919060f-db50-4796-aa8e-eff040d2e74c}</UniqueIdentifier>
    </Filter>
    <Filter Include="EditorCtrl\HDRSetting">
      <UniqueIdentifier>{dfbfb4c5-79b9-4710-baa8-d9945f76c707}</UniqueIdentifier>
    </Filter>
    <Filter Include="EditorCtrl\PickColor">
      <UniqueIdentifier>{9a11ae46-d3b1-4d9b-8945-96a022571a6c}</UniqueIdentifier>
    </Filter>
    <Filter Include="EditorCtrl\EffectCtrl">
      <UniqueIdentifier>{8633163a-529f-48fb-9471-8bb18259a6c3}</UniqueIdentifier>
    </Filter>
    <Filter Include="EditorCtrl\EffectCtrl\EfxFileCtrl">
      <UniqueIdentifier>{bafd8c40-21de-40f3-b68b-ea8a70e2f0db}</UniqueIdentifier>
    </Filter>
    <Filter Include="EditorCtrl\EffectCtrl\EfxEditPropCtrl">
      <UniqueIdentifier>{893b9884-e6cd-44cf-9e2f-06f1803bb6f0}</UniqueIdentifier>
    </Filter>
    <Filter Include="EditorCtrl\EffectCtrl\EfxTrack">
      <UniqueIdentifier>{429774c7-2cd5-4f0b-a9f4-5376dca39e5c}</UniqueIdentifier>
    </Filter>
    <Filter Include="EditorCtrl\EffectCtrl\EfxKeyUint">
      <UniqueIdentifier>{c119500a-3d6a-4e8e-ba3c-65fe8d9b32b0}</UniqueIdentifier>
    </Filter>
    <Filter Include="EditorCtrl\MapEffectCtrl">
      <UniqueIdentifier>{5998c4ba-a820-46ca-b2f3-8ddd8fe2dc16}</UniqueIdentifier>
    </Filter>
    <Filter Include="EditorCtrl\AnimationGroupEditCtrl">
      <UniqueIdentifier>{0a54556f-ba63-4220-9916-0a6c6e5444b3}</UniqueIdentifier>
    </Filter>
    <Filter Include="EditorCtrl\PieceUnitEditCtrl">
      <UniqueIdentifier>{0322ce23-66fe-49d3-a962-7b9b1b47d5a7}</UniqueIdentifier>
    </Filter>
    <Filter Include="EditorCtrl\PieceGroupEditCtrl">
      <UniqueIdentifier>{1d118725-ce64-41c8-baaa-3ae514e5772a}</UniqueIdentifier>
    </Filter>
    <Filter Include="EditorCtrl\AutoPropToCtrl">
      <UniqueIdentifier>{c4bfb4ba-5edd-45df-a013-ed13ff621345}</UniqueIdentifier>
    </Filter>
    <Filter Include="EditorCtrl\AutoPropToCtrl\Element">
      <UniqueIdentifier>{f5613ebd-137a-467f-a760-140ffc43a3e1}</UniqueIdentifier>
    </Filter>
    <Filter Include="EditorCtrl\BoneList">
      <UniqueIdentifier>{388768a6-82c8-4d13-8faa-e58979f58dd5}</UniqueIdentifier>
    </Filter>
    <Filter Include="EditorCtrl\LightView">
      <UniqueIdentifier>{7a338c11-561b-4b45-a4da-f60b6af0d17b}</UniqueIdentifier>
    </Filter>
    <Filter Include="EditorCtrl\PropCtrl">
      <UniqueIdentifier>{4814597f-d9e7-41c7-bd0e-057fe07f5aa6}</UniqueIdentifier>
    </Filter>
    <Filter Include="EditorCtrl\BoneBoxList">
      <UniqueIdentifier>{39654c7a-b56d-4c8b-a17e-9f0a43066198}</UniqueIdentifier>
    </Filter>
    <Filter Include="EditorCtrl\BoneBoxEdit">
      <UniqueIdentifier>{fd1dbbe0-397e-426d-bb97-81934b69bd8e}</UniqueIdentifier>
    </Filter>
    <Filter Include="EditorCtrl\ColorAnimCtrl">
      <UniqueIdentifier>{94d347d6-1cca-4edb-a487-b2fbed8a9b8e}</UniqueIdentifier>
    </Filter>
    <Filter Include="EditorDlg">
      <UniqueIdentifier>{ccfc5ed1-96a5-49ce-bcef-efc6a80b3bc9}</UniqueIdentifier>
    </Filter>
    <Filter Include="EditorDlg\PathSet">
      <UniqueIdentifier>{12e5848b-bcba-4c5d-a57f-aede54371ee1}</UniqueIdentifier>
    </Filter>
    <Filter Include="EditorDlg\VideoSet">
      <UniqueIdentifier>{42342a2b-7133-40d1-a8cb-7de6fd70e770}</UniqueIdentifier>
    </Filter>
    <Filter Include="EditorDlg\FProcess">
      <UniqueIdentifier>{2b621097-4b67-48d4-85f8-7178d64b2d2e}</UniqueIdentifier>
    </Filter>
    <Filter Include="EditorComponent">
      <UniqueIdentifier>{f3ceb593-d537-47f7-93f7-e06d14d7e00e}</UniqueIdentifier>
    </Filter>
    <Filter Include="EditorComponent\CameraCom">
      <UniqueIdentifier>{26e9dbe5-f30f-43e1-8cef-3b537ea7e78e}</UniqueIdentifier>
    </Filter>
    <Filter Include="EditorComponent\BoundingBoxCom">
      <UniqueIdentifier>{41aed585-4828-4a8f-9952-5c3144fde0ed}</UniqueIdentifier>
    </Filter>
    <Filter Include="EditorComponent\SkeletonCom">
      <UniqueIdentifier>{1e621546-48f4-49c9-880f-ab76401f792b}</UniqueIdentifier>
    </Filter>
    <Filter Include="MapEditor">
      <UniqueIdentifier>{c7e349cb-428f-4e58-a687-f948aec5266e}</UniqueIdentifier>
    </Filter>
    <Filter Include="MapEditor\BasicView">
      <UniqueIdentifier>{7b41fe8b-6409-42d1-8908-fd7c7b3cc2a7}</UniqueIdentifier>
    </Filter>
    <Filter Include="MapEditor\GridView">
      <UniqueIdentifier>{7feb7007-3c83-4cbe-99a7-0e5c4f4beabe}</UniqueIdentifier>
    </Filter>
    <Filter Include="MapEditor\RecordView">
      <UniqueIdentifier>{cc2a2e25-bdf8-41ea-b015-315d57f6890e}</UniqueIdentifier>
    </Filter>
    <Filter Include="MapEditor\SetView">
      <UniqueIdentifier>{59a9b634-3e99-4cbf-bb6f-8828dc1e0130}</UniqueIdentifier>
    </Filter>
    <Filter Include="MapEditor\TileView">
      <UniqueIdentifier>{a1499be6-1422-4a7a-8f95-04d675e0265b}</UniqueIdentifier>
    </Filter>
    <Filter Include="MapEditor\TextureView">
      <UniqueIdentifier>{6190b8bc-2f36-468f-bf52-5ca2ebcc0f29}</UniqueIdentifier>
    </Filter>
    <Filter Include="MapEditor\NewDlg">
      <UniqueIdentifier>{c3d7653c-315e-4300-8566-3f7eb08ba54f}</UniqueIdentifier>
    </Filter>
    <Filter Include="MapEditor\NewMapView">
      <UniqueIdentifier>{0f3be90d-405d-4dec-b14a-bc96f0d6e4fe}</UniqueIdentifier>
    </Filter>
    <Filter Include="MapEditor\ExternMapView">
      <UniqueIdentifier>{7f9bfb6d-e58c-4cba-9d16-e08bc0d25d67}</UniqueIdentifier>
    </Filter>
    <Filter Include="MapEditor\BlockView">
      <UniqueIdentifier>{d7537fe4-8df3-4636-bb7f-9200904b3bce}</UniqueIdentifier>
    </Filter>
    <Filter Include="MapEditor\AudioView">
      <UniqueIdentifier>{98a59c1f-3ae0-4a14-a5f9-6b5bd8f5305c}</UniqueIdentifier>
    </Filter>
    <Filter Include="MapEditor\AudioView\CueList">
      <UniqueIdentifier>{f6df7310-e799-4ce8-8a0d-1ee4877aee7b}</UniqueIdentifier>
    </Filter>
    <Filter Include="MapEditor\AudioView\AmbientAudio">
      <UniqueIdentifier>{21e390d7-842c-40a5-912f-7e3ad7838922}</UniqueIdentifier>
    </Filter>
    <Filter Include="MapEditor\LightEffectView">
      <UniqueIdentifier>{cedafb7d-a452-4e98-bd87-8a52d3a701e7}</UniqueIdentifier>
    </Filter>
    <Filter Include="Helper">
      <UniqueIdentifier>{71528ce4-76d1-4086-a54f-10a471fb2534}</UniqueIdentifier>
    </Filter>
    <Filter Include="Helper\BasicProp">
      <UniqueIdentifier>{428802a5-d14f-46d5-a816-cab312265b74}</UniqueIdentifier>
    </Filter>
    <Filter Include="Utility">
      <UniqueIdentifier>{1aed5830-bf14-46c9-9f06-250e8f5c7349}</UniqueIdentifier>
    </Filter>
    <Filter Include="TEST">
      <UniqueIdentifier>{3d0ace73-3bee-4e1a-af31-488a6593d3e1}</UniqueIdentifier>
    </Filter>
    <Filter Include="TEST\UITest">
      <UniqueIdentifier>{93650b02-9f34-4309-a30a-34609e685a8f}</UniqueIdentifier>
    </Filter>
  </ItemGroup>
  <ItemGroup>
    <Image Include="app.ico">
      <Filter>Resource Files</Filter>
    </Image>
  </ItemGroup>
  <ItemGroup>
    <ResourceCompile Include="app.rc">
      <Filter>Resource Files</Filter>
    </ResourceCompile>
  </ItemGroup>
  <ItemGroup>
    <ClCompile Include="AssemblyInfo.cpp">
      <Filter>Resource Files</Filter>
    </ClCompile>
    <ClCompile Include="CUIBase.cpp">
      <Filter>EditorCtrl</Filter>
    </ClCompile>
    <ClCompile Include="PathSetCtrl\CPathSetCtrl.cpp">
      <Filter>EditorCtrl\PathSet</Filter>
    </ClCompile>
    <ClCompile Include="VideoSetCtrl\CVideoSettingCtrl.cpp">
      <Filter>EditorCtrl\VideoSetting</Filter>
    </ClCompile>
    <ClCompile Include="SceneStateCtrl\CSceneStateCtrl.cpp">
      <Filter>EditorCtrl\SceneState</Filter>
    </ClCompile>
    <ClCompile Include="ViewCtrl\CViewCtrl.cpp">
      <Filter>EditorCtrl\BasicView</Filter>
    </ClCompile>
    <ClCompile Include="PortraitViewCtrl\CPortraitViewCtrl.cpp">
      <Filter>EditorCtrl\PortraitView</Filter>
    </ClCompile>
    <ClCompile Include="ReadPkgViewCtrl\CReadPkgCtrl.cpp">
      <Filter>EditorCtrl\ReadPkg</Filter>
    </ClCompile>
    <ClCompile Include="LogCtrl\CLogCtrl.cpp">
      <Filter>EditorCtrl\Log</Filter>
    </ClCompile>
    <ClCompile Include="FProcessCtrl\CFProcessCtrl.cpp">
      <Filter>EditorCtrl\FProcess</Filter>
    </ClCompile>
    <ClCompile Include="KeyFrameCtrl\CKeyFrameCtrl.cpp">
      <Filter>EditorCtrl\KeyFrame</Filter>
    </ClCompile>
    <ClCompile Include="GroundSpeedCtrl\CGroundSpeedCtrl.cpp">
      <Filter>EditorCtrl\GroundSpeed</Filter>
    </ClCompile>
    <ClCompile Include="FrameScaleCtrl\CFrameScaleCtrl.cpp">
      <Filter>EditorCtrl\FrameScale</Filter>
    </ClCompile>
    <ClCompile Include="LightParameterCtrl\CLightParameterCtrl.cpp">
      <Filter>EditorCtrl\LightParameter</Filter>
    </ClCompile>
    <ClCompile Include="FogParameterCtrl\CFogParameterCtrl.cpp">
      <Filter>EditorCtrl\FogParameter</Filter>
    </ClCompile>
    <ClCompile Include="ColorCtrl\CColorCtrl.cpp">
      <Filter>EditorCtrl\Color</Filter>
    </ClCompile>
    <ClCompile Include="ProcessCtrlEx\CProcessCtrlEx.cpp">
      <Filter>EditorCtrl\ProgressEx</Filter>
    </ClCompile>
    <ClCompile Include="HDRSettingCtrl\CHDRSettingCtrl.cpp">
      <Filter>EditorCtrl\HDRSetting</Filter>
    </ClCompile>
    <ClCompile Include="PickColorCtrl\CPowerColorPickerCtrl.cpp">
      <Filter>EditorCtrl\PickColor</Filter>
    </ClCompile>
    <ClCompile Include="CLRStringHelper.cpp">
      <Filter>EditorCtrl\EffectCtrl</Filter>
    </ClCompile>
    <ClCompile Include="CEfxFileCtrl.cpp">
      <Filter>EditorCtrl\EffectCtrl\EfxFileCtrl</Filter>
    </ClCompile>
    <ClCompile Include="CEfxEditProp.cpp">
      <Filter>EditorCtrl\EffectCtrl\EfxEditPropCtrl</Filter>
    </ClCompile>
    <ClCompile Include="EffectTrack\CEfxTrackCtrl.cpp">
      <Filter>EditorCtrl\EffectCtrl\EfxTrack</Filter>
    </ClCompile>
    <ClCompile Include="EffectKeyUint\CEfxKeyUintCtrl.cpp">
      <Filter>EditorCtrl\EffectCtrl\EfxKeyUint</Filter>
    </ClCompile>
    <ClCompile Include="MapEffectCtrl\CMapEffectCtrl.cpp">
      <Filter>EditorCtrl\MapEffectCtrl</Filter>
    </ClCompile>
    <ClCompile Include="AnimationGroupEditCtrl\CAnimationGroupEditCtrl.cpp">
      <Filter>EditorCtrl\AnimationGroupEditCtrl</Filter>
    </ClCompile>
    <ClCompile Include="PieceUnitEditCtrl\CPieceUnitEditCtrl.cpp">
      <Filter>EditorCtrl\PieceUnitEditCtrl</Filter>
    </ClCompile>
    <ClCompile Include="PieceGroupEditCtrl\CPieceGroupEditCtrl.cpp">
      <Filter>EditorCtrl\PieceGroupEditCtrl</Filter>
    </ClCompile>
    <ClCompile Include="AutoPropToCtrl\AutoDataUintCtrl.cpp">
      <Filter>EditorCtrl\AutoPropToCtrl</Filter>
    </ClCompile>
    <ClCompile Include="AutoPropToCtrl\AutoPropToCtrl.cpp">
      <Filter>EditorCtrl\AutoPropToCtrl</Filter>
    </ClCompile>
    <ClCompile Include="BaseDataCtrl\BoolEditCtrl.cpp">
      <Filter>EditorCtrl\AutoPropToCtrl\Element</Filter>
    </ClCompile>
    <ClCompile Include="BaseDataCtrl\ComBoEditCtrl.cpp">
      <Filter>EditorCtrl\AutoPropToCtrl\Element</Filter>
    </ClCompile>
    <ClCompile Include="BaseDataCtrl\CueListDialog.cpp">
      <Filter>EditorCtrl\AutoPropToCtrl\Element</Filter>
    </ClCompile>
    <ClCompile Include="CUIPropBase.cpp">
      <Filter>EditorCtrl\AutoPropToCtrl\Element</Filter>
    </ClCompile>
    <ClCompile Include="BaseDataCtrl\EStrMapEditCtrl.cpp">
      <Filter>EditorCtrl\AutoPropToCtrl\Element</Filter>
    </ClCompile>
    <ClCompile Include="BaseDataCtrl\MaxMinNumEditDialog.cpp">
      <Filter>EditorCtrl\AutoPropToCtrl\Element</Filter>
    </ClCompile>
    <ClCompile Include="BaseDataCtrl\NumEditCtrl.cpp">
      <Filter>EditorCtrl\AutoPropToCtrl\Element</Filter>
    </ClCompile>
    <ClCompile Include="BaseDataCtrl\NumMapEditCtrl.cpp">
      <Filter>EditorCtrl\AutoPropToCtrl\Element</Filter>
    </ClCompile>
    <ClCompile Include="BaseDataCtrl\SingleStringEditCtrl.cpp">
      <Filter>EditorCtrl\AutoPropToCtrl\Element</Filter>
    </ClCompile>
    <ClCompile Include="BaseDataCtrl\Vector3EditCtrl.cpp">
      <Filter>EditorCtrl\AutoPropToCtrl\Element</Filter>
    </ClCompile>
    <ClCompile Include="BaseDataCtrl\Vector3EditDialog.cpp">
      <Filter>EditorCtrl\AutoPropToCtrl\Element</Filter>
    </ClCompile>
    <ClCompile Include="BaseDataCtrl\Vector3MapCtrl.cpp">
      <Filter>EditorCtrl\AutoPropToCtrl\Element</Filter>
    </ClCompile>
    <ClCompile Include="BoneListCtrl\CBoneListCtrl.cpp">
      <Filter>EditorCtrl\BoneList</Filter>
    </ClCompile>
    <ClCompile Include="LightViewCtrl\CLightView.cpp">
      <Filter>EditorCtrl\LightView</Filter>
    </ClCompile>
    <ClCompile Include="PropCtrl\CPropCtrl.cpp">
      <Filter>EditorCtrl\PropCtrl</Filter>
    </ClCompile>
    <ClCompile Include="BoneBoxListCtrl\CBoneBoxListCtrl.cpp">
      <Filter>EditorCtrl\BoneBoxList</Filter>
    </ClCompile>
    <ClCompile Include="BoneBoxEditCtrl\CBoneBoxEditCtrl.cpp">
      <Filter>EditorCtrl\BoneBoxEdit</Filter>
    </ClCompile>
    <ClCompile Include="ColorAnimCtrl\CColorAnimCtrl.cpp">
      <Filter>EditorCtrl\ColorAnimCtrl</Filter>
    </ClCompile>
    <ClCompile Include="PathSetDlg\CPathSetDlg.cpp">
      <Filter>EditorDlg\PathSet</Filter>
    </ClCompile>
    <ClCompile Include="VideoSetDlg\CVideoSetDlg.cpp">
      <Filter>EditorDlg\VideoSet</Filter>
    </ClCompile>
    <ClCompile Include="FProcessDlg\CFProcessDlg.cpp">
      <Filter>EditorDlg\FProcess</Filter>
    </ClCompile>
    <ClCompile Include="CBaseComponent.cpp">
      <Filter>EditorComponent</Filter>
    </ClCompile>
    <ClCompile Include="CContextCom.cpp">
      <Filter>EditorComponent</Filter>
    </ClCompile>
    <ClCompile Include="CameraCom\CCameraBaseCom.cpp">
      <Filter>EditorComponent\CameraCom</Filter>
    </ClCompile>
    <ClCompile Include="CameraCom\CFPSCameraCom.cpp">
      <Filter>EditorComponent\CameraCom</Filter>
    </ClCompile>
    <ClCompile Include="CameraCom\CFREECameraCom.cpp">
      <Filter>EditorComponent\CameraCom</Filter>
    </ClCompile>
    <ClCompile Include="CameraCom\CRTSCameraCom.cpp">
      <Filter>EditorComponent\CameraCom</Filter>
    </ClCompile>
    <ClCompile Include="BoundingBoxPropCom\CBoundingBoxPropCom.cpp">
      <Filter>EditorComponent\BoundingBoxCom</Filter>
    </ClCompile>
    <ClCompile Include="SkeletonPropCom\CSkeletonPropCom.cpp">
      <Filter>EditorComponent\SkeletonCom</Filter>
    </ClCompile>
    <ClCompile Include="SkeletonPropCom\SaveControl.cpp">
      <Filter>EditorComponent\SkeletonCom</Filter>
    </ClCompile>
    <ClCompile Include="SkeletonPropCom\SizeControl.cpp">
      <Filter>EditorComponent\SkeletonCom</Filter>
    </ClCompile>
    <ClCompile Include="BasicPanelCtrl\CBasicPanel.cpp">
      <Filter>MapEditor\BasicView</Filter>
    </ClCompile>
    <ClCompile Include="GridPanelCtrl\CGridPanel.cpp">
      <Filter>MapEditor\GridView</Filter>
    </ClCompile>
    <ClCompile Include="RecordCtrl\CRecordPanel.cpp">
      <Filter>MapEditor\RecordView</Filter>
    </ClCompile>
    <ClCompile Include="SetViewCtrl\CSetViewCtrl.cpp">
      <Filter>MapEditor\SetView</Filter>
    </ClCompile>
    <ClCompile Include="TileViewCtrl\CTileViewCtrl.cpp">
      <Filter>MapEditor\TileView</Filter>
    </ClCompile>
    <ClCompile Include="TextureViewCtrl\CTextureViewCltr.cpp">
      <Filter>MapEditor\TextureView</Filter>
    </ClCompile>
    <ClCompile Include="NewMapDlg\CNewMapDlg.cpp">
      <Filter>MapEditor\NewDlg</Filter>
    </ClCompile>
    <ClCompile Include="NewMapCtrl\CNewMapCtrl.cpp">
      <Filter>MapEditor\NewMapView</Filter>
    </ClCompile>
    <ClCompile Include="ExMapCtrl\CExMapCtrl.cpp">
      <Filter>MapEditor\ExternMapView</Filter>
    </ClCompile>
    <ClCompile Include="BlockViewCtrl\CBlockViewCtrl.cpp">
      <Filter>MapEditor\BlockView</Filter>
    </ClCompile>
    <ClCompile Include="AudioView\AudioViewCtrl.cpp">
      <Filter>MapEditor\AudioView</Filter>
    </ClCompile>
    <ClCompile Include="AudioView\CueListCtrl.cpp">
      <Filter>MapEditor\AudioView\CueList</Filter>
    </ClCompile>
    <ClCompile Include="AudioView\AmbientAudioCtrl.cpp">
      <Filter>MapEditor\AudioView\AmbientAudio</Filter>
    </ClCompile>
    <ClCompile Include="LightEffect\CLightEffectPanel.cpp">
      <Filter>MapEditor\LightEffectView</Filter>
    </ClCompile>
    <ClCompile Include="EditorUIHelper.cpp">
      <Filter>Helper</Filter>
    </ClCompile>
    <ClCompile Include="BasicPropSet\CAudioProp.cpp">
      <Filter>Helper\BasicProp</Filter>
    </ClCompile>
    <ClCompile Include="BasicPropSet\CBaseProp.cpp">
      <Filter>Helper\BasicProp</Filter>
    </ClCompile>
    <ClCompile Include="BasicPropSet\CLightProp.cpp">
      <Filter>Helper\BasicProp</Filter>
    </ClCompile>
    <ClCompile Include="BasicPropSet\CModelProp.cpp">
      <Filter>Helper\BasicProp</Filter>
    </ClCompile>
    <ClCompile Include="BasicPropSet\CSceneProp.cpp">
      <Filter>Helper\BasicProp</Filter>
    </ClCompile>
    <ClCompile Include="ClrCmd.cpp">
      <Filter>Utility</Filter>
    </ClCompile>
    <ClCompile Include="TestCtrl\CTestUI.cpp">
      <Filter>TEST\UITest</Filter>
    </ClCompile>
    <ClCompile Include="BasicPropSet\TestProp.cpp">
      <Filter>TEST\UITest</Filter>
    </ClCompile>
    <ClCompile Include="Stdafx.cpp" />
  </ItemGroup>
  <ItemGroup>
    <ClInclude Include="CUIBase.h">
      <Filter>EditorCtrl</Filter>
    </ClInclude>
    <ClInclude Include="PathSetCtrl\CPathSetCtrl.h">
      <Filter>EditorCtrl\PathSet</Filter>
    </ClInclude>
    <ClInclude Include="VideoSetCtrl\CVideoSettingCtrl.h">
      <Filter>EditorCtrl\VideoSetting</Filter>
    </ClInclude>
    <ClInclude Include="SceneStateCtrl\CSceneStateCtrl.h">
      <Filter>EditorCtrl\SceneState</Filter>
    </ClInclude>
    <ClInclude Include="ViewCtrl\CViewCtrl.h">
      <Filter>EditorCtrl\BasicView</Filter>
    </ClInclude>
    <ClInclude Include="PortraitViewCtrl\CPortraitViewCtrl.h">
      <Filter>EditorCtrl\PortraitView</Filter>
    </ClInclude>
    <ClInclude Include="ReadPkgViewCtrl\CReadPkgCtrl.h">
      <Filter>EditorCtrl\ReadPkg</Filter>
    </ClInclude>
    <ClInclude Include="LogCtrl\CLogCtrl.h">
      <Filter>EditorCtrl\Log</Filter>
    </ClInclude>
    <ClInclude Include="FProcessCtrl\CFProcessCtrl.h">
      <Filter>EditorCtrl\FProcess</Filter>
    </ClInclude>
    <ClInclude Include="KeyFrameCtrl\CKeyFrameCtrl.h">
      <Filter>EditorCtrl\KeyFrame</Filter>
    </ClInclude>
    <ClInclude Include="GroundSpeedCtrl\CGroundSpeedCtrl.h">
      <Filter>EditorCtrl\GroundSpeed</Filter>
    </ClInclude>
    <ClInclude Include="FrameScaleCtrl\CFrameScaleCtrl.h">
      <Filter>EditorCtrl\FrameScale</Filter>
    </ClInclude>
    <ClInclude Include="LightParameterCtrl\CLightParameterCtrl.h">
      <Filter>EditorCtrl\LightParameter</Filter>
    </ClInclude>
    <ClInclude Include="FogParameterCtrl\CFogParameterCtrl.h">
      <Filter>EditorCtrl\FogParameter</Filter>
    </ClInclude>
    <ClInclude Include="ColorCtrl\CColorCtrl.h">
      <Filter>EditorCtrl\Color</Filter>
    </ClInclude>
    <ClInclude Include="ProcessCtrlEx\CProcessCtrlEx.h">
      <Filter>EditorCtrl\ProgressEx</Filter>
    </ClInclude>
    <ClInclude Include="HDRSettingCtrl\CHDRSettingCtrl.h">
      <Filter>EditorCtrl\HDRSetting</Filter>
    </ClInclude>
    <ClInclude Include="PickColorCtrl\CPowerColorPickerCtrl.h">
      <Filter>EditorCtrl\PickColor</Filter>
    </ClInclude>
    <ClInclude Include="CLRStringHelper.h">
      <Filter>EditorCtrl\EffectCtrl</Filter>
    </ClInclude>
    <ClInclude Include="CEfxFileCtrl.h">
      <Filter>EditorCtrl\EffectCtrl\EfxFileCtrl</Filter>
    </ClInclude>
    <ClInclude Include="CEfxEditProp.h">
      <Filter>EditorCtrl\EffectCtrl\EfxEditPropCtrl</Filter>
    </ClInclude>
    <ClInclude Include="EffectTrack\CEfxTrackCtrl.h">
      <Filter>EditorCtrl\EffectCtrl\EfxTrack</Filter>
    </ClInclude>
    <ClInclude Include="EffectKeyUint\CEfxKeyUintCtrl.h">
      <Filter>EditorCtrl\EffectCtrl\EfxKeyUint</Filter>
    </ClInclude>
    <ClInclude Include="MapEffectCtrl\CMapEffectCtrl.h">
      <Filter>EditorCtrl\MapEffectCtrl</Filter>
    </ClInclude>
    <ClInclude Include="AnimationGroupEditCtrl\CAnimationGroupEditCtrl.h">
      <Filter>EditorCtrl\AnimationGroupEditCtrl</Filter>
    </ClInclude>
    <ClInclude Include="PieceUnitEditCtrl\CPieceUnitEditCtrl.h">
      <Filter>EditorCtrl\PieceUnitEditCtrl</Filter>
    </ClInclude>
    <ClInclude Include="PieceGroupEditCtrl\CPieceGroupEditCtrl.h">
      <Filter>EditorCtrl\PieceGroupEditCtrl</Filter>
    </ClInclude>
    <ClInclude Include="AutoPropToCtrl\AutoDataUintCtrl.h">
      <Filter>EditorCtrl\AutoPropToCtrl</Filter>
    </ClInclude>
    <ClInclude Include="AutoPropToCtrl\AutoPropToCtrl.h">
      <Filter>EditorCtrl\AutoPropToCtrl</Filter>
    </ClInclude>
    <ClInclude Include="BaseDataCtrl\BoolEditCtrl.h">
      <Filter>EditorCtrl\AutoPropToCtrl\Element</Filter>
    </ClInclude>
    <ClInclude Include="BaseDataCtrl\ComBoEditCtrl.h">
      <Filter>EditorCtrl\AutoPropToCtrl\Element</Filter>
    </ClInclude>
    <ClInclude Include="BaseDataCtrl\CueListDialog.h">
      <Filter>EditorCtrl\AutoPropToCtrl\Element</Filter>
    </ClInclude>
    <ClInclude Include="CUIPropBase.h">
      <Filter>EditorCtrl\AutoPropToCtrl\Element</Filter>
    </ClInclude>
    <ClInclude Include="BaseDataCtrl\EStrMapEditCtrl.h">
      <Filter>EditorCtrl\AutoPropToCtrl\Element</Filter>
    </ClInclude>
    <ClInclude Include="BaseDataCtrl\MaxMinNumEditDialog.h">
      <Filter>EditorCtrl\AutoPropToCtrl\Element</Filter>
    </ClInclude>
    <ClInclude Include="BaseDataCtrl\NumEditCtrl.h">
      <Filter>EditorCtrl\AutoPropToCtrl\Element</Filter>
    </ClInclude>
    <ClInclude Include="BaseDataCtrl\NumMapEditCtrl.h">
      <Filter>EditorCtrl\AutoPropToCtrl\Element</Filter>
    </ClInclude>
    <ClInclude Include="BaseDataCtrl\SingleStringEditCtrl.h">
      <Filter>EditorCtrl\AutoPropToCtrl\Element</Filter>
    </ClInclude>
    <ClInclude Include="BaseDataCtrl\Vector3EditCtrl.h">
      <Filter>EditorCtrl\AutoPropToCtrl\Element</Filter>
    </ClInclude>
    <ClInclude Include="BaseDataCtrl\Vector3EditDialog.h">
      <Filter>EditorCtrl\AutoPropToCtrl\Element</Filter>
    </ClInclude>
    <ClInclude Include="BaseDataCtrl\Vector3MapCtrl.h">
      <Filter>EditorCtrl\AutoPropToCtrl\Element</Filter>
    </ClInclude>
    <ClInclude Include="BoneListCtrl\CBoneListCtrl.h">
      <Filter>EditorCtrl\BoneList</Filter>
    </ClInclude>
    <ClInclude Include="LightViewCtrl\CLightView.h">
      <Filter>EditorCtrl\LightView</Filter>
    </ClInclude>
    <ClInclude Include="PropCtrl\CPropCtrl.h">
      <Filter>EditorCtrl\PropCtrl</Filter>
    </ClInclude>
    <ClInclude Include="BoneBoxListCtrl\CBoneBoxListCtrl.h">
      <Filter>EditorCtrl\BoneBoxList</Filter>
    </ClInclude>
    <ClInclude Include="BoneBoxEditCtrl\CBoneBoxEditCtrl.h">
      <Filter>EditorCtrl\BoneBoxEdit</Filter>
    </ClInclude>
    <ClInclude Include="ColorAnimCtrl\CColorAnimCtrl.h">
      <Filter>EditorCtrl\ColorAnimCtrl</Filter>
    </ClInclude>
    <ClInclude Include="PathSetDlg\CPathSetDlg.h">
      <Filter>EditorDlg\PathSet</Filter>
    </ClInclude>
    <ClInclude Include="VideoSetDlg\CVideoSetDlg.h">
      <Filter>EditorDlg\VideoSet</Filter>
    </ClInclude>
    <ClInclude Include="FProcessDlg\CFProcessDlg.h">
      <Filter>EditorDlg\FProcess</Filter>
    </ClInclude>
    <ClInclude Include="CBaseComponent.h">
      <Filter>EditorComponent</Filter>
    </ClInclude>
    <ClInclude Include="CContextCom.h">
      <Filter>EditorComponent</Filter>
    </ClInclude>
    <ClInclude Include="CameraCom\CCameraBaseCom.h">
      <Filter>EditorComponent\CameraCom</Filter>
    </ClInclude>
    <ClInclude Include="CameraCom\CFPSCameraCom.h">
      <Filter>EditorComponent\CameraCom</Filter>
    </ClInclude>
    <ClInclude Include="CameraCom\CFREECameraCom.h">
      <Filter>EditorComponent\CameraCom</Filter>
    </ClInclude>
    <ClInclude Include="CameraCom\CRTSCameraCom.h">
      <Filter>EditorComponent\CameraCom</Filter>
    </ClInclude>
    <ClInclude Include="BoundingBoxPropCom\CBoundingBoxPropCom.h">
      <Filter>EditorComponent\BoundingBoxCom</Filter>
    </ClInclude>
    <ClInclude Include="SkeletonPropCom\CSkeletonPropCom.h">
      <Filter>EditorComponent\SkeletonCom</Filter>
    </ClInclude>
    <ClInclude Include="SkeletonPropCom\SaveControl.h">
      <Filter>EditorComponent\SkeletonCom</Filter>
    </ClInclude>
    <ClInclude Include="SkeletonPropCom\SizeControl.h">
      <Filter>EditorComponent\SkeletonCom</Filter>
    </ClInclude>
    <ClInclude Include="BasicPanelCtrl\CBasicPanel.h">
      <Filter>MapEditor\BasicView</Filter>
    </ClInclude>
    <ClInclude Include="GridPanelCtrl\CGridPanel.h">
      <Filter>MapEditor\GridView</Filter>
    </ClInclude>
    <ClInclude Include="RecordCtrl\CRecordPanel.h">
      <Filter>MapEditor\RecordView</Filter>
    </ClInclude>
    <ClInclude Include="SetViewCtrl\CSetViewCtrl.h">
      <Filter>MapEditor\SetView</Filter>
    </ClInclude>
    <ClInclude Include="TileViewCtrl\CTileViewCtrl.h">
      <Filter>MapEditor\TileView</Filter>
    </ClInclude>
    <ClInclude Include="TextureViewCtrl\CTextureViewCltr.h">
      <Filter>MapEditor\TextureView</Filter>
    </ClInclude>
    <ClInclude Include="NewMapDlg\CNewMapDlg.h">
      <Filter>MapEditor\NewDlg</Filter>
    </ClInclude>
    <ClInclude Include="NewMapCtrl\CNewMapCtrl.h">
      <Filter>MapEditor\NewMapView</Filter>
    </ClInclude>
    <ClInclude Include="ExMapCtrl\CExMapCtrl.h">
      <Filter>MapEditor\ExternMapView</Filter>
    </ClInclude>
    <ClInclude Include="BlockViewCtrl\CBlockViewCtrl.h">
      <Filter>MapEditor\BlockView</Filter>
    </ClInclude>
    <ClInclude Include="AudioView\AudioViewCtrl.h">
      <Filter>MapEditor\AudioView</Filter>
    </ClInclude>
    <ClInclude Include="AudioView\CueListCtrl.h">
      <Filter>MapEditor\AudioView\CueList</Filter>
    </ClInclude>
    <ClInclude Include="AudioView\AmbientAudioCtrl.h">
      <Filter>MapEditor\AudioView\AmbientAudio</Filter>
    </ClInclude>
    <ClInclude Include="LightEffect\CLightEffectPanel.h">
      <Filter>MapEditor\LightEffectView</Filter>
    </ClInclude>
    <ClInclude Include="EditorUIHelper.h">
      <Filter>Helper</Filter>
    </ClInclude>
    <ClInclude Include="BasicPropSet\CAudioProp.h">
      <Filter>Helper\BasicProp</Filter>
    </ClInclude>
    <ClInclude Include="BasicPropSet\CBaseProp.h">
      <Filter>Helper\BasicProp</Filter>
    </ClInclude>
    <ClInclude Include="BasicPropSet\CLightProp.h">
      <Filter>Helper\BasicProp</Filter>
    </ClInclude>
    <ClInclude Include="BasicPropSet\CModelProp.h">
      <Filter>Helper\BasicProp</Filter>
    </ClInclude>
    <ClInclude Include="BasicPropSet\CPropChinese.h">
      <Filter>Helper\BasicProp</Filter>
    </ClInclude>
    <ClInclude Include="BasicPropSet\CSceneProp.h">
      <Filter>Helper\BasicProp</Filter>
    </ClInclude>
    <ClInclude Include="ClrCmd.h">
      <Filter>Utility</Filter>
    </ClInclude>
    <ClInclude Include="ClrMsgDefine.h">
      <Filter>Utility</Filter>
    </ClInclude>
    <ClInclude Include="..\..\tdk\inc\dthelp.h">
      <Filter>Utility</Filter>
    </ClInclude>
    <ClInclude Include="OpenDirectoryDialog\OpenDirectoryDialog.h">
      <Filter>Utility</Filter>
    </ClInclude>
    <ClInclude Include="TestCtrl\CTestUI.h">
      <Filter>TEST\UITest</Filter>
    </ClInclude>
    <ClInclude Include="BasicPropSet\TestProp.h">
      <Filter>TEST\UITest</Filter>
    </ClInclude>
    <ClInclude Include="resource.h" />
    <ClInclude Include="Stdafx.h" />
  </ItemGroup>
  <ItemGroup>
    <Text Include="ReadMe.txt" />
  </ItemGroup>
  <ItemGroup>
    <EmbeddedResource Include="AnimationGroupEditCtrl\CAnimationGroupEditCtrl.resx">
      <Filter>Resource Files</Filter>
    </EmbeddedResource>
    <EmbeddedResource Include="AudioView\AmbientAudioCtrl.resx">
      <Filter>Resource Files</Filter>
    </EmbeddedResource>
    <EmbeddedResource Include="AudioView\AudioViewCtrl.resx">
      <Filter>Resource Files</Filter>
    </EmbeddedResource>
    <EmbeddedResource Include="AudioView\CueListCtrl.resx">
      <Filter>Resource Files</Filter>
    </EmbeddedResource>
    <EmbeddedResource Include="AutoPropToCtrl\AutoDataUintCtrl.resx">
      <Filter>Resource Files</Filter>
    </EmbeddedResource>
    <EmbeddedResource Include="AutoPropToCtrl\AutoPropToCtrl.resx">
      <Filter>Resource Files</Filter>
    </EmbeddedResource>
    <EmbeddedResource Include="BaseDataCtrl\BoolEditCtrl.resx">
      <Filter>Resource Files</Filter>
    </EmbeddedResource>
    <EmbeddedResource Include="BaseDataCtrl\ComBoEditCtrl.resx">
      <Filter>Resource Files</Filter>
    </EmbeddedResource>
    <EmbeddedResource Include="BaseDataCtrl\CueListDialog.resx">
      <Filter>Resource Files</Filter>
    </EmbeddedResource>
    <EmbeddedResource Include="BaseDataCtrl\EStrMapEditCtrl.resx">
      <Filter>Resource Files</Filter>
    </EmbeddedResource>
    <EmbeddedResource Include="BaseDataCtrl\MaxMinNumEditDialog.resx">
      <Filter>Resource Files</Filter>
    </EmbeddedResource>
    <EmbeddedResource Include="BaseDataCtrl\NumEditCtrl.resx">
      <Filter>Resource Files</Filter>
    </EmbeddedResource>
    <EmbeddedResource Include="BaseDataCtrl\NumMapEditCtrl.resx">
      <Filter>Resource Files</Filter>
    </EmbeddedResource>
    <EmbeddedResource Include="BaseDataCtrl\SingleStringEditCtrl.resx">
      <Filter>Resource Files</Filter>
    </EmbeddedResource>
    <EmbeddedResource Include="BaseDataCtrl\Vector3EditCtrl.resx">
      <Filter>Resource Files</Filter>
    </EmbeddedResource>
    <EmbeddedResource Include="BaseDataCtrl\Vector3EditDialog.resx">
      <Filter>Resource Files</Filter>
    </EmbeddedResource>
    <EmbeddedResource Include="BaseDataCtrl\Vector3MapCtrl.resx">
      <Filter>Resource Files</Filter>
    </EmbeddedResource>
    <EmbeddedResource Include="BasicPanelCtrl\CBasicPanel.resx">
      <Filter>Resource Files</Filter>
    </EmbeddedResource>
    <EmbeddedResource Include="BlockViewCtrl\CBlockViewCtrl.resx">
      <Filter>Resource Files</Filter>
    </EmbeddedResource>
    <EmbeddedResource Include="BoneBoxEditCtrl\CBoneBoxEditCtrl.resx">
      <Filter>Resource Files</Filter>
    </EmbeddedResource>
    <EmbeddedResource Include="BoneBoxListCtrl\CBoneBoxListCtrl.resx">
      <Filter>Resource Files</Filter>
    </EmbeddedResource>
    <EmbeddedResource Include="BoneListCtrl\CBoneListCtrl.resx">
      <Filter>Resource Files</Filter>
    </EmbeddedResource>
    <EmbeddedResource Include="CEfxEditProp.resx">
      <Filter>Resource Files</Filter>
    </EmbeddedResource>
    <EmbeddedResource Include="CEfxFileCtrl.resx">
      <Filter>Resource Files</Filter>
    </EmbeddedResource>
    <EmbeddedResource Include="ColorAnimCtrl\CColorAnimCtrl.resx">
      <Filter>Resource Files</Filter>
    </EmbeddedResource>
    <EmbeddedResource Include="ColorCtrl\CColorCtrl.resx">
      <Filter>Resource Files</Filter>
    </EmbeddedResource>
    <EmbeddedResource Include="EffectKeyUint\CEfxKeyUintCtrl.resx">
      <Filter>Resource Files</Filter>
    </EmbeddedResource>
    <EmbeddedResource Include="EffectTrack\CEfxTrackCtrl.resx">
      <Filter>Resource Files</Filter>
    </EmbeddedResource>
    <EmbeddedResource Include="ExMapCtrl\CExMapCtrl.resx">
      <Filter>Resource Files</Filter>
    </EmbeddedResource>
    <EmbeddedResource Include="FogParameterCtrl\CFogParameterCtrl.resx">
      <Filter>Resource Files</Filter>
    </EmbeddedResource>
    <EmbeddedResource Include="FProcessCtrl\CFProcessCtrl.resx">
      <Filter>Resource Files</Filter>
    </EmbeddedResource>
    <EmbeddedResource Include="FProcessDlg\CFProcessDlg.resx">
      <Filter>Resource Files</Filter>
    </EmbeddedResource>
    <EmbeddedResource Include="FrameScaleCtrl\CFrameScaleCtrl.resx">
      <Filter>Resource Files</Filter>
    </EmbeddedResource>
    <EmbeddedResource Include="GridPanelCtrl\CGridPanel.resx">
      <Filter>Resource Files</Filter>
    </EmbeddedResource>
    <EmbeddedResource Include="GroundSpeedCtrl\CGroundSpeedCtrl.resx">
      <Filter>Resource Files</Filter>
    </EmbeddedResource>
    <EmbeddedResource Include="HDRSettingCtrl\CHDRSettingCtrl.resx">
      <Filter>Resource Files</Filter>
    </EmbeddedResource>
    <EmbeddedResource Include="KeyFrameCtrl\CKeyFrameCtrl.resx">
      <Filter>Resource Files</Filter>
    </EmbeddedResource>
    <EmbeddedResource Include="LightEffect\CLightEffectPanel.resx">
      <Filter>Resource Files</Filter>
    </EmbeddedResource>
    <EmbeddedResource Include="LightParameterCtrl\CLightParameterCtrl.resx">
      <Filter>Resource Files</Filter>
    </EmbeddedResource>
    <EmbeddedResource Include="LightViewCtrl\CLightView.resx">
      <Filter>Resource Files</Filter>
    </EmbeddedResource>
    <EmbeddedResource Include="LogCtrl\CLogCtrl.resx">
      <Filter>Resource Files</Filter>
    </EmbeddedResource>
    <EmbeddedResource Include="MapEffectCtrl\CMapEffectCtrl.resx">
      <Filter>Resource Files</Filter>
    </EmbeddedResource>
    <EmbeddedResource Include="NewMapCtrl\CNewMapCtrl.resx">
      <Filter>Resource Files</Filter>
    </EmbeddedResource>
    <EmbeddedResource Include="NewMapDlg\CNewMapDlg.resx">
      <Filter>Resource Files</Filter>
    </EmbeddedResource>
    <EmbeddedResource Include="PathSetCtrl\CPathSetCtrl.resx">
      <Filter>Resource Files</Filter>
    </EmbeddedResource>
    <EmbeddedResource Include="PathSetDlg\CPathSetDlg.resx">
      <Filter>Resource Files</Filter>
    </EmbeddedResource>
    <EmbeddedResource Include="PickColorCtrl\CPowerColorPickerCtrl.resx">
      <Filter>Resource Files</Filter>
    </EmbeddedResource>
    <EmbeddedResource Include="PieceGroupEditCtrl\CPieceGroupEditCtrl.resx">
      <Filter>Resource Files</Filter>
    </EmbeddedResource>
    <EmbeddedResource Include="PieceUnitEditCtrl\CPieceUnitEditCtrl.resx">
      <Filter>Resource Files</Filter>
    </EmbeddedResource>
    <EmbeddedResource Include="PortraitViewCtrl\CPortraitViewCtrl.resx">
      <Filter>Resource Files</Filter>
    </EmbeddedResource>
    <EmbeddedResource Include="ProcessCtrlEx\CProcessCtrlEx.resx">
      <Filter>Resource Files</Filter>
    </EmbeddedResource>
    <EmbeddedResource Include="PropCtrl\CPropCtrl.resx">
      <Filter>Resource Files</Filter>
    </EmbeddedResource>
    <EmbeddedResource Include="ReadPkgViewCtrl\CReadPkgCtrl.resx">
      <Filter>Resource Files</Filter>
    </EmbeddedResource>
    <EmbeddedResource Include="RecordCtrl\CRecordPanel.resx">
      <Filter>Resource Files</Filter>
    </EmbeddedResource>
    <EmbeddedResource Include="SceneStateCtrl\CSceneStateCtrl.resx">
      <Filter>Resource Files</Filter>
    </EmbeddedResource>
    <EmbeddedResource Include="SetViewCtrl\CSetViewCtrl.resx">
      <Filter>Resource Files</Filter>
    </EmbeddedResource>
    <EmbeddedResource Include="SkeletonPropCom\SaveControl.resx">
      <Filter>Resource Files</Filter>
    </EmbeddedResource>
    <EmbeddedResource Include="SkeletonPropCom\SizeControl.resx">
      <Filter>Resource Files</Filter>
    </EmbeddedResource>
    <EmbeddedResource Include="TestCtrl\CTestUI.resx">
      <Filter>Resource Files</Filter>
    </EmbeddedResource>
    <EmbeddedResource Include="TextureViewCtrl\CTextureViewCltr.resx">
      <Filter>Resource Files</Filter>
    </EmbeddedResource>
    <EmbeddedResource Include="TileViewCtrl\CTileViewCtrl.resx">
      <Filter>Resource Files</Filter>
    </EmbeddedResource>
    <EmbeddedResource Include="VideoSetCtrl\CVideoSettingCtrl.resx">
      <Filter>Resource Files</Filter>
    </EmbeddedResource>
    <EmbeddedResource Include="VideoSetDlg\CVideoSetDlg.resx">
      <Filter>Resource Files</Filter>
    </EmbeddedResource>
    <EmbeddedResource Include="ViewCtrl\CViewCtrl.resx">
      <Filter>Resource Files</Filter>
    </EmbeddedResource>
  </ItemGroup>
</Project>